{
  "version": 4,
  "terraform_version": "1.0.8",
  "serial": 19,
  "lineage": "455840e5-acd1-d9d0-d425-e3c6f7e3174e",
  "outputs": {
    "app_instance_ip": {
      "value": "3.104.53.237",
      "type": "string"
    },
    "nginx_ip": {
      "value": "52.65.117.163",
      "type": "string"
    },
    "ssh_key_path": {
      "value": "C:\\Users\\Andy\\.ssh\\p3_uat.pem",
      "type": "string"
    }
  },
  "resources": [
    {
      "mode": "managed",
      "type": "aws_internet_gateway",
      "name": "igw",
      "provider": "provider[\"registry.terraform.io/hashicorp/aws\"]",
      "instances": [
        {
          "schema_version": 0,
          "attributes": {
            "arn": "arn:aws:ec2:ap-southeast-2:915507324179:internet-gateway/igw-00edb2524084442cb",
            "id": "igw-00edb2524084442cb",
            "owner_id": "915507324179",
            "tags": {
              "Project": "Public UAT"
            },
            "tags_all": {
              "Project": "Public UAT"
            },
            "vpc_id": "vpc-07e3476b1b4132225"
          },
          "sensitive_attributes": [],
          "private": "bnVsbA==",
          "dependencies": [
            "aws_vpc.main"
          ]
        }
      ]
    },
    {
      "mode": "managed",
      "type": "aws_key_pair",
      "name": "key_pair",
      "provider": "provider[\"registry.terraform.io/hashicorp/aws\"]",
      "instances": [
        {
          "schema_version": 1,
          "attributes": {
            "arn": "arn:aws:ec2:ap-southeast-2:915507324179:key-pair/p3_uat",
            "fingerprint": "55:39:a8:86:0b:a6:5f:21:5e:61:8b:c5:5b:c9:d2:54",
            "id": "p3_uat",
            "key_name": "p3_uat",
            "key_name_prefix": null,
            "key_pair_id": "key-048d8ce1849ec834e",
            "public_key": "ssh-rsa AAAAB3NzaC1yc2EAAAADAQABAAACAQDQpFlt8nFv7pZWEJo3bX8s5Hsn9zjOUbS1NQsPxkbkXMB9ApnT4eXxp3bvvxJS/r7G160vzuSTu7CsIaK7A+VBwJ21f3ALNBLTtz8PjFKpHaQuDsRcoHLZ63IQ4nu+2O3pnPIgsO8bOyyhvWCvOsaIpyiH53msFFZiP+HjpksYh9SP8171V1VmiZm4/vQdVeyFgsKKJ64LOelD/qxULHX9+ut/23MNscA40hzBbEZphLUwjXOx4iksfYQAd/f5c+uR2wk3M8keFFzb0l6Xz48Naw0RZUcp41Lmj85UF9GqwniPRTz6PvSbX0M91xNKtXkVDc5TQuBSrmbS71rsObLc742dZlQ+a9L/hTG7jJ0xHq4VfCMrGK9TApsRyyInjBCbDqrvbUXzS0D1QMY9XBahBlq3DvqGC7NSKjllDnOk77TTcyC5PgJiMGBAOjCQUiHmd8BGXAZ7bMQvfhtcL7sE59S8nm7AVnjU+VDhcD9pO4mYtZ2qwwCSBBf3V0l6km0Ln+JleTAGUfMj4NyF/LsN9RUa9g6xkEH2YwzHBCLuqVcMwemxp3PH9936lA4FyoILI1vH1l4MUGuOIkiHJJ+Cn2+ZrU+5JBOAUpnWstvJW/27ZXeZqGEvxocP+YsgEChfcSO+/C73G+d4Tm2PBtiPobjgHxT64FilcLUovUdf8Q==",
            "tags": null,
            "tags_all": {}
          },
          "sensitive_attributes": [],
          "private": "eyJzY2hlbWFfdmVyc2lvbiI6IjEifQ==",
          "dependencies": [
            "tls_private_key.rsa_key"
          ]
        }
      ]
    },
    {
      "mode": "managed",
      "type": "aws_route_table",
      "name": "pub_rt",
      "provider": "provider[\"registry.terraform.io/hashicorp/aws\"]",
      "instances": [
        {
          "schema_version": 0,
          "attributes": {
            "arn": "arn:aws:ec2:ap-southeast-2:915507324179:route-table/rtb-03c2b70ffe0c158e9",
            "id": "rtb-03c2b70ffe0c158e9",
            "owner_id": "915507324179",
            "propagating_vgws": [],
            "route": [
              {
                "carrier_gateway_id": "",
                "cidr_block": "0.0.0.0/0",
                "destination_prefix_list_id": "",
                "egress_only_gateway_id": "",
                "gateway_id": "igw-00edb2524084442cb",
                "instance_id": "",
                "ipv6_cidr_block": "",
                "local_gateway_id": "",
                "nat_gateway_id": "",
                "network_interface_id": "",
                "transit_gateway_id": "",
                "vpc_endpoint_id": "",
                "vpc_peering_connection_id": ""
              }
            ],
            "tags": {
              "Project": "Public UAT"
            },
            "tags_all": {
              "Project": "Public UAT"
            },
            "timeouts": null,
            "vpc_id": "vpc-07e3476b1b4132225"
          },
          "sensitive_attributes": [],
          "private": "eyJlMmJmYjczMC1lY2FhLTExZTYtOGY4OC0zNDM2M2JjN2M0YzAiOnsiY3JlYXRlIjoxMjAwMDAwMDAwMDAsImRlbGV0ZSI6MzAwMDAwMDAwMDAwLCJ1cGRhdGUiOjEyMDAwMDAwMDAwMH19",
          "dependencies": [
            "aws_internet_gateway.igw",
            "aws_vpc.main"
          ]
        }
      ]
    },
    {
      "mode": "managed",
      "type": "aws_route_table_association",
      "name": "rt_assoc",
      "provider": "provider[\"registry.terraform.io/hashicorp/aws\"]",
      "instances": [
        {
          "schema_version": 0,
          "attributes": {
            "gateway_id": "",
            "id": "rtbassoc-0e34e9ed0cc3243c1",
            "route_table_id": "rtb-03c2b70ffe0c158e9",
            "subnet_id": "subnet-0b16ddca67dd8325e"
          },
          "sensitive_attributes": [],
          "private": "bnVsbA==",
          "dependencies": [
            "aws_internet_gateway.igw",
            "aws_route_table.pub_rt",
            "aws_subnet.pub_sub",
            "aws_vpc.main"
          ]
        }
      ]
    },
    {
      "mode": "managed",
      "type": "aws_security_group",
      "name": "app_sg",
      "provider": "provider[\"registry.terraform.io/hashicorp/aws\"]",
      "instances": [
        {
          "schema_version": 1,
          "attributes": {
            "arn": "arn:aws:ec2:ap-southeast-2:915507324179:security-group/sg-0fa15fa8ffdb2a2d5",
            "description": "Managed by Terraform",
            "egress": [],
            "id": "sg-0fa15fa8ffdb2a2d5",
            "ingress": [],
            "name": "terraform-20211026061030376300000001",
            "name_prefix": "terraform-",
            "owner_id": "915507324179",
            "revoke_rules_on_delete": false,
            "tags": {
              "Project": "Public UAT"
            },
            "tags_all": {
              "Project": "Public UAT"
            },
            "timeouts": null,
            "vpc_id": "vpc-07e3476b1b4132225"
          },
          "sensitive_attributes": [],
          "private": "eyJlMmJmYjczMC1lY2FhLTExZTYtOGY4OC0zNDM2M2JjN2M0YzAiOnsiY3JlYXRlIjo2MDAwMDAwMDAwMDAsImRlbGV0ZSI6OTAwMDAwMDAwMDAwfSwic2NoZW1hX3ZlcnNpb24iOiIxIn0=",
          "dependencies": [
            "aws_vpc.main"
          ]
        }
      ]
    },
    {
      "mode": "managed",
      "type": "aws_security_group",
      "name": "general_sg",
      "provider": "provider[\"registry.terraform.io/hashicorp/aws\"]",
      "instances": [
        {
          "schema_version": 1,
          "attributes": {
            "arn": "arn:aws:ec2:ap-southeast-2:915507324179:security-group/sg-0b3aad8e7dd76555e",
            "description": "Managed by Terraform",
            "egress": [],
            "id": "sg-0b3aad8e7dd76555e",
            "ingress": [],
            "name": "terraform-20211026061030379100000003",
            "name_prefix": "terraform-",
            "owner_id": "915507324179",
            "revoke_rules_on_delete": false,
            "tags": {
              "Project": "Public UAT"
            },
            "tags_all": {
              "Project": "Public UAT"
            },
            "timeouts": null,
            "vpc_id": "vpc-07e3476b1b4132225"
          },
          "sensitive_attributes": [],
          "private": "eyJlMmJmYjczMC1lY2FhLTExZTYtOGY4OC0zNDM2M2JjN2M0YzAiOnsiY3JlYXRlIjo2MDAwMDAwMDAwMDAsImRlbGV0ZSI6OTAwMDAwMDAwMDAwfSwic2NoZW1hX3ZlcnNpb24iOiIxIn0=",
          "dependencies": [
            "aws_vpc.main"
          ]
        }
      ]
    },
    {
      "mode": "managed",
      "type": "aws_security_group",
      "name": "nginx_sg",
      "provider": "provider[\"registry.terraform.io/hashicorp/aws\"]",
      "instances": [
        {
          "schema_version": 1,
          "attributes": {
            "arn": "arn:aws:ec2:ap-southeast-2:915507324179:security-group/sg-038db4f4bdb911f1c",
            "description": "Managed by Terraform",
            "egress": [],
            "id": "sg-038db4f4bdb911f1c",
            "ingress": [],
            "name": "terraform-20211026061030379100000002",
            "name_prefix": "terraform-",
            "owner_id": "915507324179",
            "revoke_rules_on_delete": false,
            "tags": {
              "Project": "Public UAT"
            },
            "tags_all": {
              "Project": "Public UAT"
            },
            "timeouts": null,
            "vpc_id": "vpc-07e3476b1b4132225"
          },
          "sensitive_attributes": [],
          "private": "eyJlMmJmYjczMC1lY2FhLTExZTYtOGY4OC0zNDM2M2JjN2M0YzAiOnsiY3JlYXRlIjo2MDAwMDAwMDAwMDAsImRlbGV0ZSI6OTAwMDAwMDAwMDAwfSwic2NoZW1hX3ZlcnNpb24iOiIxIn0=",
          "dependencies": [
            "aws_vpc.main"
          ]
        }
      ]
    },
    {
      "mode": "managed",
      "type": "aws_security_group_rule",
      "name": "in_ssh_app_from_anywhere",
      "provider": "provider[\"registry.terraform.io/hashicorp/aws\"]",
      "instances": [
        {
          "schema_version": 2,
          "attributes": {
            "cidr_blocks": [
              "0.0.0.0/0"
            ],
            "description": null,
            "from_port": 22,
            "id": "sgrule-2534562416",
            "ipv6_cidr_blocks": null,
            "prefix_list_ids": null,
            "protocol": "tcp",
            "security_group_id": "sg-0fa15fa8ffdb2a2d5",
            "self": false,
            "source_security_group_id": null,
            "to_port": 22,
            "type": "ingress"
          },
          "sensitive_attributes": [],
          "private": "eyJzY2hlbWFfdmVyc2lvbiI6IjIifQ==",
          "dependencies": [
            "aws_security_group.app_sg",
            "aws_vpc.main"
          ]
        }
      ]
    },
    {
      "mode": "managed",
      "type": "aws_security_group_rule",
      "name": "in_ssh_bastion_from_anywhere",
      "provider": "provider[\"registry.terraform.io/hashicorp/aws\"]",
      "instances": [
        {
          "schema_version": 2,
          "attributes": {
            "cidr_blocks": [
              "0.0.0.0/0"
            ],
            "description": null,
            "from_port": 22,
            "id": "sgrule-2239925450",
            "ipv6_cidr_blocks": null,
            "prefix_list_ids": null,
            "protocol": "tcp",
            "security_group_id": "sg-038db4f4bdb911f1c",
            "self": false,
            "source_security_group_id": null,
            "to_port": 22,
            "type": "ingress"
          },
          "sensitive_attributes": [],
          "private": "eyJzY2hlbWFfdmVyc2lvbiI6IjIifQ==",
          "dependencies": [
            "aws_security_group.nginx_sg",
            "aws_vpc.main"
          ]
        }
      ]
    },
    {
      "mode": "managed",
      "type": "aws_security_group_rule",
      "name": "out_http",
      "provider": "provider[\"registry.terraform.io/hashicorp/aws\"]",
      "instances": [
        {
          "schema_version": 2,
          "attributes": {
            "cidr_blocks": [
              "0.0.0.0/0"
            ],
            "description": null,
            "from_port": 80,
            "id": "sgrule-2280192238",
            "ipv6_cidr_blocks": null,
            "prefix_list_ids": null,
            "protocol": "tcp",
            "security_group_id": "sg-0b3aad8e7dd76555e",
            "self": false,
            "source_security_group_id": null,
            "to_port": 80,
            "type": "egress"
          },
          "sensitive_attributes": [],
          "private": "eyJzY2hlbWFfdmVyc2lvbiI6IjIifQ==",
          "dependencies": [
            "aws_security_group.general_sg",
            "aws_vpc.main"
          ]
        }
      ]
    },
    {
      "mode": "managed",
      "type": "aws_security_group_rule",
      "name": "out_http_app_to_anywhere",
      "provider": "provider[\"registry.terraform.io/hashicorp/aws\"]",
      "instances": [
        {
          "schema_version": 2,
          "attributes": {
            "cidr_blocks": [
              "0.0.0.0/0"
            ],
            "description": null,
            "from_port": 80,
            "id": "sgrule-639952226",
            "ipv6_cidr_blocks": null,
            "prefix_list_ids": null,
            "protocol": "tcp",
            "security_group_id": "sg-0fa15fa8ffdb2a2d5",
            "self": false,
            "source_security_group_id": null,
            "to_port": 80,
            "type": "egress"
          },
          "sensitive_attributes": [],
          "private": "eyJzY2hlbWFfdmVyc2lvbiI6IjIifQ==",
          "dependencies": [
            "aws_security_group.app_sg",
            "aws_vpc.main"
          ]
        }
      ]
    },
    {
      "mode": "managed",
      "type": "aws_security_group_rule",
      "name": "out_ssh_bastion_to_anywhere",
      "provider": "provider[\"registry.terraform.io/hashicorp/aws\"]",
      "instances": [
        {
          "schema_version": 2,
          "attributes": {
            "cidr_blocks": [
              "0.0.0.0/0"
            ],
            "description": null,
            "from_port": 22,
            "id": "sgrule-3983247108",
            "ipv6_cidr_blocks": null,
            "prefix_list_ids": null,
            "protocol": "tcp",
            "security_group_id": "sg-038db4f4bdb911f1c",
            "self": false,
            "source_security_group_id": null,
            "to_port": 22,
            "type": "egress"
          },
          "sensitive_attributes": [],
          "private": "eyJzY2hlbWFfdmVyc2lvbiI6IjIifQ==",
          "dependencies": [
            "aws_security_group.nginx_sg",
            "aws_vpc.main"
          ]
        }
      ]
    },
    {
      "mode": "managed",
      "type": "aws_subnet",
      "name": "pub_sub",
      "provider": "provider[\"registry.terraform.io/hashicorp/aws\"]",
      "instances": [
        {
          "schema_version": 1,
          "attributes": {
            "arn": "arn:aws:ec2:ap-southeast-2:915507324179:subnet/subnet-0b16ddca67dd8325e",
            "assign_ipv6_address_on_creation": false,
            "availability_zone": "ap-southeast-2a",
            "availability_zone_id": "apse2-az3",
            "cidr_block": "172.16.1.0/24",
            "customer_owned_ipv4_pool": "",
            "id": "subnet-0b16ddca67dd8325e",
            "ipv6_cidr_block": "",
            "ipv6_cidr_block_association_id": "",
            "map_customer_owned_ip_on_launch": false,
            "map_public_ip_on_launch": true,
            "outpost_arn": "",
            "owner_id": "915507324179",
            "tags": {
              "Project": "Public UAT"
            },
            "tags_all": {
              "Project": "Public UAT"
            },
            "timeouts": null,
            "vpc_id": "vpc-07e3476b1b4132225"
          },
          "sensitive_attributes": [],
          "private": "eyJlMmJmYjczMC1lY2FhLTExZTYtOGY4OC0zNDM2M2JjN2M0YzAiOnsiY3JlYXRlIjo2MDAwMDAwMDAwMDAsImRlbGV0ZSI6MTIwMDAwMDAwMDAwMH0sInNjaGVtYV92ZXJzaW9uIjoiMSJ9",
          "dependencies": [
            "aws_vpc.main"
          ]
        }
      ]
    },
    {
      "mode": "managed",
      "type": "aws_vpc",
      "name": "main",
      "provider": "provider[\"registry.terraform.io/hashicorp/aws\"]",
      "instances": [
        {
          "schema_version": 1,
          "attributes": {
            "arn": "arn:aws:ec2:ap-southeast-2:915507324179:vpc/vpc-07e3476b1b4132225",
            "assign_generated_ipv6_cidr_block": false,
            "cidr_block": "172.16.0.0/16",
            "default_network_acl_id": "acl-0564eb8e962c0424e",
            "default_route_table_id": "rtb-0628e09bce534d113",
            "default_security_group_id": "sg-0470ec64dbb97d60c",
            "dhcp_options_id": "dopt-71919c16",
            "enable_classiclink": false,
            "enable_classiclink_dns_support": false,
            "enable_dns_hostnames": false,
            "enable_dns_support": true,
            "id": "vpc-07e3476b1b4132225",
            "instance_tenancy": "default",
            "ipv6_association_id": "",
            "ipv6_cidr_block": "",
            "main_route_table_id": "rtb-0628e09bce534d113",
            "owner_id": "915507324179",
            "tags": {
              "Project": "Public UAT"
            },
            "tags_all": {
              "Project": "Public UAT"
            }
          },
          "sensitive_attributes": [],
          "private": "eyJzY2hlbWFfdmVyc2lvbiI6IjEifQ=="
        }
      ]
    },
    {
      "mode": "managed",
      "type": "local_file",
      "name": "my_key_file",
      "provider": "provider[\"registry.terraform.io/hashicorp/local\"]",
      "instances": [
        {
          "schema_version": 0,
          "attributes": {
            "content": "-----BEGIN RSA PRIVATE KEY-----\nMIIJKAIBAAKCAgEA0KRZbfJxb+6WVhCaN21/LOR7J/c4zlG0tTULD8ZG5FzAfQKZ\n0+Hl8ad2778SUv6+xtetL87kk7uwrCGiuwPlQcCdtX9wCzQS07c/D4xSqR2kLg7E\nXKBy2etyEOJ7vtjt6ZzyILDvGzssob1grzrGiKcoh+d5rBRWYj/h46ZLGIfUj/Ne\n9VdVZomZuP70HVXshYLCiieuCznpQ/6sVCx1/frrf9tzDbHAONIcwWxGaYS1MI1z\nseIpLH2EAHf3+XPrkdsJNzPJHhRc29Jel8+PDWsNEWVHKeNS5o/OVBfRqsJ4j0U8\n+j70m19DPdcTSrV5FQ3OU0LgUq5m0u9a7Dmy3O+NnWZUPmvS/4Uxu4ydMR6uFXwj\nKxivUwKbEcsiJ4wQmw6q721F80tA9UDGPVwWoQZatw76hguzUio5ZQ5zpO+003Mg\nuT4CYjBgQDowkFIh5nfARlwGe2zEL34bXC+7BOfUvJ5uwFZ41PlQ4XA/aTuJmLWd\nqsMAkgQX91dJepJtC5/iZXkwBlHzI+Dchfy7DfUVGvYOsZBB9mMMxwQi7qlXDMHp\nsadzx/fd+pQOBcqCCyNbx9ZeDFBrjiJIhySfgp9vma1PuSQTgFKZ1rLbyVv9u2V3\nmahhL8aHD/mLIBAoX3Ejvvwu9xvneE5tjwbYj6G44B8U+uBYpXC1KL1HX/ECAwEA\nAQKCAgBg894yvzSDZQUrHS/sjc9JFys7mSAmj8U/Z1SqkeKjf45bCPheg1yM/NrB\n8bIcKxCP6e0qiCOjmtYwRrkN2nOQKGegzYVNT3doNoDxQq2utH10gZwxxsVYCpbI\nzdXfC4MSycGh+1ZA+zB0QEJLay6Slcq5zJC3rAOwSCs51C6VSZk3A0qfC2Q977cl\nRiQ99Y2hRPANrv6rbM++rvt5aeeyjAUfNuSx+mVuggSmxR+7LNXdp/2ZLZUgfXr3\nlMgAfSN8daJEqqXMen3kEE+wj9zTyWkbKkr1ZhNB3JVuclsV1KSdPvlk+BhGku/2\nLpliYA3SAMZd3nfLNAvH/T3tA6rfNDHVS36WROu4oXMPZik3i7Nhew76ajIs6Chn\n3vzi9sMqWydED6hwmh3qPssj3RNcHEFlckLOjdTcBivQnnkIPv8Zeuc/RFSrpyBo\njxxGtmjUz126V8KArVMj7z0auLdQwV7dQNzAoLDYLTLW1wfWmvWFyHIcWNOu4erz\nLJwxu3ZItCMMhdU9ka6PWMe/hl3Kj7aszt27bOzcrrJO/z/zdwslAc3whWIHUxem\nZR3rUljcPcFn4X836aonI1IcXL59i1pUZQ4AovI2XUCRpY1LaVabbt9xhBQsmX1U\n+jk1LcXqTYxOid9bbB4NNHmPLlbKz76sv9eBt8IEwXCFlwYJgQKCAQEA00D9p0h4\nrr4ChdJvO/YfQWCyGf1x7lAIRYhyJpZCQERT/v1n+FQOnE5bfkD18jppOmhv02XW\nR/keogOu7pjFk2Cwr2Ugb0kumL5WmwDAbmK+qfXX1ocIRcn53XhXv+tN1oGg+HtD\nZsiFaMScTc99SoqGtANGQCNUBn+TLJrA++X6ro5skEgKfAdoqq54CyY16iZiFke6\nlk2vRm+4ksm9yFO4wNyIqnpDRrVTRUW4/9yWAaGuxyJ2OFL27W0LzMqc4JNlBdu+\nEOLW14cNrAm0WGeL5I8Jg6HHy0o1/BIhCrWsCeOMe7Yzj8ow4cxgBwWsSjW2vp3o\nuYwtRxyUDO6N+QKCAQEA/NW7bMSTFmOBVWt/JR7cBiGmTymYNCKbd9iA4acQjpM5\naDKN3w8+ytW20n9WtfnMKv16S12JG5wgGvLKxHdwWWRbCP49PBq6v2SVjD/JAfZO\nYuTc7oib2ywqNXM0InU8bvSIrYzahJUVoRl1fNS2ztmBa9ct1HQrB53lgcrD0A8X\ntuhVtLkVJakC/RfXyl087+ejy6Gwhw6TTv3QPb5gt95KVD9KnkziYJHNNoC+Tjv0\nrlj1tmvXp4mc04EEjrMaN8ZeYyQ+LnPQ4FesnOmT1xnvxdCAYK+Y0uOOyu75AtU8\nmIFpRk1gnJhEKIibY4D4GbcBpShksGRuUKgshia/uQKCAQBlU0TWmbIYzlZTbY2g\nyvpO11xVjvS4g3aUM0/dJjD8tkk7grv9pgOkAQltUyckWdPjCfipAq12tAx3VSDw\nnCIYAEZ+uhiGiClrZdAQZJnn2EDvMFWoNfhH0QqhqXkdOnWJL3/P7v9zKzah+7uk\nrqK/wBW//doSJV/GBibHPCrYJ4THeNSll4g/2SXgx/IYFunBN0vQt/LM6NHrDOcQ\nsObwUQfKqXx7mEzwe0RHc5u6TUk92xkDtonRlimN08HXJk98f/Xyi2VsoADAO6zZ\nGYaA6Jl2tQyxMEWuQhgGoYNrqZus2pGlPM0aaLZtdyOP+q6aoYzXfNIFPTDybMiu\nMzWxAoIBABX4gLv37QwyA2gn2jmgj+AchnY0mBxXsYjdkH2LZf3tvzxVwExU59D6\nd1OdayyPE3Xc5warjyGOFKAi3wnpkyLBfMOwTCPv8rB1DiXM2SvJepBPcP9tcZW/\nJb/VTf98jo7ZwxLJvadtyR5htvrtBSG+duenID1pBuA3kV0RAKkQ1q+3StNUjgji\nwfa6Xq8gIQ5745jraQqjcpuXpMPoykDQGUdu5I4TAkz//oQw9diYjy+jXV7Hykqt\nw6oBeSLpX2rfWw5kdN7Wg50rIT3Vclprz5EyCCXevHn++kaaM5tSalyaSkqoqK+S\n78FR9abU6zpY09TFSNKnN4rcwlm5/kkCggEBAI7k93RlUIPDNAQvfxLABCnTIIBy\n8iyIG3s/xJincuZwlCl7CF9PlfMUCew6uIGvE1zqNlNFfWewe8IYksX4dnRXNp9h\n4cA1gY35BC57XyZYKJ6hb6gd1q4wzazxKFcQUCrpRfon3CLPAZ62je0KkuBFaOqe\nWCbNeKCdz9Dp+EStoFn9SCrEWPF7Shs9ued2NDlD4+rfXGmxPgmEJrsbqyIo/gHA\nBilE3EOLhCc/uk2SYQTBy06dn4QTaZlPtF2hFeG+/hhuQnu9Tgk6+oJ54jsSY7WW\niiR6E8kAG5EJ29TRsStzPqukQ6cYZGEGzLwEd2gWcubs23vA78O8tXzFWMs=\n-----END RSA PRIVATE KEY-----\n",
            "content_base64": null,
            "directory_permission": "0777",
            "file_permission": "0777",
            "filename": "C:\\Users\\Andy\\.ssh\\p3_uat.pem",
            "id": "915f43138317c94b60b0108edf8e4b92c0d8107f",
            "sensitive_content": null,
            "source": null
          },
          "sensitive_attributes": [
            [
              {
                "type": "get_attr",
                "value": "content"
              }
            ]
          ],
          "private": "bnVsbA==",
          "dependencies": [
            "tls_private_key.rsa_key"
          ]
        }
      ]
    },
    {
      "mode": "managed",
      "type": "tls_private_key",
      "name": "rsa_key",
      "provider": "provider[\"registry.terraform.io/hashicorp/tls\"]",
      "instances": [
        {
          "schema_version": 0,
          "attributes": {
            "algorithm": "RSA",
            "ecdsa_curve": "P224",
            "id": "b48b1e4555c18d41a5f7bf16e385cb46978d3ba2",
            "private_key_pem": "-----BEGIN RSA PRIVATE KEY-----\nMIIJKAIBAAKCAgEA0KRZbfJxb+6WVhCaN21/LOR7J/c4zlG0tTULD8ZG5FzAfQKZ\n0+Hl8ad2778SUv6+xtetL87kk7uwrCGiuwPlQcCdtX9wCzQS07c/D4xSqR2kLg7E\nXKBy2etyEOJ7vtjt6ZzyILDvGzssob1grzrGiKcoh+d5rBRWYj/h46ZLGIfUj/Ne\n9VdVZomZuP70HVXshYLCiieuCznpQ/6sVCx1/frrf9tzDbHAONIcwWxGaYS1MI1z\nseIpLH2EAHf3+XPrkdsJNzPJHhRc29Jel8+PDWsNEWVHKeNS5o/OVBfRqsJ4j0U8\n+j70m19DPdcTSrV5FQ3OU0LgUq5m0u9a7Dmy3O+NnWZUPmvS/4Uxu4ydMR6uFXwj\nKxivUwKbEcsiJ4wQmw6q721F80tA9UDGPVwWoQZatw76hguzUio5ZQ5zpO+003Mg\nuT4CYjBgQDowkFIh5nfARlwGe2zEL34bXC+7BOfUvJ5uwFZ41PlQ4XA/aTuJmLWd\nqsMAkgQX91dJepJtC5/iZXkwBlHzI+Dchfy7DfUVGvYOsZBB9mMMxwQi7qlXDMHp\nsadzx/fd+pQOBcqCCyNbx9ZeDFBrjiJIhySfgp9vma1PuSQTgFKZ1rLbyVv9u2V3\nmahhL8aHD/mLIBAoX3Ejvvwu9xvneE5tjwbYj6G44B8U+uBYpXC1KL1HX/ECAwEA\nAQKCAgBg894yvzSDZQUrHS/sjc9JFys7mSAmj8U/Z1SqkeKjf45bCPheg1yM/NrB\n8bIcKxCP6e0qiCOjmtYwRrkN2nOQKGegzYVNT3doNoDxQq2utH10gZwxxsVYCpbI\nzdXfC4MSycGh+1ZA+zB0QEJLay6Slcq5zJC3rAOwSCs51C6VSZk3A0qfC2Q977cl\nRiQ99Y2hRPANrv6rbM++rvt5aeeyjAUfNuSx+mVuggSmxR+7LNXdp/2ZLZUgfXr3\nlMgAfSN8daJEqqXMen3kEE+wj9zTyWkbKkr1ZhNB3JVuclsV1KSdPvlk+BhGku/2\nLpliYA3SAMZd3nfLNAvH/T3tA6rfNDHVS36WROu4oXMPZik3i7Nhew76ajIs6Chn\n3vzi9sMqWydED6hwmh3qPssj3RNcHEFlckLOjdTcBivQnnkIPv8Zeuc/RFSrpyBo\njxxGtmjUz126V8KArVMj7z0auLdQwV7dQNzAoLDYLTLW1wfWmvWFyHIcWNOu4erz\nLJwxu3ZItCMMhdU9ka6PWMe/hl3Kj7aszt27bOzcrrJO/z/zdwslAc3whWIHUxem\nZR3rUljcPcFn4X836aonI1IcXL59i1pUZQ4AovI2XUCRpY1LaVabbt9xhBQsmX1U\n+jk1LcXqTYxOid9bbB4NNHmPLlbKz76sv9eBt8IEwXCFlwYJgQKCAQEA00D9p0h4\nrr4ChdJvO/YfQWCyGf1x7lAIRYhyJpZCQERT/v1n+FQOnE5bfkD18jppOmhv02XW\nR/keogOu7pjFk2Cwr2Ugb0kumL5WmwDAbmK+qfXX1ocIRcn53XhXv+tN1oGg+HtD\nZsiFaMScTc99SoqGtANGQCNUBn+TLJrA++X6ro5skEgKfAdoqq54CyY16iZiFke6\nlk2vRm+4ksm9yFO4wNyIqnpDRrVTRUW4/9yWAaGuxyJ2OFL27W0LzMqc4JNlBdu+\nEOLW14cNrAm0WGeL5I8Jg6HHy0o1/BIhCrWsCeOMe7Yzj8ow4cxgBwWsSjW2vp3o\nuYwtRxyUDO6N+QKCAQEA/NW7bMSTFmOBVWt/JR7cBiGmTymYNCKbd9iA4acQjpM5\naDKN3w8+ytW20n9WtfnMKv16S12JG5wgGvLKxHdwWWRbCP49PBq6v2SVjD/JAfZO\nYuTc7oib2ywqNXM0InU8bvSIrYzahJUVoRl1fNS2ztmBa9ct1HQrB53lgcrD0A8X\ntuhVtLkVJakC/RfXyl087+ejy6Gwhw6TTv3QPb5gt95KVD9KnkziYJHNNoC+Tjv0\nrlj1tmvXp4mc04EEjrMaN8ZeYyQ+LnPQ4FesnOmT1xnvxdCAYK+Y0uOOyu75AtU8\nmIFpRk1gnJhEKIibY4D4GbcBpShksGRuUKgshia/uQKCAQBlU0TWmbIYzlZTbY2g\nyvpO11xVjvS4g3aUM0/dJjD8tkk7grv9pgOkAQltUyckWdPjCfipAq12tAx3VSDw\nnCIYAEZ+uhiGiClrZdAQZJnn2EDvMFWoNfhH0QqhqXkdOnWJL3/P7v9zKzah+7uk\nrqK/wBW//doSJV/GBibHPCrYJ4THeNSll4g/2SXgx/IYFunBN0vQt/LM6NHrDOcQ\nsObwUQfKqXx7mEzwe0RHc5u6TUk92xkDtonRlimN08HXJk98f/Xyi2VsoADAO6zZ\nGYaA6Jl2tQyxMEWuQhgGoYNrqZus2pGlPM0aaLZtdyOP+q6aoYzXfNIFPTDybMiu\nMzWxAoIBABX4gLv37QwyA2gn2jmgj+AchnY0mBxXsYjdkH2LZf3tvzxVwExU59D6\nd1OdayyPE3Xc5warjyGOFKAi3wnpkyLBfMOwTCPv8rB1DiXM2SvJepBPcP9tcZW/\nJb/VTf98jo7ZwxLJvadtyR5htvrtBSG+duenID1pBuA3kV0RAKkQ1q+3StNUjgji\nwfa6Xq8gIQ5745jraQqjcpuXpMPoykDQGUdu5I4TAkz//oQw9diYjy+jXV7Hykqt\nw6oBeSLpX2rfWw5kdN7Wg50rIT3Vclprz5EyCCXevHn++kaaM5tSalyaSkqoqK+S\n78FR9abU6zpY09TFSNKnN4rcwlm5/kkCggEBAI7k93RlUIPDNAQvfxLABCnTIIBy\n8iyIG3s/xJincuZwlCl7CF9PlfMUCew6uIGvE1zqNlNFfWewe8IYksX4dnRXNp9h\n4cA1gY35BC57XyZYKJ6hb6gd1q4wzazxKFcQUCrpRfon3CLPAZ62je0KkuBFaOqe\nWCbNeKCdz9Dp+EStoFn9SCrEWPF7Shs9ued2NDlD4+rfXGmxPgmEJrsbqyIo/gHA\nBilE3EOLhCc/uk2SYQTBy06dn4QTaZlPtF2hFeG+/hhuQnu9Tgk6+oJ54jsSY7WW\niiR6E8kAG5EJ29TRsStzPqukQ6cYZGEGzLwEd2gWcubs23vA78O8tXzFWMs=\n-----END RSA PRIVATE KEY-----\n",
            "public_key_fingerprint_md5": "20:2a:23:c2:d2:c1:01:cb:4a:71:34:5f:d1:13:fe:62",
            "public_key_openssh": "ssh-rsa AAAAB3NzaC1yc2EAAAADAQABAAACAQDQpFlt8nFv7pZWEJo3bX8s5Hsn9zjOUbS1NQsPxkbkXMB9ApnT4eXxp3bvvxJS/r7G160vzuSTu7CsIaK7A+VBwJ21f3ALNBLTtz8PjFKpHaQuDsRcoHLZ63IQ4nu+2O3pnPIgsO8bOyyhvWCvOsaIpyiH53msFFZiP+HjpksYh9SP8171V1VmiZm4/vQdVeyFgsKKJ64LOelD/qxULHX9+ut/23MNscA40hzBbEZphLUwjXOx4iksfYQAd/f5c+uR2wk3M8keFFzb0l6Xz48Naw0RZUcp41Lmj85UF9GqwniPRTz6PvSbX0M91xNKtXkVDc5TQuBSrmbS71rsObLc742dZlQ+a9L/hTG7jJ0xHq4VfCMrGK9TApsRyyInjBCbDqrvbUXzS0D1QMY9XBahBlq3DvqGC7NSKjllDnOk77TTcyC5PgJiMGBAOjCQUiHmd8BGXAZ7bMQvfhtcL7sE59S8nm7AVnjU+VDhcD9pO4mYtZ2qwwCSBBf3V0l6km0Ln+JleTAGUfMj4NyF/LsN9RUa9g6xkEH2YwzHBCLuqVcMwemxp3PH9936lA4FyoILI1vH1l4MUGuOIkiHJJ+Cn2+ZrU+5JBOAUpnWstvJW/27ZXeZqGEvxocP+YsgEChfcSO+/C73G+d4Tm2PBtiPobjgHxT64FilcLUovUdf8Q==\n",
            "public_key_pem": "-----BEGIN PUBLIC KEY-----\nMIICIjANBgkqhkiG9w0BAQEFAAOCAg8AMIICCgKCAgEA0KRZbfJxb+6WVhCaN21/\nLOR7J/c4zlG0tTULD8ZG5FzAfQKZ0+Hl8ad2778SUv6+xtetL87kk7uwrCGiuwPl\nQcCdtX9wCzQS07c/D4xSqR2kLg7EXKBy2etyEOJ7vtjt6ZzyILDvGzssob1grzrG\niKcoh+d5rBRWYj/h46ZLGIfUj/Ne9VdVZomZuP70HVXshYLCiieuCznpQ/6sVCx1\n/frrf9tzDbHAONIcwWxGaYS1MI1zseIpLH2EAHf3+XPrkdsJNzPJHhRc29Jel8+P\nDWsNEWVHKeNS5o/OVBfRqsJ4j0U8+j70m19DPdcTSrV5FQ3OU0LgUq5m0u9a7Dmy\n3O+NnWZUPmvS/4Uxu4ydMR6uFXwjKxivUwKbEcsiJ4wQmw6q721F80tA9UDGPVwW\noQZatw76hguzUio5ZQ5zpO+003MguT4CYjBgQDowkFIh5nfARlwGe2zEL34bXC+7\nBOfUvJ5uwFZ41PlQ4XA/aTuJmLWdqsMAkgQX91dJepJtC5/iZXkwBlHzI+Dchfy7\nDfUVGvYOsZBB9mMMxwQi7qlXDMHpsadzx/fd+pQOBcqCCyNbx9ZeDFBrjiJIhySf\ngp9vma1PuSQTgFKZ1rLbyVv9u2V3mahhL8aHD/mLIBAoX3Ejvvwu9xvneE5tjwbY\nj6G44B8U+uBYpXC1KL1HX/ECAwEAAQ==\n-----END PUBLIC KEY-----\n",
            "rsa_bits": 4096
          },
          "sensitive_attributes": [],
          "private": "bnVsbA=="
        }
      ]
    },
    {
      "module": "module.compute",
      "mode": "data",
      "type": "aws_ssm_parameter",
      "name": "linux_latest_ami",
      "provider": "provider[\"registry.terraform.io/hashicorp/aws\"]",
      "instances": [
        {
          "schema_version": 0,
          "attributes": {
            "arn": "arn:aws:ssm:ap-southeast-2::parameter/aws/service/ami-amazon-linux-latest/amzn2-ami-hvm-x86_64-gp2",
            "id": "/aws/service/ami-amazon-linux-latest/amzn2-ami-hvm-x86_64-gp2",
            "name": "/aws/service/ami-amazon-linux-latest/amzn2-ami-hvm-x86_64-gp2",
            "type": "String",
            "value": "ami-05c029a4b57edda9e",
            "version": 52,
            "with_decryption": true
          },
          "sensitive_attributes": []
        }
      ]
    },
    {
      "module": "module.compute",
      "mode": "managed",
      "type": "aws_instance",
      "name": "app_instance",
      "provider": "provider[\"registry.terraform.io/hashicorp/aws\"]",
      "instances": [
        {
          "schema_version": 1,
          "attributes": {
            "ami": "ami-05c029a4b57edda9e",
            "arn": "arn:aws:ec2:ap-southeast-2:915507324179:instance/i-00b95be3d01afe173",
            "associate_public_ip_address": true,
            "availability_zone": "ap-southeast-2a",
            "capacity_reservation_specification": [
              {
                "capacity_reservation_preference": "open",
                "capacity_reservation_target": []
              }
            ],
            "cpu_core_count": 1,
            "cpu_threads_per_core": 1,
            "credit_specification": [
              {
                "cpu_credits": "standard"
              }
            ],
            "disable_api_termination": false,
            "ebs_block_device": [],
            "ebs_optimized": false,
            "enclave_options": [
              {
                "enabled": false
              }
            ],
            "ephemeral_block_device": [],
            "get_password_data": false,
            "hibernation": false,
            "host_id": null,
            "iam_instance_profile": "",
            "id": "i-00b95be3d01afe173",
            "instance_initiated_shutdown_behavior": "stop",
            "instance_state": "running",
            "instance_type": "t2.micro",
            "ipv6_address_count": 0,
            "ipv6_addresses": [],
            "key_name": "p3_uat",
            "launch_template": [],
            "metadata_options": [
              {
                "http_endpoint": "enabled",
                "http_put_response_hop_limit": 1,
                "http_tokens": "optional"
              }
            ],
            "monitoring": false,
            "network_interface": [],
            "outpost_arn": "",
            "password_data": "",
            "placement_group": "",
            "placement_partition_number": null,
            "primary_network_interface_id": "eni-070b39a0ee1ab7b98",
            "private_dns": "ip-172-16-1-178.ap-southeast-2.compute.internal",
            "private_ip": "172.16.1.178",
            "public_dns": "",
            "public_ip": "3.104.53.237",
            "root_block_device": [
              {
                "delete_on_termination": true,
                "device_name": "/dev/xvda",
                "encrypted": false,
                "iops": 100,
                "kms_key_id": "",
                "tags": {},
                "throughput": 0,
                "volume_id": "vol-0446d0b9fe40a346d",
                "volume_size": 8,
                "volume_type": "gp2"
              }
            ],
            "secondary_private_ips": [],
            "security_groups": [],
            "source_dest_check": true,
            "subnet_id": "subnet-0b16ddca67dd8325e",
            "tags": {
              "Project": "Public UAT"
            },
            "tags_all": {
              "Project": "Public UAT"
            },
            "tenancy": "default",
            "timeouts": null,
            "user_data": null,
            "user_data_base64": null,
            "volume_tags": null,
            "vpc_security_group_ids": [
              "sg-0b3aad8e7dd76555e",
              "sg-0fa15fa8ffdb2a2d5"
            ]
          },
          "sensitive_attributes": [
            [
              {
                "type": "get_attr",
                "value": "ami"
              }
            ]
          ],
          "private": "eyJlMmJmYjczMC1lY2FhLTExZTYtOGY4OC0zNDM2M2JjN2M0YzAiOnsiY3JlYXRlIjo2MDAwMDAwMDAwMDAsImRlbGV0ZSI6MTIwMDAwMDAwMDAwMCwidXBkYXRlIjo2MDAwMDAwMDAwMDB9LCJzY2hlbWFfdmVyc2lvbiI6IjEifQ==",
          "dependencies": [
            "aws_security_group.app_sg",
            "aws_security_group.general_sg",
            "aws_subnet.pub_sub",
            "aws_vpc.main",
            "module.compute.data.aws_ssm_parameter.linux_latest_ami"
          ]
        }
      ]
    },
    {
      "module": "module.compute",
      "mode": "managed",
      "type": "aws_instance",
      "name": "nginx",
      "provider": "provider[\"registry.terraform.io/hashicorp/aws\"]",
      "instances": [
        {
          "schema_version": 1,
          "attributes": {
            "ami": "ami-05c029a4b57edda9e",
            "arn": "arn:aws:ec2:ap-southeast-2:915507324179:instance/i-0ee5a1d512289e2da",
            "associate_public_ip_address": true,
            "availability_zone": "ap-southeast-2a",
            "capacity_reservation_specification": [
              {
                "capacity_reservation_preference": "open",
                "capacity_reservation_target": []
              }
            ],
            "cpu_core_count": 1,
            "cpu_threads_per_core": 1,
            "credit_specification": [
              {
                "cpu_credits": "standard"
              }
            ],
            "disable_api_termination": false,
            "ebs_block_device": [],
            "ebs_optimized": false,
            "enclave_options": [
              {
                "enabled": false
              }
            ],
            "ephemeral_block_device": [],
            "get_password_data": false,
            "hibernation": false,
            "host_id": null,
            "iam_instance_profile": "",
            "id": "i-0ee5a1d512289e2da",
            "instance_initiated_shutdown_behavior": "stop",
            "instance_state": "running",
            "instance_type": "t2.micro",
            "ipv6_address_count": 0,
            "ipv6_addresses": [],
            "key_name": "p3_uat",
            "launch_template": [],
            "metadata_options": [
              {
                "http_endpoint": "enabled",
                "http_put_response_hop_limit": 1,
                "http_tokens": "optional"
              }
            ],
            "monitoring": false,
            "network_interface": [],
            "outpost_arn": "",
            "password_data": "",
            "placement_group": "",
            "placement_partition_number": null,
            "primary_network_interface_id": "eni-055791e244bccfc88",
            "private_dns": "ip-172-16-1-80.ap-southeast-2.compute.internal",
            "private_ip": "172.16.1.80",
            "public_dns": "",
            "public_ip": "52.65.117.163",
            "root_block_device": [
              {
                "delete_on_termination": true,
                "device_name": "/dev/xvda",
                "encrypted": false,
                "iops": 100,
                "kms_key_id": "",
                "tags": {},
                "throughput": 0,
                "volume_id": "vol-0a4b349211898e788",
                "volume_size": 8,
                "volume_type": "gp2"
              }
            ],
            "secondary_private_ips": [],
            "security_groups": [],
            "source_dest_check": true,
            "subnet_id": "subnet-0b16ddca67dd8325e",
            "tags": {
              "Project": "Public UAT"
            },
            "tags_all": {
              "Project": "Public UAT"
            },
            "tenancy": "default",
            "timeouts": null,
            "user_data": null,
            "user_data_base64": null,
            "volume_tags": null,
            "vpc_security_group_ids": [
              "sg-038db4f4bdb911f1c",
              "sg-0b3aad8e7dd76555e"
            ]
          },
          "sensitive_attributes": [
            [
              {
                "type": "get_attr",
                "value": "ami"
              }
            ]
          ],
          "private": "eyJlMmJmYjczMC1lY2FhLTExZTYtOGY4OC0zNDM2M2JjN2M0YzAiOnsiY3JlYXRlIjo2MDAwMDAwMDAwMDAsImRlbGV0ZSI6MTIwMDAwMDAwMDAwMCwidXBkYXRlIjo2MDAwMDAwMDAwMDB9LCJzY2hlbWFfdmVyc2lvbiI6IjEifQ==",
          "dependencies": [
            "aws_security_group.general_sg",
            "aws_security_group.nginx_sg",
            "aws_subnet.pub_sub",
            "aws_vpc.main",
            "module.compute.data.aws_ssm_parameter.linux_latest_ami"
          ]
        }
      ]
    }
  ]
}
