{
  "version": 4,
  "terraform_version": "1.0.8",
  "serial": 81,
  "lineage": "455840e5-acd1-d9d0-d425-e3c6f7e3174e",
  "outputs": {
    "app_instance_ip": {
      "value": "54.206.118.45",
      "type": "string"
    },
    "nginx_ip": {
      "value": "13.239.120.93",
      "type": "string"
    },
    "ssh_key_path": {
      "value": "C:\\Users\\Andy\\.ssh\\p3_uat.pem",
      "type": "string"
    }
  },
  "resources": [
    {
      "mode": "managed",
      "type": "aws_internet_gateway",
      "name": "igw",
      "provider": "provider[\"registry.terraform.io/hashicorp/aws\"]",
      "instances": [
        {
          "schema_version": 0,
          "attributes": {
            "arn": "arn:aws:ec2:ap-southeast-2:915507324179:internet-gateway/igw-0f024e7d695521978",
            "id": "igw-0f024e7d695521978",
            "owner_id": "915507324179",
            "tags": {
              "Project": "Public UAT"
            },
            "tags_all": {
              "Project": "Public UAT"
            },
            "vpc_id": "vpc-0ba34e7f1b5b5014e"
          },
          "sensitive_attributes": [],
          "private": "bnVsbA==",
          "dependencies": [
            "aws_vpc.main"
          ]
        }
      ]
    },
    {
      "mode": "managed",
      "type": "aws_key_pair",
      "name": "key_pair",
      "provider": "provider[\"registry.terraform.io/hashicorp/aws\"]",
      "instances": [
        {
          "schema_version": 1,
          "attributes": {
            "arn": "arn:aws:ec2:ap-southeast-2:915507324179:key-pair/p3_uat",
            "fingerprint": "46:38:50:29:f9:d5:1a:31:3e:40:2f:38:91:27:0b:06",
            "id": "p3_uat",
            "key_name": "p3_uat",
            "key_name_prefix": null,
            "key_pair_id": "key-02679bb0ec06f3dfa",
            "public_key": "ssh-rsa AAAAB3NzaC1yc2EAAAADAQABAAACAQDSI78E0AxvGSovUo5yufDiP9C1aczYutBs6Nsh43V1AXymT13BUPCTI5P9ivg+dFiMIO2zz739jMznV3lJlEk5E27KQKWLlpOm1chX86yBw7TUX8PdoNE2hVFIjM7yhvmJ2gd3ptiGRlNUgqgQe3TRJNYgWySWwKiOt0ogfL0G/uJq/SK22urlWZoR9xHyzZ4isjAZIumt3AfpgCQTjJ3KTR19szck04illpj6NoWLjqeZTHSmaEchGM6hq4WcrJp53B6KNtU0t2NLQXGLoYZfwcwUTkfpUkjs5h6AEiug/fkxuqE5AcGH0/jaIKnDjCJPTLR3PvjMjal/4Df3u1X29K6Ibk0UvKyce9n9eG6xysX7ofLrxmX3N1Dfyc+uVHcBVBu6pIzDvhHqDgktJKNNlkCDyjKrplfacdbQ+E/YLNO/+OhP+ataC6A215ZHLeflpltrTkkFk32KxyNnNMCfi7b2VVtcc+xjDbEr9O9I0boXCoU7RckIDM4Hz0Gr6jtCd2WlLqZgkMth9RynMZrsMmuHN62c1jL5dv41YOLeD+RlSkohEsHwUtdBKUgPjsk8QX4JClOOzSo/n6rSvQbwyuWwd7iFtwMPXhdSNldUNlvaiiudQZ1p08SaWj0mk6EtXoksOS/u0rz2//T6RFblmi/QhSN7Da39ST6CCKVg7Q==",
            "tags": {},
            "tags_all": {}
          },
          "sensitive_attributes": [],
          "private": "eyJzY2hlbWFfdmVyc2lvbiI6IjEifQ==",
          "dependencies": [
            "tls_private_key.rsa_key"
          ]
        }
      ]
    },
    {
      "mode": "managed",
      "type": "aws_route_table",
      "name": "pub_rt",
      "provider": "provider[\"registry.terraform.io/hashicorp/aws\"]",
      "instances": [
        {
          "schema_version": 0,
          "attributes": {
            "arn": "arn:aws:ec2:ap-southeast-2:915507324179:route-table/rtb-02110d92d3eb7ba9d",
            "id": "rtb-02110d92d3eb7ba9d",
            "owner_id": "915507324179",
            "propagating_vgws": [],
            "route": [
              {
                "carrier_gateway_id": "",
                "cidr_block": "0.0.0.0/0",
                "destination_prefix_list_id": "",
                "egress_only_gateway_id": "",
                "gateway_id": "igw-0f024e7d695521978",
                "instance_id": "",
                "ipv6_cidr_block": "",
                "local_gateway_id": "",
                "nat_gateway_id": "",
                "network_interface_id": "",
                "transit_gateway_id": "",
                "vpc_endpoint_id": "",
                "vpc_peering_connection_id": ""
              }
            ],
            "tags": {
              "Project": "Public UAT"
            },
            "tags_all": {
              "Project": "Public UAT"
            },
            "timeouts": null,
            "vpc_id": "vpc-0ba34e7f1b5b5014e"
          },
          "sensitive_attributes": [],
          "private": "eyJlMmJmYjczMC1lY2FhLTExZTYtOGY4OC0zNDM2M2JjN2M0YzAiOnsiY3JlYXRlIjoxMjAwMDAwMDAwMDAsImRlbGV0ZSI6MzAwMDAwMDAwMDAwLCJ1cGRhdGUiOjEyMDAwMDAwMDAwMH19",
          "dependencies": [
            "aws_internet_gateway.igw",
            "aws_vpc.main"
          ]
        }
      ]
    },
    {
      "mode": "managed",
      "type": "aws_route_table_association",
      "name": "rt_assoc",
      "provider": "provider[\"registry.terraform.io/hashicorp/aws\"]",
      "instances": [
        {
          "schema_version": 0,
          "attributes": {
            "gateway_id": "",
            "id": "rtbassoc-086a1256c03b206dc",
            "route_table_id": "rtb-02110d92d3eb7ba9d",
            "subnet_id": "subnet-01db9070d210e0dcc"
          },
          "sensitive_attributes": [],
          "private": "bnVsbA==",
          "dependencies": [
            "aws_vpc.main",
            "aws_internet_gateway.igw",
            "aws_route_table.pub_rt",
            "aws_subnet.pub_sub"
          ]
        }
      ]
    },
    {
      "mode": "managed",
      "type": "aws_security_group",
      "name": "app_sg",
      "provider": "provider[\"registry.terraform.io/hashicorp/aws\"]",
      "instances": [
        {
          "schema_version": 1,
          "attributes": {
            "arn": "arn:aws:ec2:ap-southeast-2:915507324179:security-group/sg-0d79c3c214649d44a",
            "description": "Managed by Terraform",
            "egress": [
              {
                "cidr_blocks": [
                  "0.0.0.0/0"
                ],
                "description": "",
                "from_port": 80,
                "ipv6_cidr_blocks": [],
                "prefix_list_ids": [],
                "protocol": "tcp",
                "security_groups": [],
                "self": false,
                "to_port": 80
              }
            ],
            "id": "sg-0d79c3c214649d44a",
            "ingress": [
              {
                "cidr_blocks": [
                  "0.0.0.0/0"
                ],
                "description": "",
                "from_port": 22,
                "ipv6_cidr_blocks": [],
                "prefix_list_ids": [],
                "protocol": "tcp",
                "security_groups": [],
                "self": false,
                "to_port": 22
              }
            ],
            "name": "terraform-20211027044837917900000003",
            "name_prefix": "terraform-",
            "owner_id": "915507324179",
            "revoke_rules_on_delete": false,
            "tags": {
              "Project": "Public UAT"
            },
            "tags_all": {
              "Project": "Public UAT"
            },
            "timeouts": null,
            "vpc_id": "vpc-0ba34e7f1b5b5014e"
          },
          "sensitive_attributes": [],
          "private": "eyJlMmJmYjczMC1lY2FhLTExZTYtOGY4OC0zNDM2M2JjN2M0YzAiOnsiY3JlYXRlIjo2MDAwMDAwMDAwMDAsImRlbGV0ZSI6OTAwMDAwMDAwMDAwfSwic2NoZW1hX3ZlcnNpb24iOiIxIn0=",
          "dependencies": [
            "aws_vpc.main"
          ]
        }
      ]
    },
    {
      "mode": "managed",
      "type": "aws_security_group",
      "name": "general_sg",
      "provider": "provider[\"registry.terraform.io/hashicorp/aws\"]",
      "instances": [
        {
          "schema_version": 1,
          "attributes": {
            "arn": "arn:aws:ec2:ap-southeast-2:915507324179:security-group/sg-081ade307067c85d1",
            "description": "Managed by Terraform",
            "egress": [
              {
                "cidr_blocks": [
                  "0.0.0.0/0"
                ],
                "description": "",
                "from_port": 80,
                "ipv6_cidr_blocks": [],
                "prefix_list_ids": [],
                "protocol": "tcp",
                "security_groups": [],
                "self": false,
                "to_port": 80
              }
            ],
            "id": "sg-081ade307067c85d1",
            "ingress": [],
            "name": "terraform-20211027044837917300000001",
            "name_prefix": "terraform-",
            "owner_id": "915507324179",
            "revoke_rules_on_delete": false,
            "tags": {
              "Project": "Public UAT"
            },
            "tags_all": {
              "Project": "Public UAT"
            },
            "timeouts": null,
            "vpc_id": "vpc-0ba34e7f1b5b5014e"
          },
          "sensitive_attributes": [],
          "private": "eyJlMmJmYjczMC1lY2FhLTExZTYtOGY4OC0zNDM2M2JjN2M0YzAiOnsiY3JlYXRlIjo2MDAwMDAwMDAwMDAsImRlbGV0ZSI6OTAwMDAwMDAwMDAwfSwic2NoZW1hX3ZlcnNpb24iOiIxIn0=",
          "dependencies": [
            "aws_vpc.main"
          ]
        }
      ]
    },
    {
      "mode": "managed",
      "type": "aws_security_group",
      "name": "nginx_sg",
      "provider": "provider[\"registry.terraform.io/hashicorp/aws\"]",
      "instances": [
        {
          "schema_version": 1,
          "attributes": {
            "arn": "arn:aws:ec2:ap-southeast-2:915507324179:security-group/sg-06896282e07675b4e",
            "description": "Managed by Terraform",
            "egress": [
              {
                "cidr_blocks": [
                  "0.0.0.0/0"
                ],
                "description": "",
                "from_port": 22,
                "ipv6_cidr_blocks": [],
                "prefix_list_ids": [],
                "protocol": "tcp",
                "security_groups": [],
                "self": false,
                "to_port": 22
              }
            ],
            "id": "sg-06896282e07675b4e",
            "ingress": [
              {
                "cidr_blocks": [
                  "0.0.0.0/0"
                ],
                "description": "",
                "from_port": 22,
                "ipv6_cidr_blocks": [],
                "prefix_list_ids": [],
                "protocol": "tcp",
                "security_groups": [],
                "self": false,
                "to_port": 22
              }
            ],
            "name": "terraform-20211027044837917300000002",
            "name_prefix": "terraform-",
            "owner_id": "915507324179",
            "revoke_rules_on_delete": false,
            "tags": {
              "Project": "Public UAT"
            },
            "tags_all": {
              "Project": "Public UAT"
            },
            "timeouts": null,
            "vpc_id": "vpc-0ba34e7f1b5b5014e"
          },
          "sensitive_attributes": [],
          "private": "eyJlMmJmYjczMC1lY2FhLTExZTYtOGY4OC0zNDM2M2JjN2M0YzAiOnsiY3JlYXRlIjo2MDAwMDAwMDAwMDAsImRlbGV0ZSI6OTAwMDAwMDAwMDAwfSwic2NoZW1hX3ZlcnNpb24iOiIxIn0=",
          "dependencies": [
            "aws_vpc.main"
          ]
        }
      ]
    },
    {
      "mode": "managed",
      "type": "aws_security_group_rule",
      "name": "in_ssh_app_from_anywhere",
      "provider": "provider[\"registry.terraform.io/hashicorp/aws\"]",
      "instances": [
        {
          "schema_version": 2,
          "attributes": {
            "cidr_blocks": [
              "0.0.0.0/0"
            ],
            "description": "",
            "from_port": 22,
            "id": "sgrule-604227688",
            "ipv6_cidr_blocks": [],
            "prefix_list_ids": [],
            "protocol": "tcp",
            "security_group_id": "sg-0d79c3c214649d44a",
            "self": false,
            "source_security_group_id": null,
            "to_port": 22,
            "type": "ingress"
          },
          "sensitive_attributes": [],
          "private": "eyJzY2hlbWFfdmVyc2lvbiI6IjIifQ==",
          "dependencies": [
            "aws_security_group.app_sg",
            "aws_vpc.main"
          ]
        }
      ]
    },
    {
      "mode": "managed",
      "type": "aws_security_group_rule",
      "name": "in_ssh_bastion_from_anywhere",
      "provider": "provider[\"registry.terraform.io/hashicorp/aws\"]",
      "instances": [
        {
          "schema_version": 2,
          "attributes": {
            "cidr_blocks": [
              "0.0.0.0/0"
            ],
            "description": "",
            "from_port": 22,
            "id": "sgrule-620230687",
            "ipv6_cidr_blocks": [],
            "prefix_list_ids": [],
            "protocol": "tcp",
            "security_group_id": "sg-06896282e07675b4e",
            "self": false,
            "source_security_group_id": null,
            "to_port": 22,
            "type": "ingress"
          },
          "sensitive_attributes": [],
          "private": "eyJzY2hlbWFfdmVyc2lvbiI6IjIifQ==",
          "dependencies": [
            "aws_security_group.nginx_sg",
            "aws_vpc.main"
          ]
        }
      ]
    },
    {
      "mode": "managed",
      "type": "aws_security_group_rule",
      "name": "out_http",
      "provider": "provider[\"registry.terraform.io/hashicorp/aws\"]",
      "instances": [
        {
          "schema_version": 2,
          "attributes": {
            "cidr_blocks": [
              "0.0.0.0/0"
            ],
            "description": "",
            "from_port": 80,
            "id": "sgrule-2711151838",
            "ipv6_cidr_blocks": [],
            "prefix_list_ids": [],
            "protocol": "tcp",
            "security_group_id": "sg-081ade307067c85d1",
            "self": false,
            "source_security_group_id": null,
            "to_port": 80,
            "type": "egress"
          },
          "sensitive_attributes": [],
          "private": "eyJzY2hlbWFfdmVyc2lvbiI6IjIifQ==",
          "dependencies": [
            "aws_security_group.general_sg",
            "aws_vpc.main"
          ]
        }
      ]
    },
    {
      "mode": "managed",
      "type": "aws_security_group_rule",
      "name": "out_http_app_to_anywhere",
      "provider": "provider[\"registry.terraform.io/hashicorp/aws\"]",
      "instances": [
        {
          "schema_version": 2,
          "attributes": {
            "cidr_blocks": [
              "0.0.0.0/0"
            ],
            "description": "",
            "from_port": 80,
            "id": "sgrule-1372378010",
            "ipv6_cidr_blocks": [],
            "prefix_list_ids": [],
            "protocol": "tcp",
            "security_group_id": "sg-0d79c3c214649d44a",
            "self": false,
            "source_security_group_id": null,
            "to_port": 80,
            "type": "egress"
          },
          "sensitive_attributes": [],
          "private": "eyJzY2hlbWFfdmVyc2lvbiI6IjIifQ==",
          "dependencies": [
            "aws_security_group.app_sg",
            "aws_vpc.main"
          ]
        }
      ]
    },
    {
      "mode": "managed",
      "type": "aws_security_group_rule",
      "name": "out_ssh_bastion_to_anywhere",
      "provider": "provider[\"registry.terraform.io/hashicorp/aws\"]",
      "instances": [
        {
          "schema_version": 2,
          "attributes": {
            "cidr_blocks": [
              "0.0.0.0/0"
            ],
            "description": "",
            "from_port": 22,
            "id": "sgrule-1233923237",
            "ipv6_cidr_blocks": [],
            "prefix_list_ids": [],
            "protocol": "tcp",
            "security_group_id": "sg-06896282e07675b4e",
            "self": false,
            "source_security_group_id": null,
            "to_port": 22,
            "type": "egress"
          },
          "sensitive_attributes": [],
          "private": "eyJzY2hlbWFfdmVyc2lvbiI6IjIifQ==",
          "dependencies": [
            "aws_security_group.nginx_sg",
            "aws_vpc.main"
          ]
        }
      ]
    },
    {
      "mode": "managed",
      "type": "aws_subnet",
      "name": "pub_sub",
      "provider": "provider[\"registry.terraform.io/hashicorp/aws\"]",
      "instances": [
        {
          "schema_version": 1,
          "attributes": {
            "arn": "arn:aws:ec2:ap-southeast-2:915507324179:subnet/subnet-01db9070d210e0dcc",
            "assign_ipv6_address_on_creation": false,
            "availability_zone": "ap-southeast-2a",
            "availability_zone_id": "apse2-az3",
            "cidr_block": "172.16.1.0/24",
            "customer_owned_ipv4_pool": "",
            "id": "subnet-01db9070d210e0dcc",
            "ipv6_cidr_block": "",
            "ipv6_cidr_block_association_id": "",
            "map_customer_owned_ip_on_launch": false,
            "map_public_ip_on_launch": true,
            "outpost_arn": "",
            "owner_id": "915507324179",
            "tags": {
              "Project": "Public UAT"
            },
            "tags_all": {
              "Project": "Public UAT"
            },
            "timeouts": null,
            "vpc_id": "vpc-0ba34e7f1b5b5014e"
          },
          "sensitive_attributes": [],
          "private": "eyJlMmJmYjczMC1lY2FhLTExZTYtOGY4OC0zNDM2M2JjN2M0YzAiOnsiY3JlYXRlIjo2MDAwMDAwMDAwMDAsImRlbGV0ZSI6MTIwMDAwMDAwMDAwMH0sInNjaGVtYV92ZXJzaW9uIjoiMSJ9",
          "dependencies": [
            "aws_vpc.main"
          ]
        }
      ]
    },
    {
      "mode": "managed",
      "type": "aws_vpc",
      "name": "main",
      "provider": "provider[\"registry.terraform.io/hashicorp/aws\"]",
      "instances": [
        {
          "schema_version": 1,
          "attributes": {
            "arn": "arn:aws:ec2:ap-southeast-2:915507324179:vpc/vpc-0ba34e7f1b5b5014e",
            "assign_generated_ipv6_cidr_block": false,
            "cidr_block": "172.16.0.0/16",
            "default_network_acl_id": "acl-060f3bd42200703e8",
            "default_route_table_id": "rtb-09514316899830730",
            "default_security_group_id": "sg-0d5bf84fe39d27713",
            "dhcp_options_id": "dopt-71919c16",
            "enable_classiclink": false,
            "enable_classiclink_dns_support": false,
            "enable_dns_hostnames": false,
            "enable_dns_support": true,
            "id": "vpc-0ba34e7f1b5b5014e",
            "instance_tenancy": "default",
            "ipv6_association_id": "",
            "ipv6_cidr_block": "",
            "main_route_table_id": "rtb-09514316899830730",
            "owner_id": "915507324179",
            "tags": {
              "Project": "Public UAT"
            },
            "tags_all": {
              "Project": "Public UAT"
            }
          },
          "sensitive_attributes": [],
          "private": "eyJzY2hlbWFfdmVyc2lvbiI6IjEifQ=="
        }
      ]
    },
    {
      "mode": "managed",
      "type": "local_file",
      "name": "my_key_file",
      "provider": "provider[\"registry.terraform.io/hashicorp/local\"]",
      "instances": [
        {
          "schema_version": 0,
          "attributes": {
            "content": "-----BEGIN RSA PRIVATE KEY-----\nMIIJKQIBAAKCAgEA0iO/BNAMbxkqL1KOcrnw4j/QtWnM2LrQbOjbIeN1dQF8pk9d\nwVDwkyOT/Yr4PnRYjCDts8+9/YzM51d5SZRJORNuykCli5aTptXIV/OsgcO01F/D\n3aDRNoVRSIzO8ob5idoHd6bYhkZTVIKoEHt00STWIFsklsCojrdKIHy9Bv7iav0i\nttrq5VmaEfcR8s2eIrIwGSLprdwH6YAkE4ydyk0dfbM3JNOIpZaY+jaFi46nmUx0\npmhHIRjOoauFnKyaedweijbVNLdjS0Fxi6GGX8HMFE5H6VJI7OYegBIroP35Mbqh\nOQHBh9P42iCpw4wiT0y0dz74zI2pf+A397tV9vSuiG5NFLysnHvZ/XhuscrF+6Hy\n68Zl9zdQ38nPrlR3AVQbuqSMw74R6g4JLSSjTZZAg8oyq6ZX2nHW0PhP2CzTv/jo\nT/mrWgugNteWRy3n5aZba05JBZN9iscjZzTAn4u29lVbXHPsYw2xK/TvSNG6FwqF\nO0XJCAzOB89Bq+o7QndlpS6mYJDLYfUcpzGa7DJrhzetnNYy+Xb+NWDi3g/kZUpK\nIRLB8FLXQSlID47JPEF+CQpTjs0qP5+q0r0G8MrlsHe4hbcDD14XUjZXVDZb2oor\nnUGdadPEmlo9JpOhLV6JLDkv7tK89v/0+kRW5Zov0IUjew2t/Uk+ggilYO0CAwEA\nAQKCAgBRhf6oTlJUk42zGDMdPRe/noRIrQgEmM0dQ2UoC4dY4j/KgYXc5pq+apIS\nTeSqzhZAHtI47QJHKGWh5mSub/HMS8ayfkv7EGqt0chMnsMxAIzZy2FATRB9N1Fm\ndQIgQs7ydPxqpfbgeM4BPkMXSd3y+Xh8yv8x4QJDg8YlPl9TJHUQjq32BI4WdiF4\nkMKM0MplqX1RcyL3CSKkqsrULrxUbIBhcLKW/d3IZ9lnUNmUX76TkX67xD68D1Sy\nkclfE/NGDWhntIgYUIEcBAKZ6gsogRW8VvY9BWg3R7tTcjks1vrjGQVNCWpcWJb1\ngLB7pZT18Msea/a33MmCS6lK2YmqdaqRamr/8qJT9mPW6+dYjYAP8YymORfx4oP7\nIzL31A4qgUGVXrWRbHdHptWmXLqt3rGQutxveE88DYCng8l265GaWdNbtj4Om3gL\nt+A8VSFpZQHnj7oEw3c8yRMJnVtMgRXOTn6pu51CnmI48XbuqWEMM1VBWlSQ6wrW\nE6SguLZOTV7zXjkvJWshd3u3P5+qydpRpA1pyP4F/EYXmss9COI0kSkPQjHLlV4e\n7skUeTw60kh1HTvE9N7VwGJrlqBGQlIXyTCJAyffu1cMGgYnCLXapXxGe0jvKGgF\nm1jSfT6Xc13xAa3qvJHp3DY0wdG4WUTNwZiQxx8BcQT+HGoxIQKCAQEA+Tt6GWtx\nDTiYC79kHXIcREY7IDlmIUDCfktw1cc0bcNcxpEJX+KxPTbU9tpDE4ElVZSDi06h\nyL2n28pLrLJpt12cCquwsiPSKI5Wf5BuyKBSlWR+Q5unCsvjcXt26TW6vwIYVOrz\nh2dAqtbex3DwDy85w/1BBi/Q9eWUOQRnCKIvbAyLejNZYgQDBoFWkeO8pDlmoO6A\n+c/F42idajO23SWvVlOBa6EcE21U8NCnIe8uanJBgVA1iFI75nrO1uyUem99Gc54\nYOXEuIILvdCNZWli7vV3jEl1wkMTVZuGHJWE1CDuKjxWKoWAev4zZWe59BVZOXJM\nxH1NYk2A68styQKCAQEA19iEzTMiAKU84viagX9LBIEWL7KymuItjyV0rjwjmdtC\nC5ex8JxBqlekh6tQD3OWgKeoMxQQQwx8ON1l/KfJAeqY5VlVRHiHnrImbHaIlh2x\nY61Ol51nvffXR3sa8+eCHHVmQAYpST51d7eKY6ewJOhjTEF3+2nHR3E3GTzfagpW\nqOcNq76KYjKQk0U/0Mq5p39pIYt3qhXnPeCwK5PMPsjtE34dnIFNAGVbyL4ZOw3o\ncHEbrvvbB5EnZ7V3wBWejRe5R4nAdDODvreV3OFDvdZul12yr7m5g8PmqH9LM5Vk\nmLsviGw05nnKxitGqgcfYANB0Ots21TUG//x9w+cBQKCAQEAvIa3F59kRuH2cXx3\nGKcGpsaRVxDUJnc8KBic47jp+dV7ymBPvQ5Xj7x4X7o+XvSj7xaGYsw6KQT9go6F\nq77RpPjUXmX9JONfx3nUCG6SvoQ3s/XuZOnK86nDBEambkZMWswU57dKO7RpAFHE\n9wyBKptIkO5zT2DAKiFde7vOzIMSaCMdJnTNOg1a1ILlnzmrqnYZIccIHO+D+z9Z\nQ8qWmrY06ZIFJgsal79uLzNGGa85Zx/CWTT5KYM6+F8RMxaGQg8vjGPYP0PPCNqm\nUxD8xCdxxNw9cArpXucqKumYCus3LNc0ERLPAx81TtQWwLAzw2Sat4+0bjVyYdfK\nm5J3sQKCAQBd9BqCc6J2Y3aoWYxvl+ggkswEgSVrc85fA+/RM85PV3hdMW+8C1gt\n/K5ae8CCqU62u8PkT/RwKwwbeIu/OY2ubt6U3pjWEB0AgA1nowT7Svt/Jt4R8utI\nboxfyf9GcdxZ5ORYNBZeknhxXww3KrPqrNkkRU8jubyLpYVVUADz2II2TTTPMEZu\nThJOeJM5oDTF6xjpCBtThus8LQSiQ1hhb/Z6SKg9Cq9o37XfIJg882XdI+7n8Ss7\nFPzxELWKgB6ezdfRgu2p5w6OwrzSA6AID0HeU2PHR/GvoGNTru0eDAZY0Qn0uR0h\nwZv5PLcqpaULlv9cIE4m/rrBYVyCrWG9AoIBAQCnc5ugEJ6eJUYPOTuf8ZMQtoaV\n2R4yGMxGirQ22rOlzMVqc/aQm8irvyzSFw3blfQYg7U6IgSCuDF3F6uR1QDWczmj\ntATPS5mlKKDtjWx3ti3XUbOQbyahByAcWAL2k5dbpuhY9pJfGXlhnBBtRRLnoXWJ\neNmb2RCN7zCMIqtYAv3WMRk9n2D1fOugU+Wgn7YrOzqnwDt4CRKPdr1pRxiv7yOm\nY2tOOo5OrGRkCy8p+7TPKr02CDuR/WlXV4b8xPt9fDR4woQeGueleREiHZ7s2Z8L\n15K+JJ7nOqlpsmiiiQ84gIHego4jMm+GXlZRUk/U87qCfbbgo4F1CbGdwp6u\n-----END RSA PRIVATE KEY-----\n",
            "content_base64": null,
            "directory_permission": "0777",
            "file_permission": "0777",
            "filename": "C:\\Users\\Andy\\.ssh\\p3_uat.pem",
            "id": "61c8afb396b66fbad632dc17c1cda861cd5bd773",
            "sensitive_content": null,
            "source": null
          },
          "sensitive_attributes": [
            [
              {
                "type": "get_attr",
                "value": "content"
              }
            ]
          ],
          "private": "bnVsbA==",
          "dependencies": [
            "tls_private_key.rsa_key"
          ]
        }
      ]
    },
    {
      "mode": "managed",
      "type": "mongodbatlas_database_user",
      "name": "my_user",
      "provider": "provider[\"registry.terraform.io/mongodb/mongodbatlas\"]",
      "instances": [
        {
          "schema_version": 0,
          "attributes": {
            "auth_database_name": "admin",
            "aws_iam_type": "NONE",
            "database_name": null,
            "id": "YXV0aF9kYXRhYmFzZV9uYW1l:YWRtaW4=-cHJvamVjdF9pZA==:NjE3OGUwM2U3MzgyODcyMWI1ODRiOWU0-dXNlcm5hbWU=:cDNfdWF0X2FkbWlu",
            "labels": [],
            "ldap_auth_type": "NONE",
            "password": "p3_uat_admin",
            "project_id": "6178e03e73828721b584b9e4",
            "roles": [
              {
                "collection_name": "",
                "database_name": "p3_uat_db",
                "role_name": "readWrite"
              }
            ],
            "scopes": [],
            "username": "p3_uat_admin",
            "x509_type": "NONE"
          },
          "sensitive_attributes": [],
          "private": "bnVsbA==",
          "dependencies": [
            "mongodbatlas_project.my_project"
          ]
        }
      ]
    },
    {
      "mode": "managed",
      "type": "mongodbatlas_project",
      "name": "my_project",
      "provider": "provider[\"registry.terraform.io/mongodb/mongodbatlas\"]",
      "instances": [
        {
          "schema_version": 0,
          "attributes": {
            "cluster_count": 0,
            "created": "2021-10-27T05:14:42Z",
            "id": "6178e03e73828721b584b9e4",
            "name": "p3",
            "org_id": "6177d42f7208393fbdb86481",
            "project_owner_id": null,
            "teams": []
          },
          "sensitive_attributes": [],
          "private": "bnVsbA=="
        }
      ]
    },
    {
      "mode": "managed",
      "type": "tls_private_key",
      "name": "rsa_key",
      "provider": "provider[\"registry.terraform.io/hashicorp/tls\"]",
      "instances": [
        {
          "schema_version": 0,
          "attributes": {
            "algorithm": "RSA",
            "ecdsa_curve": "P224",
            "id": "e0fac7a4a2d4437dc1dae5b3de832cdc2b970f84",
            "private_key_pem": "-----BEGIN RSA PRIVATE KEY-----\nMIIJKQIBAAKCAgEA0iO/BNAMbxkqL1KOcrnw4j/QtWnM2LrQbOjbIeN1dQF8pk9d\nwVDwkyOT/Yr4PnRYjCDts8+9/YzM51d5SZRJORNuykCli5aTptXIV/OsgcO01F/D\n3aDRNoVRSIzO8ob5idoHd6bYhkZTVIKoEHt00STWIFsklsCojrdKIHy9Bv7iav0i\nttrq5VmaEfcR8s2eIrIwGSLprdwH6YAkE4ydyk0dfbM3JNOIpZaY+jaFi46nmUx0\npmhHIRjOoauFnKyaedweijbVNLdjS0Fxi6GGX8HMFE5H6VJI7OYegBIroP35Mbqh\nOQHBh9P42iCpw4wiT0y0dz74zI2pf+A397tV9vSuiG5NFLysnHvZ/XhuscrF+6Hy\n68Zl9zdQ38nPrlR3AVQbuqSMw74R6g4JLSSjTZZAg8oyq6ZX2nHW0PhP2CzTv/jo\nT/mrWgugNteWRy3n5aZba05JBZN9iscjZzTAn4u29lVbXHPsYw2xK/TvSNG6FwqF\nO0XJCAzOB89Bq+o7QndlpS6mYJDLYfUcpzGa7DJrhzetnNYy+Xb+NWDi3g/kZUpK\nIRLB8FLXQSlID47JPEF+CQpTjs0qP5+q0r0G8MrlsHe4hbcDD14XUjZXVDZb2oor\nnUGdadPEmlo9JpOhLV6JLDkv7tK89v/0+kRW5Zov0IUjew2t/Uk+ggilYO0CAwEA\nAQKCAgBRhf6oTlJUk42zGDMdPRe/noRIrQgEmM0dQ2UoC4dY4j/KgYXc5pq+apIS\nTeSqzhZAHtI47QJHKGWh5mSub/HMS8ayfkv7EGqt0chMnsMxAIzZy2FATRB9N1Fm\ndQIgQs7ydPxqpfbgeM4BPkMXSd3y+Xh8yv8x4QJDg8YlPl9TJHUQjq32BI4WdiF4\nkMKM0MplqX1RcyL3CSKkqsrULrxUbIBhcLKW/d3IZ9lnUNmUX76TkX67xD68D1Sy\nkclfE/NGDWhntIgYUIEcBAKZ6gsogRW8VvY9BWg3R7tTcjks1vrjGQVNCWpcWJb1\ngLB7pZT18Msea/a33MmCS6lK2YmqdaqRamr/8qJT9mPW6+dYjYAP8YymORfx4oP7\nIzL31A4qgUGVXrWRbHdHptWmXLqt3rGQutxveE88DYCng8l265GaWdNbtj4Om3gL\nt+A8VSFpZQHnj7oEw3c8yRMJnVtMgRXOTn6pu51CnmI48XbuqWEMM1VBWlSQ6wrW\nE6SguLZOTV7zXjkvJWshd3u3P5+qydpRpA1pyP4F/EYXmss9COI0kSkPQjHLlV4e\n7skUeTw60kh1HTvE9N7VwGJrlqBGQlIXyTCJAyffu1cMGgYnCLXapXxGe0jvKGgF\nm1jSfT6Xc13xAa3qvJHp3DY0wdG4WUTNwZiQxx8BcQT+HGoxIQKCAQEA+Tt6GWtx\nDTiYC79kHXIcREY7IDlmIUDCfktw1cc0bcNcxpEJX+KxPTbU9tpDE4ElVZSDi06h\nyL2n28pLrLJpt12cCquwsiPSKI5Wf5BuyKBSlWR+Q5unCsvjcXt26TW6vwIYVOrz\nh2dAqtbex3DwDy85w/1BBi/Q9eWUOQRnCKIvbAyLejNZYgQDBoFWkeO8pDlmoO6A\n+c/F42idajO23SWvVlOBa6EcE21U8NCnIe8uanJBgVA1iFI75nrO1uyUem99Gc54\nYOXEuIILvdCNZWli7vV3jEl1wkMTVZuGHJWE1CDuKjxWKoWAev4zZWe59BVZOXJM\nxH1NYk2A68styQKCAQEA19iEzTMiAKU84viagX9LBIEWL7KymuItjyV0rjwjmdtC\nC5ex8JxBqlekh6tQD3OWgKeoMxQQQwx8ON1l/KfJAeqY5VlVRHiHnrImbHaIlh2x\nY61Ol51nvffXR3sa8+eCHHVmQAYpST51d7eKY6ewJOhjTEF3+2nHR3E3GTzfagpW\nqOcNq76KYjKQk0U/0Mq5p39pIYt3qhXnPeCwK5PMPsjtE34dnIFNAGVbyL4ZOw3o\ncHEbrvvbB5EnZ7V3wBWejRe5R4nAdDODvreV3OFDvdZul12yr7m5g8PmqH9LM5Vk\nmLsviGw05nnKxitGqgcfYANB0Ots21TUG//x9w+cBQKCAQEAvIa3F59kRuH2cXx3\nGKcGpsaRVxDUJnc8KBic47jp+dV7ymBPvQ5Xj7x4X7o+XvSj7xaGYsw6KQT9go6F\nq77RpPjUXmX9JONfx3nUCG6SvoQ3s/XuZOnK86nDBEambkZMWswU57dKO7RpAFHE\n9wyBKptIkO5zT2DAKiFde7vOzIMSaCMdJnTNOg1a1ILlnzmrqnYZIccIHO+D+z9Z\nQ8qWmrY06ZIFJgsal79uLzNGGa85Zx/CWTT5KYM6+F8RMxaGQg8vjGPYP0PPCNqm\nUxD8xCdxxNw9cArpXucqKumYCus3LNc0ERLPAx81TtQWwLAzw2Sat4+0bjVyYdfK\nm5J3sQKCAQBd9BqCc6J2Y3aoWYxvl+ggkswEgSVrc85fA+/RM85PV3hdMW+8C1gt\n/K5ae8CCqU62u8PkT/RwKwwbeIu/OY2ubt6U3pjWEB0AgA1nowT7Svt/Jt4R8utI\nboxfyf9GcdxZ5ORYNBZeknhxXww3KrPqrNkkRU8jubyLpYVVUADz2II2TTTPMEZu\nThJOeJM5oDTF6xjpCBtThus8LQSiQ1hhb/Z6SKg9Cq9o37XfIJg882XdI+7n8Ss7\nFPzxELWKgB6ezdfRgu2p5w6OwrzSA6AID0HeU2PHR/GvoGNTru0eDAZY0Qn0uR0h\nwZv5PLcqpaULlv9cIE4m/rrBYVyCrWG9AoIBAQCnc5ugEJ6eJUYPOTuf8ZMQtoaV\n2R4yGMxGirQ22rOlzMVqc/aQm8irvyzSFw3blfQYg7U6IgSCuDF3F6uR1QDWczmj\ntATPS5mlKKDtjWx3ti3XUbOQbyahByAcWAL2k5dbpuhY9pJfGXlhnBBtRRLnoXWJ\neNmb2RCN7zCMIqtYAv3WMRk9n2D1fOugU+Wgn7YrOzqnwDt4CRKPdr1pRxiv7yOm\nY2tOOo5OrGRkCy8p+7TPKr02CDuR/WlXV4b8xPt9fDR4woQeGueleREiHZ7s2Z8L\n15K+JJ7nOqlpsmiiiQ84gIHego4jMm+GXlZRUk/U87qCfbbgo4F1CbGdwp6u\n-----END RSA PRIVATE KEY-----\n",
            "public_key_fingerprint_md5": "e5:56:19:2b:10:28:37:53:60:c1:8c:dc:61:80:1c:7b",
            "public_key_openssh": "ssh-rsa AAAAB3NzaC1yc2EAAAADAQABAAACAQDSI78E0AxvGSovUo5yufDiP9C1aczYutBs6Nsh43V1AXymT13BUPCTI5P9ivg+dFiMIO2zz739jMznV3lJlEk5E27KQKWLlpOm1chX86yBw7TUX8PdoNE2hVFIjM7yhvmJ2gd3ptiGRlNUgqgQe3TRJNYgWySWwKiOt0ogfL0G/uJq/SK22urlWZoR9xHyzZ4isjAZIumt3AfpgCQTjJ3KTR19szck04illpj6NoWLjqeZTHSmaEchGM6hq4WcrJp53B6KNtU0t2NLQXGLoYZfwcwUTkfpUkjs5h6AEiug/fkxuqE5AcGH0/jaIKnDjCJPTLR3PvjMjal/4Df3u1X29K6Ibk0UvKyce9n9eG6xysX7ofLrxmX3N1Dfyc+uVHcBVBu6pIzDvhHqDgktJKNNlkCDyjKrplfacdbQ+E/YLNO/+OhP+ataC6A215ZHLeflpltrTkkFk32KxyNnNMCfi7b2VVtcc+xjDbEr9O9I0boXCoU7RckIDM4Hz0Gr6jtCd2WlLqZgkMth9RynMZrsMmuHN62c1jL5dv41YOLeD+RlSkohEsHwUtdBKUgPjsk8QX4JClOOzSo/n6rSvQbwyuWwd7iFtwMPXhdSNldUNlvaiiudQZ1p08SaWj0mk6EtXoksOS/u0rz2//T6RFblmi/QhSN7Da39ST6CCKVg7Q==\n",
            "public_key_pem": "-----BEGIN PUBLIC KEY-----\nMIICIjANBgkqhkiG9w0BAQEFAAOCAg8AMIICCgKCAgEA0iO/BNAMbxkqL1KOcrnw\n4j/QtWnM2LrQbOjbIeN1dQF8pk9dwVDwkyOT/Yr4PnRYjCDts8+9/YzM51d5SZRJ\nORNuykCli5aTptXIV/OsgcO01F/D3aDRNoVRSIzO8ob5idoHd6bYhkZTVIKoEHt0\n0STWIFsklsCojrdKIHy9Bv7iav0ittrq5VmaEfcR8s2eIrIwGSLprdwH6YAkE4yd\nyk0dfbM3JNOIpZaY+jaFi46nmUx0pmhHIRjOoauFnKyaedweijbVNLdjS0Fxi6GG\nX8HMFE5H6VJI7OYegBIroP35MbqhOQHBh9P42iCpw4wiT0y0dz74zI2pf+A397tV\n9vSuiG5NFLysnHvZ/XhuscrF+6Hy68Zl9zdQ38nPrlR3AVQbuqSMw74R6g4JLSSj\nTZZAg8oyq6ZX2nHW0PhP2CzTv/joT/mrWgugNteWRy3n5aZba05JBZN9iscjZzTA\nn4u29lVbXHPsYw2xK/TvSNG6FwqFO0XJCAzOB89Bq+o7QndlpS6mYJDLYfUcpzGa\n7DJrhzetnNYy+Xb+NWDi3g/kZUpKIRLB8FLXQSlID47JPEF+CQpTjs0qP5+q0r0G\n8MrlsHe4hbcDD14XUjZXVDZb2oornUGdadPEmlo9JpOhLV6JLDkv7tK89v/0+kRW\n5Zov0IUjew2t/Uk+ggilYO0CAwEAAQ==\n-----END PUBLIC KEY-----\n",
            "rsa_bits": 4096
          },
          "sensitive_attributes": [],
          "private": "bnVsbA=="
        }
      ]
    },
    {
      "module": "module.compute",
      "mode": "data",
      "type": "aws_ssm_parameter",
      "name": "linux_latest_ami",
      "provider": "provider[\"registry.terraform.io/hashicorp/aws\"]",
      "instances": [
        {
          "schema_version": 0,
          "attributes": {
            "arn": "arn:aws:ssm:ap-southeast-2::parameter/aws/service/ami-amazon-linux-latest/amzn2-ami-hvm-x86_64-gp2",
            "id": "/aws/service/ami-amazon-linux-latest/amzn2-ami-hvm-x86_64-gp2",
            "name": "/aws/service/ami-amazon-linux-latest/amzn2-ami-hvm-x86_64-gp2",
            "type": "String",
            "value": "ami-05c029a4b57edda9e",
            "version": 52,
            "with_decryption": true
          },
          "sensitive_attributes": []
        }
      ]
    },
    {
      "module": "module.compute",
      "mode": "managed",
      "type": "aws_instance",
      "name": "app_instance",
      "provider": "provider[\"registry.terraform.io/hashicorp/aws\"]",
      "instances": [
        {
          "schema_version": 1,
          "attributes": {
            "ami": "ami-05c029a4b57edda9e",
            "arn": "arn:aws:ec2:ap-southeast-2:915507324179:instance/i-0ee3480c2c09ed153",
            "associate_public_ip_address": true,
            "availability_zone": "ap-southeast-2a",
            "capacity_reservation_specification": [
              {
                "capacity_reservation_preference": "open",
                "capacity_reservation_target": []
              }
            ],
            "cpu_core_count": 1,
            "cpu_threads_per_core": 1,
            "credit_specification": [
              {
                "cpu_credits": "standard"
              }
            ],
            "disable_api_termination": false,
            "ebs_block_device": [],
            "ebs_optimized": false,
            "enclave_options": [
              {
                "enabled": false
              }
            ],
            "ephemeral_block_device": [],
            "get_password_data": false,
            "hibernation": false,
            "host_id": null,
            "iam_instance_profile": "",
            "id": "i-0ee3480c2c09ed153",
            "instance_initiated_shutdown_behavior": "stop",
            "instance_state": "running",
            "instance_type": "t2.micro",
            "ipv6_address_count": 0,
            "ipv6_addresses": [],
            "key_name": "p3_uat",
            "launch_template": [],
            "metadata_options": [
              {
                "http_endpoint": "enabled",
                "http_put_response_hop_limit": 1,
                "http_tokens": "optional"
              }
            ],
            "monitoring": false,
            "network_interface": [],
            "outpost_arn": "",
            "password_data": "",
            "placement_group": "",
            "placement_partition_number": null,
            "primary_network_interface_id": "eni-094b1d14c1444fb1d",
            "private_dns": "ip-172-16-1-238.ap-southeast-2.compute.internal",
            "private_ip": "172.16.1.238",
            "public_dns": "",
            "public_ip": "54.206.118.45",
            "root_block_device": [
              {
                "delete_on_termination": true,
                "device_name": "/dev/xvda",
                "encrypted": false,
                "iops": 100,
                "kms_key_id": "",
                "tags": {},
                "throughput": 0,
                "volume_id": "vol-0deb35258d3237e95",
                "volume_size": 8,
                "volume_type": "gp2"
              }
            ],
            "secondary_private_ips": [],
            "security_groups": [],
            "source_dest_check": true,
            "subnet_id": "subnet-01db9070d210e0dcc",
            "tags": {
              "Project": "Public UAT"
            },
            "tags_all": {
              "Project": "Public UAT"
            },
            "tenancy": "default",
            "timeouts": null,
            "user_data": null,
            "user_data_base64": null,
            "volume_tags": null,
            "vpc_security_group_ids": [
              "sg-081ade307067c85d1",
              "sg-0d79c3c214649d44a"
            ]
          },
          "sensitive_attributes": [
            [
              {
                "type": "get_attr",
                "value": "ami"
              }
            ]
          ],
          "private": "eyJlMmJmYjczMC1lY2FhLTExZTYtOGY4OC0zNDM2M2JjN2M0YzAiOnsiY3JlYXRlIjo2MDAwMDAwMDAwMDAsImRlbGV0ZSI6MTIwMDAwMDAwMDAwMCwidXBkYXRlIjo2MDAwMDAwMDAwMDB9LCJzY2hlbWFfdmVyc2lvbiI6IjEifQ==",
          "dependencies": [
            "aws_security_group.app_sg",
            "aws_security_group.general_sg",
            "aws_subnet.pub_sub",
            "aws_vpc.main",
            "module.compute.data.aws_ssm_parameter.linux_latest_ami"
          ]
        }
      ]
    },
    {
      "module": "module.compute",
      "mode": "managed",
      "type": "aws_instance",
      "name": "nginx",
      "provider": "provider[\"registry.terraform.io/hashicorp/aws\"]",
      "instances": [
        {
          "schema_version": 1,
          "attributes": {
            "ami": "ami-05c029a4b57edda9e",
            "arn": "arn:aws:ec2:ap-southeast-2:915507324179:instance/i-003cf28389ff9bc94",
            "associate_public_ip_address": true,
            "availability_zone": "ap-southeast-2a",
            "capacity_reservation_specification": [
              {
                "capacity_reservation_preference": "open",
                "capacity_reservation_target": []
              }
            ],
            "cpu_core_count": 1,
            "cpu_threads_per_core": 1,
            "credit_specification": [
              {
                "cpu_credits": "standard"
              }
            ],
            "disable_api_termination": false,
            "ebs_block_device": [],
            "ebs_optimized": false,
            "enclave_options": [
              {
                "enabled": false
              }
            ],
            "ephemeral_block_device": [],
            "get_password_data": false,
            "hibernation": false,
            "host_id": null,
            "iam_instance_profile": "",
            "id": "i-003cf28389ff9bc94",
            "instance_initiated_shutdown_behavior": "stop",
            "instance_state": "running",
            "instance_type": "t2.micro",
            "ipv6_address_count": 0,
            "ipv6_addresses": [],
            "key_name": "p3_uat",
            "launch_template": [],
            "metadata_options": [
              {
                "http_endpoint": "enabled",
                "http_put_response_hop_limit": 1,
                "http_tokens": "optional"
              }
            ],
            "monitoring": false,
            "network_interface": [],
            "outpost_arn": "",
            "password_data": "",
            "placement_group": "",
            "placement_partition_number": null,
            "primary_network_interface_id": "eni-08d6ffc1deca722de",
            "private_dns": "ip-172-16-1-156.ap-southeast-2.compute.internal",
            "private_ip": "172.16.1.156",
            "public_dns": "",
            "public_ip": "13.239.120.93",
            "root_block_device": [
              {
                "delete_on_termination": true,
                "device_name": "/dev/xvda",
                "encrypted": false,
                "iops": 100,
                "kms_key_id": "",
                "tags": {},
                "throughput": 0,
                "volume_id": "vol-05d6d82091e8e83c0",
                "volume_size": 8,
                "volume_type": "gp2"
              }
            ],
            "secondary_private_ips": [],
            "security_groups": [],
            "source_dest_check": true,
            "subnet_id": "subnet-01db9070d210e0dcc",
            "tags": {
              "Project": "Public UAT"
            },
            "tags_all": {
              "Project": "Public UAT"
            },
            "tenancy": "default",
            "timeouts": null,
            "user_data": null,
            "user_data_base64": null,
            "volume_tags": null,
            "vpc_security_group_ids": [
              "sg-06896282e07675b4e",
              "sg-081ade307067c85d1"
            ]
          },
          "sensitive_attributes": [
            [
              {
                "type": "get_attr",
                "value": "ami"
              }
            ]
          ],
          "private": "eyJlMmJmYjczMC1lY2FhLTExZTYtOGY4OC0zNDM2M2JjN2M0YzAiOnsiY3JlYXRlIjo2MDAwMDAwMDAwMDAsImRlbGV0ZSI6MTIwMDAwMDAwMDAwMCwidXBkYXRlIjo2MDAwMDAwMDAwMDB9LCJzY2hlbWFfdmVyc2lvbiI6IjEifQ==",
          "dependencies": [
            "module.compute.data.aws_ssm_parameter.linux_latest_ami",
            "aws_security_group.general_sg",
            "aws_security_group.nginx_sg",
            "aws_subnet.pub_sub",
            "aws_vpc.main"
          ]
        }
      ]
    }
  ]
}
