{
  "version": 4,
  "terraform_version": "1.0.8",
  "serial": 229,
  "lineage": "455840e5-acd1-d9d0-d425-e3c6f7e3174e",
  "outputs": {
    "app_instance_ip": {
      "value": "13.210.149.146",
      "type": "string"
    },
    "mongodb_connection_strings": {
      "value": "mongodb+srv://p3-uat.ofl9c.mongodb.net",
      "type": "string"
    },
    "nginx_ip": {
      "value": "3.25.244.54",
      "type": "string"
    },
    "ssh_key_path": {
      "value": "C:\\Users\\Andy\\.ssh\\p3_uat.pem",
      "type": "string"
    }
  },
  "resources": [
    {
      "mode": "managed",
      "type": "aws_internet_gateway",
      "name": "igw",
      "provider": "provider[\"registry.terraform.io/hashicorp/aws\"]",
      "instances": [
        {
          "schema_version": 0,
          "attributes": {
            "arn": "arn:aws:ec2:ap-southeast-2:915507324179:internet-gateway/igw-04c7c775233c7d4e8",
            "id": "igw-04c7c775233c7d4e8",
            "owner_id": "915507324179",
            "tags": {
              "Project": "Public UAT"
            },
            "tags_all": {
              "Project": "Public UAT"
            },
            "vpc_id": "vpc-0a7f9083654dfdafc"
          },
          "sensitive_attributes": [],
          "private": "bnVsbA==",
          "dependencies": [
            "aws_vpc.main"
          ]
        }
      ]
    },
    {
      "mode": "managed",
      "type": "aws_key_pair",
      "name": "key_pair",
      "provider": "provider[\"registry.terraform.io/hashicorp/aws\"]",
      "instances": [
        {
          "schema_version": 1,
          "attributes": {
            "arn": "arn:aws:ec2:ap-southeast-2:915507324179:key-pair/p3_uat",
            "fingerprint": "18:7e:39:6c:0b:b2:8a:70:f6:43:af:db:9f:32:8f:20",
            "id": "p3_uat",
            "key_name": "p3_uat",
            "key_name_prefix": null,
            "key_pair_id": "key-0c54249a3db9b84ef",
            "public_key": "ssh-rsa AAAAB3NzaC1yc2EAAAADAQABAAACAQDeFW/VUG7GHK+0x8uja0l8vFNFjYPvqPbxf3wHZNd8UpVDKnTP9q3HtIbIIu6SqnYEMnh+9rxyiIeIi7u6yEpMk337olMwJ166dhx/PgLxqoVDI2NPVJvASefvgjQWvNUMRaqIF4iFN7HlzJv3WGsV79xH3apILX30yLjZ2ulMN7hoXh/SGWIkDRZGGOgxre5zOiT0YHBgpkomvMvil8ysEe6VOS1FRj2rDawS2SpK8bgBqWHVBiSiaDoredix7bTmqtsZVgNUOrRBELAZqBtwKDsgDx9nM8NMKuCu9HuGy8YrcKVhZdtGYmI3lu4EAlnVRWCTx88uum1Lp3pmyLzhE3Xav6GAjbiV5gugVZrpeICbxLrx/hx80GCEolzCJ5XeRTKlu9bWv5lfj0aGpy957RnKZGnx5O/BlDaHTcmNot2zLcow2flYxP6aFer/ywUgg149Oo5zLi94UKt78gzTbBbBhomESz2C84MzgO+L0uaaJwaHJekS9k4jPiN3tsuR/YPJmZ6qCiNDk+J+niGySM1TwQcVQ/sJ9p7ycNAuViCysdIBwmH5EpEYmMa0kHxLH9VAP5SdFGkT/+GuBxRHk/4h9KLyXDbfviAEO5X5GfAdsWpFFNr+MgBNGF5myociNJNuHJxGnJCBQOJhAA1U6IHZNOZhd8nyOMvPCvs5bQ==",
            "tags": {},
            "tags_all": {}
          },
          "sensitive_attributes": [],
          "private": "eyJzY2hlbWFfdmVyc2lvbiI6IjEifQ==",
          "dependencies": [
            "tls_private_key.rsa_key"
          ]
        }
      ]
    },
    {
      "mode": "managed",
      "type": "aws_route_table",
      "name": "pub_rt",
      "provider": "provider[\"registry.terraform.io/hashicorp/aws\"]",
      "instances": [
        {
          "schema_version": 0,
          "attributes": {
            "arn": "arn:aws:ec2:ap-southeast-2:915507324179:route-table/rtb-085469fdbe5fd6ebd",
            "id": "rtb-085469fdbe5fd6ebd",
            "owner_id": "915507324179",
            "propagating_vgws": [],
            "route": [
              {
                "carrier_gateway_id": "",
                "cidr_block": "0.0.0.0/0",
                "destination_prefix_list_id": "",
                "egress_only_gateway_id": "",
                "gateway_id": "igw-04c7c775233c7d4e8",
                "instance_id": "",
                "ipv6_cidr_block": "",
                "local_gateway_id": "",
                "nat_gateway_id": "",
                "network_interface_id": "",
                "transit_gateway_id": "",
                "vpc_endpoint_id": "",
                "vpc_peering_connection_id": ""
              }
            ],
            "tags": {
              "Project": "Public UAT"
            },
            "tags_all": {
              "Project": "Public UAT"
            },
            "timeouts": null,
            "vpc_id": "vpc-0a7f9083654dfdafc"
          },
          "sensitive_attributes": [],
          "private": "eyJlMmJmYjczMC1lY2FhLTExZTYtOGY4OC0zNDM2M2JjN2M0YzAiOnsiY3JlYXRlIjoxMjAwMDAwMDAwMDAsImRlbGV0ZSI6MzAwMDAwMDAwMDAwLCJ1cGRhdGUiOjEyMDAwMDAwMDAwMH19",
          "dependencies": [
            "aws_internet_gateway.igw",
            "aws_vpc.main"
          ]
        }
      ]
    },
    {
      "mode": "managed",
      "type": "aws_route_table_association",
      "name": "rt_assoc",
      "provider": "provider[\"registry.terraform.io/hashicorp/aws\"]",
      "instances": [
        {
          "schema_version": 0,
          "attributes": {
            "gateway_id": "",
            "id": "rtbassoc-06d83601daea3a44f",
            "route_table_id": "rtb-085469fdbe5fd6ebd",
            "subnet_id": "subnet-0359a07718098d8a8"
          },
          "sensitive_attributes": [],
          "private": "bnVsbA==",
          "dependencies": [
            "aws_internet_gateway.igw",
            "aws_route_table.pub_rt",
            "aws_subnet.pub_sub",
            "aws_vpc.main"
          ]
        }
      ]
    },
    {
      "mode": "managed",
      "type": "aws_security_group",
      "name": "app_sg",
      "provider": "provider[\"registry.terraform.io/hashicorp/aws\"]",
      "instances": [
        {
          "schema_version": 1,
          "attributes": {
            "arn": "arn:aws:ec2:ap-southeast-2:915507324179:security-group/sg-02154808d86c842a2",
            "description": "Managed by Terraform",
            "egress": [
              {
                "cidr_blocks": [
                  "0.0.0.0/0"
                ],
                "description": "",
                "from_port": 80,
                "ipv6_cidr_blocks": [],
                "prefix_list_ids": [],
                "protocol": "tcp",
                "security_groups": [],
                "self": false,
                "to_port": 80
              }
            ],
            "id": "sg-02154808d86c842a2",
            "ingress": [
              {
                "cidr_blocks": [
                  "0.0.0.0/0"
                ],
                "description": "",
                "from_port": 22,
                "ipv6_cidr_blocks": [],
                "prefix_list_ids": [],
                "protocol": "tcp",
                "security_groups": [],
                "self": false,
                "to_port": 22
              }
            ],
            "name": "terraform-20211027113023724700000003",
            "name_prefix": "terraform-",
            "owner_id": "915507324179",
            "revoke_rules_on_delete": false,
            "tags": {
              "Project": "Public UAT"
            },
            "tags_all": {
              "Project": "Public UAT"
            },
            "timeouts": null,
            "vpc_id": "vpc-0a7f9083654dfdafc"
          },
          "sensitive_attributes": [],
          "private": "eyJlMmJmYjczMC1lY2FhLTExZTYtOGY4OC0zNDM2M2JjN2M0YzAiOnsiY3JlYXRlIjo2MDAwMDAwMDAwMDAsImRlbGV0ZSI6OTAwMDAwMDAwMDAwfSwic2NoZW1hX3ZlcnNpb24iOiIxIn0=",
          "dependencies": [
            "aws_vpc.main"
          ]
        }
      ]
    },
    {
      "mode": "managed",
      "type": "aws_security_group",
      "name": "general_sg",
      "provider": "provider[\"registry.terraform.io/hashicorp/aws\"]",
      "instances": [
        {
          "schema_version": 1,
          "attributes": {
            "arn": "arn:aws:ec2:ap-southeast-2:915507324179:security-group/sg-00a3719af9676ddcd",
            "description": "Managed by Terraform",
            "egress": [
              {
                "cidr_blocks": [
                  "0.0.0.0/0"
                ],
                "description": "",
                "from_port": 80,
                "ipv6_cidr_blocks": [],
                "prefix_list_ids": [],
                "protocol": "tcp",
                "security_groups": [],
                "self": false,
                "to_port": 80
              }
            ],
            "id": "sg-00a3719af9676ddcd",
            "ingress": [],
            "name": "terraform-20211027113023710000000001",
            "name_prefix": "terraform-",
            "owner_id": "915507324179",
            "revoke_rules_on_delete": false,
            "tags": {
              "Project": "Public UAT"
            },
            "tags_all": {
              "Project": "Public UAT"
            },
            "timeouts": null,
            "vpc_id": "vpc-0a7f9083654dfdafc"
          },
          "sensitive_attributes": [],
          "private": "eyJlMmJmYjczMC1lY2FhLTExZTYtOGY4OC0zNDM2M2JjN2M0YzAiOnsiY3JlYXRlIjo2MDAwMDAwMDAwMDAsImRlbGV0ZSI6OTAwMDAwMDAwMDAwfSwic2NoZW1hX3ZlcnNpb24iOiIxIn0=",
          "dependencies": [
            "aws_vpc.main"
          ]
        }
      ]
    },
    {
      "mode": "managed",
      "type": "aws_security_group",
      "name": "nginx_sg",
      "provider": "provider[\"registry.terraform.io/hashicorp/aws\"]",
      "instances": [
        {
          "schema_version": 1,
          "attributes": {
            "arn": "arn:aws:ec2:ap-southeast-2:915507324179:security-group/sg-01a185a18c320224b",
            "description": "Managed by Terraform",
            "egress": [
              {
                "cidr_blocks": [
                  "0.0.0.0/0"
                ],
                "description": "",
                "from_port": 22,
                "ipv6_cidr_blocks": [],
                "prefix_list_ids": [],
                "protocol": "tcp",
                "security_groups": [],
                "self": false,
                "to_port": 22
              }
            ],
            "id": "sg-01a185a18c320224b",
            "ingress": [
              {
                "cidr_blocks": [
                  "0.0.0.0/0"
                ],
                "description": "",
                "from_port": 22,
                "ipv6_cidr_blocks": [],
                "prefix_list_ids": [],
                "protocol": "tcp",
                "security_groups": [],
                "self": false,
                "to_port": 22
              }
            ],
            "name": "terraform-20211027113023710000000002",
            "name_prefix": "terraform-",
            "owner_id": "915507324179",
            "revoke_rules_on_delete": false,
            "tags": {
              "Project": "Public UAT"
            },
            "tags_all": {
              "Project": "Public UAT"
            },
            "timeouts": null,
            "vpc_id": "vpc-0a7f9083654dfdafc"
          },
          "sensitive_attributes": [],
          "private": "eyJlMmJmYjczMC1lY2FhLTExZTYtOGY4OC0zNDM2M2JjN2M0YzAiOnsiY3JlYXRlIjo2MDAwMDAwMDAwMDAsImRlbGV0ZSI6OTAwMDAwMDAwMDAwfSwic2NoZW1hX3ZlcnNpb24iOiIxIn0=",
          "dependencies": [
            "aws_vpc.main"
          ]
        }
      ]
    },
    {
      "mode": "managed",
      "type": "aws_security_group_rule",
      "name": "in_ssh_app_from_anywhere",
      "provider": "provider[\"registry.terraform.io/hashicorp/aws\"]",
      "instances": [
        {
          "schema_version": 2,
          "attributes": {
            "cidr_blocks": [
              "0.0.0.0/0"
            ],
            "description": "",
            "from_port": 22,
            "id": "sgrule-3414411361",
            "ipv6_cidr_blocks": [],
            "prefix_list_ids": [],
            "protocol": "tcp",
            "security_group_id": "sg-02154808d86c842a2",
            "self": false,
            "source_security_group_id": null,
            "to_port": 22,
            "type": "ingress"
          },
          "sensitive_attributes": [],
          "private": "eyJzY2hlbWFfdmVyc2lvbiI6IjIifQ==",
          "dependencies": [
            "aws_security_group.app_sg",
            "aws_vpc.main"
          ]
        }
      ]
    },
    {
      "mode": "managed",
      "type": "aws_security_group_rule",
      "name": "in_ssh_bastion_from_anywhere",
      "provider": "provider[\"registry.terraform.io/hashicorp/aws\"]",
      "instances": [
        {
          "schema_version": 2,
          "attributes": {
            "cidr_blocks": [
              "0.0.0.0/0"
            ],
            "description": "",
            "from_port": 22,
            "id": "sgrule-1167581656",
            "ipv6_cidr_blocks": [],
            "prefix_list_ids": [],
            "protocol": "tcp",
            "security_group_id": "sg-01a185a18c320224b",
            "self": false,
            "source_security_group_id": null,
            "to_port": 22,
            "type": "ingress"
          },
          "sensitive_attributes": [],
          "private": "eyJzY2hlbWFfdmVyc2lvbiI6IjIifQ==",
          "dependencies": [
            "aws_security_group.nginx_sg",
            "aws_vpc.main"
          ]
        }
      ]
    },
    {
      "mode": "managed",
      "type": "aws_security_group_rule",
      "name": "out_http",
      "provider": "provider[\"registry.terraform.io/hashicorp/aws\"]",
      "instances": [
        {
          "schema_version": 2,
          "attributes": {
            "cidr_blocks": [
              "0.0.0.0/0"
            ],
            "description": "",
            "from_port": 80,
            "id": "sgrule-413423180",
            "ipv6_cidr_blocks": [],
            "prefix_list_ids": [],
            "protocol": "tcp",
            "security_group_id": "sg-00a3719af9676ddcd",
            "self": false,
            "source_security_group_id": null,
            "to_port": 80,
            "type": "egress"
          },
          "sensitive_attributes": [],
          "private": "eyJzY2hlbWFfdmVyc2lvbiI6IjIifQ==",
          "dependencies": [
            "aws_security_group.general_sg",
            "aws_vpc.main"
          ]
        }
      ]
    },
    {
      "mode": "managed",
      "type": "aws_security_group_rule",
      "name": "out_http_app_to_anywhere",
      "provider": "provider[\"registry.terraform.io/hashicorp/aws\"]",
      "instances": [
        {
          "schema_version": 2,
          "attributes": {
            "cidr_blocks": [
              "0.0.0.0/0"
            ],
            "description": "",
            "from_port": 80,
            "id": "sgrule-81588441",
            "ipv6_cidr_blocks": [],
            "prefix_list_ids": [],
            "protocol": "tcp",
            "security_group_id": "sg-02154808d86c842a2",
            "self": false,
            "source_security_group_id": null,
            "to_port": 80,
            "type": "egress"
          },
          "sensitive_attributes": [],
          "private": "eyJzY2hlbWFfdmVyc2lvbiI6IjIifQ==",
          "dependencies": [
            "aws_security_group.app_sg",
            "aws_vpc.main"
          ]
        }
      ]
    },
    {
      "mode": "managed",
      "type": "aws_security_group_rule",
      "name": "out_ssh_bastion_to_anywhere",
      "provider": "provider[\"registry.terraform.io/hashicorp/aws\"]",
      "instances": [
        {
          "schema_version": 2,
          "attributes": {
            "cidr_blocks": [
              "0.0.0.0/0"
            ],
            "description": "",
            "from_port": 22,
            "id": "sgrule-1114257531",
            "ipv6_cidr_blocks": [],
            "prefix_list_ids": [],
            "protocol": "tcp",
            "security_group_id": "sg-01a185a18c320224b",
            "self": false,
            "source_security_group_id": null,
            "to_port": 22,
            "type": "egress"
          },
          "sensitive_attributes": [],
          "private": "eyJzY2hlbWFfdmVyc2lvbiI6IjIifQ==",
          "dependencies": [
            "aws_security_group.nginx_sg",
            "aws_vpc.main"
          ]
        }
      ]
    },
    {
      "mode": "managed",
      "type": "aws_subnet",
      "name": "pub_sub",
      "provider": "provider[\"registry.terraform.io/hashicorp/aws\"]",
      "instances": [
        {
          "schema_version": 1,
          "attributes": {
            "arn": "arn:aws:ec2:ap-southeast-2:915507324179:subnet/subnet-0359a07718098d8a8",
            "assign_ipv6_address_on_creation": false,
            "availability_zone": "ap-southeast-2a",
            "availability_zone_id": "apse2-az3",
            "cidr_block": "172.16.1.0/24",
            "customer_owned_ipv4_pool": "",
            "id": "subnet-0359a07718098d8a8",
            "ipv6_cidr_block": "",
            "ipv6_cidr_block_association_id": "",
            "map_customer_owned_ip_on_launch": false,
            "map_public_ip_on_launch": true,
            "outpost_arn": "",
            "owner_id": "915507324179",
            "tags": {
              "Project": "Public UAT"
            },
            "tags_all": {
              "Project": "Public UAT"
            },
            "timeouts": null,
            "vpc_id": "vpc-0a7f9083654dfdafc"
          },
          "sensitive_attributes": [],
          "private": "eyJlMmJmYjczMC1lY2FhLTExZTYtOGY4OC0zNDM2M2JjN2M0YzAiOnsiY3JlYXRlIjo2MDAwMDAwMDAwMDAsImRlbGV0ZSI6MTIwMDAwMDAwMDAwMH0sInNjaGVtYV92ZXJzaW9uIjoiMSJ9",
          "dependencies": [
            "aws_vpc.main"
          ]
        }
      ]
    },
    {
      "mode": "managed",
      "type": "aws_vpc",
      "name": "main",
      "provider": "provider[\"registry.terraform.io/hashicorp/aws\"]",
      "instances": [
        {
          "schema_version": 1,
          "attributes": {
            "arn": "arn:aws:ec2:ap-southeast-2:915507324179:vpc/vpc-0a7f9083654dfdafc",
            "assign_generated_ipv6_cidr_block": false,
            "cidr_block": "172.16.0.0/16",
            "default_network_acl_id": "acl-00fd7d837b4e11775",
            "default_route_table_id": "rtb-038689de0e5f7c6ea",
            "default_security_group_id": "sg-03caf0626d0ff7a36",
            "dhcp_options_id": "dopt-71919c16",
            "enable_classiclink": false,
            "enable_classiclink_dns_support": false,
            "enable_dns_hostnames": false,
            "enable_dns_support": true,
            "id": "vpc-0a7f9083654dfdafc",
            "instance_tenancy": "default",
            "ipv6_association_id": "",
            "ipv6_cidr_block": "",
            "main_route_table_id": "rtb-038689de0e5f7c6ea",
            "owner_id": "915507324179",
            "tags": {
              "Project": "Public UAT"
            },
            "tags_all": {
              "Project": "Public UAT"
            }
          },
          "sensitive_attributes": [],
          "private": "eyJzY2hlbWFfdmVyc2lvbiI6IjEifQ=="
        }
      ]
    },
    {
      "mode": "managed",
      "type": "local_file",
      "name": "my_key_file",
      "provider": "provider[\"registry.terraform.io/hashicorp/local\"]",
      "instances": [
        {
          "schema_version": 0,
          "attributes": {
            "content": "-----BEGIN RSA PRIVATE KEY-----\nMIIJKQIBAAKCAgEA3hVv1VBuxhyvtMfLo2tJfLxTRY2D76j28X98B2TXfFKVQyp0\nz/atx7SGyCLukqp2BDJ4fva8coiHiIu7ushKTJN9+6JTMCdeunYcfz4C8aqFQyNj\nT1SbwEnn74I0FrzVDEWqiBeIhTex5cyb91hrFe/cR92qSC199Mi42drpTDe4aF4f\n0hliJA0WRhjoMa3uczok9GBwYKZKJrzL4pfMrBHulTktRUY9qw2sEtkqSvG4Aalh\n1QYkomg6K3nYse205qrbGVYDVDq0QRCwGagbcCg7IA8fZzPDTCrgrvR7hsvGK3Cl\nYWXbRmJiN5buBAJZ1UVgk8fPLrptS6d6Zsi84RN12r+hgI24leYLoFWa6XiAm8S6\n8f4cfNBghKJcwieV3kUypbvW1r+ZX49Ghqcvee0ZymRp8eTvwZQ2h03JjaLdsy3K\nMNn5WMT+mhXq/8sFIINePTqOcy4veFCre/IM02wWwYaJhEs9gvODM4Dvi9LmmicG\nhyXpEvZOIz4jd7bLkf2DyZmeqgojQ5Pifp4hskjNU8EHFUP7Cfae8nDQLlYgsrHS\nAcJh+RKRGJjGtJB8Sx/VQD+UnRRpE//hrgcUR5P+IfSi8lw2374gBDuV+RnwHbFq\nRRTa/jIATRheZsqHIjSTbhycRpyQgUDiYQANVOiB2TTmYXfJ8jjLzwr7OW0CAwEA\nAQKCAgEA17dm24K3NsQif60aRnAt/3VGRWcCYsZyp303Uk9HaEEnLwiMUny/rB3U\nVY5owhnFbKpBlMHBplarn5xrCzEFyn/xfXzc5Qc44lFbuNTZMzh5HQ/ApQwABbVE\nDscgJX3iS3tX+70wJIZGzHoEfStrSPGlvEC56EYX9K8LrsEOn7P38ZiLvB5fz7jO\ni+Qhli/mUBKIVr9eKOMdX6c/O6hLbFA2uMfDC2kA+afcHqrGg+lq3GJU3wCKkR5A\ncn52V84XS39mNqPvs98Zu6GkDCfYDwdk9uz5idsjtlZnzEk5u2Mv6H4QhhzT8vgZ\ngvmd1FMcQyaSerk4q6D2DOhu4mvV2dJ8Jv9DBO2lBcMSBm/w2vadQnD2psnzw1hB\nJTJc2YvZYlrne/MItfTdsC6qfYTCV80Iqraf44KmUZ/IO08aDxea8fHrUVpgJcUx\nFTjAahAkM++tCc0VYXmBP2+EKmH6YrgtlO1qHIbdhDtTff/XwQmiLSLaEnk83ZYY\nxbluKRewRDAW5wNIHMdhKrlWqbVfDmZ/O3hd6jvAc/3Vg28VAthPWOo9KdjjDna4\no3/hjFJww6zBHKFln6/9aVhCfCDH0ltsOTp9uPbNE96MDk+VCzu67o6X68O/nMPp\njypU/djUWdhH602Nlk0WavtCR1Bn6lmfkP+SBPbWZU1cdhmBEEECggEBAOEa/sSo\n8ovQLmuHXEc/fEzza7zEKpXsyxHxH8lfgJpTDfGuzO5Rd9kWbjFoO/mLqcs2wFv4\nvZExjsP05pa6Ob+290NAMk4i/AkHjWp+CP1ozNDu3SLJ3psc4qhchRr47QAEvWSk\naiyVOek85MI1+8vnEbFL6neP906Vk3me7+jWkQX+soofYNM7cJebf5cgNpgtyTnk\npH1ScCTiKbS2LX5dbIEdSYI6XsXuCYQh/om2v8peUST32WswiHfKuR6f9DuHZsSm\nwyG6UWwuVvD1op6HxGPDpRVw9S5YHtApdVVBnbittEnfRvOHpipSAh3zuemA6HRV\nztyrxePKKAnGjqkCggEBAPyQRlni1HH4inL3FNPtf9kaHtm0VC5KbIiysRbIhtK7\nhaFCVVilUkx9Z7GNhftwsIi02XCtQsMZRJ7I2ZsSpg5FAnc4xW0dfFiGuDYB9P3D\nTYtsNWJWcAP+PXidfP0Jmi4z20cxsAE6WXXkDJorphNa+HhnBBm3aqxuxJnl/kMb\nCh5Meqn/kj8siPCTxz/JQW+502H+mT3YQazUh6on6O8L46pY/0tGRfILYB6e2t0E\nJG8UDExEySwJGBmeuoj35WasZC8EIAZupZ0z19MBdBnrAYIQp3aCVLuZPZq4F1+Y\nTRsDOJ1m1baj8sSZ1b1WsmctOwpnOsf78yGg/Ge7oyUCggEBAIhPNXjWqVC6dnGM\nnPdT3SwnttSuoO76XZl2vn3NQ+2vX2E7LUMeuAkPyRhH+xFIXj/83oyS2g/Cx6Wn\ndb5N9ExAOghSJmQkUSQSm7KhsUXqISRfkC7RuOeKnUHADKXhmHoLZLg9y0FF97Rh\nuFBWKiw1twP6aXePCP1gG9ZoxPPkghr0OR7kk1g1xR84/REBY63RA+n3pxdwRRJA\nlWqlanT7k4m3t1yRhfQrCT4m66ButkKPzGkrYE/FKs4HRwPhbh5iBnwMU1roHQf6\nI5Fz3M5MfkK/JQcPyJgQqk/42uEOg7hiDyswdiFfweIcmMWUYb6g3aIcl9AOgB1I\nu+f3gUkCggEAdw/Qimk7O2suYVoHUIziu0bsCjdPg+8D0UFj6Fip7kgGi+nIcByn\nenWX34TXB5ytLBUNeGfFVFHiHnSS2N7mt01jBy8VKwY+a0E/L/6mLsbWFIbzd6NF\n9SvycJzVojfXnjZGBf7vePS33bKfGkK/bNpyzdfKgBEOUbF6Lw7UWXAyyevF28Qm\nfm+RMtCHmpNWrMPOWaD7PsNm2oHqXpWn4qEZN2HzH9pF+P/R1T2P8acVQeQSlBXN\nPFwhJ1rDlvQ+CbP1GpD4Q+//VOdutAM4Z0t5D4aoW16/cRyhhQGJyz/yAWz4UIN8\n9je9p17Z+wMW4TraXWIivMoSaOUKeCBlnQKCAQAf9sHgQK0ME/wfN53QmYLdwAUX\niE1/umhErsYsCF8401uLjw3w2CyfL8lMQJUJZRsSyrNuK7oFlPRFs+vfddgOq8vb\nbyqeBlR66qW2ESYGcAh2PS4FGtDaICC8JZytMUe4BgUJkDj5dcW0rBkafsXiC4ds\nAtDM0MrY8ngjX99Ly1iqA20dMvifTGDO3SoyEflcpoRgcXN0QWSNG+7DI/lgmnS+\nNpi8GI7fSRo9V2TnHvcrhSYi382XfcVqZ6+QCYUp14E1e/iwYFENLE+cMm8tCQuX\nfw+R72mAQsNyNrvjc4GeemJVZLhA6hfS8diwV9/kA01htScgbJk5YcYTUhdi\n-----END RSA PRIVATE KEY-----\n",
            "content_base64": null,
            "directory_permission": "0777",
            "file_permission": "0777",
            "filename": "C:\\Users\\Andy\\.ssh\\p3_uat.pem",
            "id": "1a3dc2aff339dca344ea2a39a46c3376cd924209",
            "sensitive_content": null,
            "source": null
          },
          "sensitive_attributes": [
            [
              {
                "type": "get_attr",
                "value": "content"
              }
            ]
          ],
          "private": "bnVsbA==",
          "dependencies": [
            "tls_private_key.rsa_key"
          ]
        }
      ]
    },
    {
      "mode": "managed",
      "type": "mongodbatlas_cluster",
      "name": "my_cluster",
      "provider": "provider[\"registry.terraform.io/mongodb/mongodbatlas\"]",
      "instances": [
        {
          "schema_version": 1,
          "attributes": {
            "advanced_configuration": [
              {
                "default_read_concern": "",
                "default_write_concern": "",
                "fail_index_key_too_long": false,
                "javascript_enabled": true,
                "minimum_enabled_tls_protocol": "TLS1_2",
                "no_table_scan": false,
                "oplog_size_mb": 0,
                "sample_refresh_interval_bi_connector": 0,
                "sample_size_bi_connector": 0
              }
            ],
            "auto_scaling_compute_enabled": false,
            "auto_scaling_compute_scale_down_enabled": false,
            "auto_scaling_disk_gb_enabled": false,
            "backing_provider_name": "AWS",
            "backup_enabled": false,
            "bi_connector": null,
            "bi_connector_config": [
              {
                "enabled": false,
                "read_preference": "secondary"
              }
            ],
            "cloud_backup": false,
            "cluster_id": "617938506ebd104b1574e3e5",
            "cluster_type": "REPLICASET",
            "connection_strings": [
              {
                "aws_private_link": {},
                "aws_private_link_srv": {},
                "private": "",
                "private_endpoint": [],
                "private_srv": "",
                "standard": "mongodb://p3-uat-shard-00-00.ofl9c.mongodb.net:27017,p3-uat-shard-00-01.ofl9c.mongodb.net:27017,p3-uat-shard-00-02.ofl9c.mongodb.net:27017/?ssl=true\u0026authSource=admin\u0026replicaSet=atlas-2o5v04-shard-0",
                "standard_srv": "mongodb+srv://p3-uat.ofl9c.mongodb.net"
              }
            ],
            "container_id": null,
            "disk_size_gb": 0.5,
            "encryption_at_rest_provider": "NONE",
            "id": "Y2x1c3Rlcl9pZA==:NjE3OTM4NTA2ZWJkMTA0YjE1NzRlM2U1-Y2x1c3Rlcl9uYW1l:cDMtdWF0-cHJvamVjdF9pZA==:NjE3OTM4NGM3YTliOWQwNTA5ZDMyMDY4-cHJvdmlkZXJfbmFtZQ==:VEVOQU5U",
            "labels": [],
            "mongo_db_major_version": "4.4",
            "mongo_db_version": "4.4.10",
            "mongo_uri": "mongodb://p3-uat-shard-00-00.ofl9c.mongodb.net:27017,p3-uat-shard-00-01.ofl9c.mongodb.net:27017,p3-uat-shard-00-02.ofl9c.mongodb.net:27017",
            "mongo_uri_updated": "2021-10-27T11:33:31Z",
            "mongo_uri_with_options": "mongodb://p3-uat-shard-00-00.ofl9c.mongodb.net:27017,p3-uat-shard-00-01.ofl9c.mongodb.net:27017,p3-uat-shard-00-02.ofl9c.mongodb.net:27017/?ssl=true\u0026authSource=admin\u0026replicaSet=atlas-2o5v04-shard-0",
            "name": "p3-uat",
            "num_shards": 1,
            "paused": false,
            "pit_enabled": false,
            "project_id": "6179384c7a9b9d0509d32068",
            "provider_auto_scaling_compute_max_instance_size": "",
            "provider_auto_scaling_compute_min_instance_size": "",
            "provider_backup_enabled": false,
            "provider_disk_iops": null,
            "provider_disk_type_name": "",
            "provider_encrypt_ebs_volume": null,
            "provider_encrypt_ebs_volume_flag": null,
            "provider_instance_size_name": "M0",
            "provider_name": "TENANT",
            "provider_region_name": "AP_SOUTHEAST_1",
            "provider_volume_type": "",
            "replication_factor": 3,
            "replication_specs": [
              {
                "id": "617938506ebd104b1574e3de",
                "num_shards": 1,
                "regions_config": [
                  {
                    "analytics_nodes": 0,
                    "electable_nodes": 3,
                    "priority": 7,
                    "read_only_nodes": 0,
                    "region_name": "AP_SOUTHEAST_1"
                  }
                ],
                "zone_name": "Zone 1"
              }
            ],
            "snapshot_backup_policy": [],
            "srv_address": "mongodb+srv://p3-uat.ofl9c.mongodb.net",
            "state_name": "IDLE"
          },
          "sensitive_attributes": [],
          "private": "eyJzY2hlbWFfdmVyc2lvbiI6IjEifQ==",
          "dependencies": [
            "mongodbatlas_project.my_project"
          ]
        }
      ]
    },
    {
      "mode": "managed",
      "type": "mongodbatlas_database_user",
      "name": "my_user",
      "provider": "provider[\"registry.terraform.io/mongodb/mongodbatlas\"]",
      "instances": [
        {
          "schema_version": 0,
          "attributes": {
            "auth_database_name": "admin",
            "aws_iam_type": "NONE",
            "database_name": null,
            "id": "YXV0aF9kYXRhYmFzZV9uYW1l:YWRtaW4=-cHJvamVjdF9pZA==:NjE3OTM4NGM3YTliOWQwNTA5ZDMyMDY4-dXNlcm5hbWU=:cDNfdWF0X2FkbWlu",
            "labels": [],
            "ldap_auth_type": "NONE",
            "password": "p3_uat_admin",
            "project_id": "6179384c7a9b9d0509d32068",
            "roles": [
              {
                "collection_name": "",
                "database_name": "p3_uat_db",
                "role_name": "dbAdmin"
              }
            ],
            "scopes": [],
            "username": "p3_uat_admin",
            "x509_type": "NONE"
          },
          "sensitive_attributes": [],
          "private": "bnVsbA==",
          "dependencies": [
            "mongodbatlas_project.my_project"
          ]
        }
      ]
    },
    {
      "mode": "managed",
      "type": "mongodbatlas_project",
      "name": "my_project",
      "provider": "provider[\"registry.terraform.io/mongodb/mongodbatlas\"]",
      "instances": [
        {
          "schema_version": 0,
          "attributes": {
            "cluster_count": 1,
            "created": "2021-10-27T11:30:21Z",
            "id": "6179384c7a9b9d0509d32068",
            "name": "p3",
            "org_id": "6177d42f7208393fbdb86481",
            "project_owner_id": null,
            "teams": []
          },
          "sensitive_attributes": [],
          "private": "bnVsbA=="
        }
      ]
    },
    {
      "mode": "managed",
      "type": "mongodbatlas_project_ip_access_list",
      "name": "my_ipaddress",
      "provider": "provider[\"registry.terraform.io/mongodb/mongodbatlas\"]",
      "instances": [
        {
          "schema_version": 0,
          "attributes": {
            "aws_security_group": "",
            "cidr_block": "43.252.113.8/32",
            "comment": "Anywhere",
            "id": "ZW50cnk=:NDMuMjUyLjExMy44-cHJvamVjdF9pZA==:NjE3OTM4NGM3YTliOWQwNTA5ZDMyMDY4",
            "ip_address": "43.252.113.8",
            "project_id": "6179384c7a9b9d0509d32068",
            "timeouts": null
          },
          "sensitive_attributes": [],
          "private": "eyJlMmJmYjczMC1lY2FhLTExZTYtOGY4OC0zNDM2M2JjN2M0YzAiOnsiZGVsZXRlIjoyNzAwMDAwMDAwMDAwLCJyZWFkIjoyNzAwMDAwMDAwMDAwfX0=",
          "dependencies": [
            "mongodbatlas_project.my_project"
          ]
        }
      ]
    },
    {
      "mode": "managed",
      "type": "tls_private_key",
      "name": "rsa_key",
      "provider": "provider[\"registry.terraform.io/hashicorp/tls\"]",
      "instances": [
        {
          "schema_version": 0,
          "attributes": {
            "algorithm": "RSA",
            "ecdsa_curve": "P224",
            "id": "79c6611ea73a7b3bf7e5f0735966651723a6cd15",
            "private_key_pem": "-----BEGIN RSA PRIVATE KEY-----\nMIIJKQIBAAKCAgEA3hVv1VBuxhyvtMfLo2tJfLxTRY2D76j28X98B2TXfFKVQyp0\nz/atx7SGyCLukqp2BDJ4fva8coiHiIu7ushKTJN9+6JTMCdeunYcfz4C8aqFQyNj\nT1SbwEnn74I0FrzVDEWqiBeIhTex5cyb91hrFe/cR92qSC199Mi42drpTDe4aF4f\n0hliJA0WRhjoMa3uczok9GBwYKZKJrzL4pfMrBHulTktRUY9qw2sEtkqSvG4Aalh\n1QYkomg6K3nYse205qrbGVYDVDq0QRCwGagbcCg7IA8fZzPDTCrgrvR7hsvGK3Cl\nYWXbRmJiN5buBAJZ1UVgk8fPLrptS6d6Zsi84RN12r+hgI24leYLoFWa6XiAm8S6\n8f4cfNBghKJcwieV3kUypbvW1r+ZX49Ghqcvee0ZymRp8eTvwZQ2h03JjaLdsy3K\nMNn5WMT+mhXq/8sFIINePTqOcy4veFCre/IM02wWwYaJhEs9gvODM4Dvi9LmmicG\nhyXpEvZOIz4jd7bLkf2DyZmeqgojQ5Pifp4hskjNU8EHFUP7Cfae8nDQLlYgsrHS\nAcJh+RKRGJjGtJB8Sx/VQD+UnRRpE//hrgcUR5P+IfSi8lw2374gBDuV+RnwHbFq\nRRTa/jIATRheZsqHIjSTbhycRpyQgUDiYQANVOiB2TTmYXfJ8jjLzwr7OW0CAwEA\nAQKCAgEA17dm24K3NsQif60aRnAt/3VGRWcCYsZyp303Uk9HaEEnLwiMUny/rB3U\nVY5owhnFbKpBlMHBplarn5xrCzEFyn/xfXzc5Qc44lFbuNTZMzh5HQ/ApQwABbVE\nDscgJX3iS3tX+70wJIZGzHoEfStrSPGlvEC56EYX9K8LrsEOn7P38ZiLvB5fz7jO\ni+Qhli/mUBKIVr9eKOMdX6c/O6hLbFA2uMfDC2kA+afcHqrGg+lq3GJU3wCKkR5A\ncn52V84XS39mNqPvs98Zu6GkDCfYDwdk9uz5idsjtlZnzEk5u2Mv6H4QhhzT8vgZ\ngvmd1FMcQyaSerk4q6D2DOhu4mvV2dJ8Jv9DBO2lBcMSBm/w2vadQnD2psnzw1hB\nJTJc2YvZYlrne/MItfTdsC6qfYTCV80Iqraf44KmUZ/IO08aDxea8fHrUVpgJcUx\nFTjAahAkM++tCc0VYXmBP2+EKmH6YrgtlO1qHIbdhDtTff/XwQmiLSLaEnk83ZYY\nxbluKRewRDAW5wNIHMdhKrlWqbVfDmZ/O3hd6jvAc/3Vg28VAthPWOo9KdjjDna4\no3/hjFJww6zBHKFln6/9aVhCfCDH0ltsOTp9uPbNE96MDk+VCzu67o6X68O/nMPp\njypU/djUWdhH602Nlk0WavtCR1Bn6lmfkP+SBPbWZU1cdhmBEEECggEBAOEa/sSo\n8ovQLmuHXEc/fEzza7zEKpXsyxHxH8lfgJpTDfGuzO5Rd9kWbjFoO/mLqcs2wFv4\nvZExjsP05pa6Ob+290NAMk4i/AkHjWp+CP1ozNDu3SLJ3psc4qhchRr47QAEvWSk\naiyVOek85MI1+8vnEbFL6neP906Vk3me7+jWkQX+soofYNM7cJebf5cgNpgtyTnk\npH1ScCTiKbS2LX5dbIEdSYI6XsXuCYQh/om2v8peUST32WswiHfKuR6f9DuHZsSm\nwyG6UWwuVvD1op6HxGPDpRVw9S5YHtApdVVBnbittEnfRvOHpipSAh3zuemA6HRV\nztyrxePKKAnGjqkCggEBAPyQRlni1HH4inL3FNPtf9kaHtm0VC5KbIiysRbIhtK7\nhaFCVVilUkx9Z7GNhftwsIi02XCtQsMZRJ7I2ZsSpg5FAnc4xW0dfFiGuDYB9P3D\nTYtsNWJWcAP+PXidfP0Jmi4z20cxsAE6WXXkDJorphNa+HhnBBm3aqxuxJnl/kMb\nCh5Meqn/kj8siPCTxz/JQW+502H+mT3YQazUh6on6O8L46pY/0tGRfILYB6e2t0E\nJG8UDExEySwJGBmeuoj35WasZC8EIAZupZ0z19MBdBnrAYIQp3aCVLuZPZq4F1+Y\nTRsDOJ1m1baj8sSZ1b1WsmctOwpnOsf78yGg/Ge7oyUCggEBAIhPNXjWqVC6dnGM\nnPdT3SwnttSuoO76XZl2vn3NQ+2vX2E7LUMeuAkPyRhH+xFIXj/83oyS2g/Cx6Wn\ndb5N9ExAOghSJmQkUSQSm7KhsUXqISRfkC7RuOeKnUHADKXhmHoLZLg9y0FF97Rh\nuFBWKiw1twP6aXePCP1gG9ZoxPPkghr0OR7kk1g1xR84/REBY63RA+n3pxdwRRJA\nlWqlanT7k4m3t1yRhfQrCT4m66ButkKPzGkrYE/FKs4HRwPhbh5iBnwMU1roHQf6\nI5Fz3M5MfkK/JQcPyJgQqk/42uEOg7hiDyswdiFfweIcmMWUYb6g3aIcl9AOgB1I\nu+f3gUkCggEAdw/Qimk7O2suYVoHUIziu0bsCjdPg+8D0UFj6Fip7kgGi+nIcByn\nenWX34TXB5ytLBUNeGfFVFHiHnSS2N7mt01jBy8VKwY+a0E/L/6mLsbWFIbzd6NF\n9SvycJzVojfXnjZGBf7vePS33bKfGkK/bNpyzdfKgBEOUbF6Lw7UWXAyyevF28Qm\nfm+RMtCHmpNWrMPOWaD7PsNm2oHqXpWn4qEZN2HzH9pF+P/R1T2P8acVQeQSlBXN\nPFwhJ1rDlvQ+CbP1GpD4Q+//VOdutAM4Z0t5D4aoW16/cRyhhQGJyz/yAWz4UIN8\n9je9p17Z+wMW4TraXWIivMoSaOUKeCBlnQKCAQAf9sHgQK0ME/wfN53QmYLdwAUX\niE1/umhErsYsCF8401uLjw3w2CyfL8lMQJUJZRsSyrNuK7oFlPRFs+vfddgOq8vb\nbyqeBlR66qW2ESYGcAh2PS4FGtDaICC8JZytMUe4BgUJkDj5dcW0rBkafsXiC4ds\nAtDM0MrY8ngjX99Ly1iqA20dMvifTGDO3SoyEflcpoRgcXN0QWSNG+7DI/lgmnS+\nNpi8GI7fSRo9V2TnHvcrhSYi382XfcVqZ6+QCYUp14E1e/iwYFENLE+cMm8tCQuX\nfw+R72mAQsNyNrvjc4GeemJVZLhA6hfS8diwV9/kA01htScgbJk5YcYTUhdi\n-----END RSA PRIVATE KEY-----\n",
            "public_key_fingerprint_md5": "d4:39:49:28:d6:7f:d5:ae:07:73:ce:98:a5:26:ef:5e",
            "public_key_openssh": "ssh-rsa AAAAB3NzaC1yc2EAAAADAQABAAACAQDeFW/VUG7GHK+0x8uja0l8vFNFjYPvqPbxf3wHZNd8UpVDKnTP9q3HtIbIIu6SqnYEMnh+9rxyiIeIi7u6yEpMk337olMwJ166dhx/PgLxqoVDI2NPVJvASefvgjQWvNUMRaqIF4iFN7HlzJv3WGsV79xH3apILX30yLjZ2ulMN7hoXh/SGWIkDRZGGOgxre5zOiT0YHBgpkomvMvil8ysEe6VOS1FRj2rDawS2SpK8bgBqWHVBiSiaDoredix7bTmqtsZVgNUOrRBELAZqBtwKDsgDx9nM8NMKuCu9HuGy8YrcKVhZdtGYmI3lu4EAlnVRWCTx88uum1Lp3pmyLzhE3Xav6GAjbiV5gugVZrpeICbxLrx/hx80GCEolzCJ5XeRTKlu9bWv5lfj0aGpy957RnKZGnx5O/BlDaHTcmNot2zLcow2flYxP6aFer/ywUgg149Oo5zLi94UKt78gzTbBbBhomESz2C84MzgO+L0uaaJwaHJekS9k4jPiN3tsuR/YPJmZ6qCiNDk+J+niGySM1TwQcVQ/sJ9p7ycNAuViCysdIBwmH5EpEYmMa0kHxLH9VAP5SdFGkT/+GuBxRHk/4h9KLyXDbfviAEO5X5GfAdsWpFFNr+MgBNGF5myociNJNuHJxGnJCBQOJhAA1U6IHZNOZhd8nyOMvPCvs5bQ==\n",
            "public_key_pem": "-----BEGIN PUBLIC KEY-----\nMIICIjANBgkqhkiG9w0BAQEFAAOCAg8AMIICCgKCAgEA3hVv1VBuxhyvtMfLo2tJ\nfLxTRY2D76j28X98B2TXfFKVQyp0z/atx7SGyCLukqp2BDJ4fva8coiHiIu7ushK\nTJN9+6JTMCdeunYcfz4C8aqFQyNjT1SbwEnn74I0FrzVDEWqiBeIhTex5cyb91hr\nFe/cR92qSC199Mi42drpTDe4aF4f0hliJA0WRhjoMa3uczok9GBwYKZKJrzL4pfM\nrBHulTktRUY9qw2sEtkqSvG4Aalh1QYkomg6K3nYse205qrbGVYDVDq0QRCwGagb\ncCg7IA8fZzPDTCrgrvR7hsvGK3ClYWXbRmJiN5buBAJZ1UVgk8fPLrptS6d6Zsi8\n4RN12r+hgI24leYLoFWa6XiAm8S68f4cfNBghKJcwieV3kUypbvW1r+ZX49Ghqcv\nee0ZymRp8eTvwZQ2h03JjaLdsy3KMNn5WMT+mhXq/8sFIINePTqOcy4veFCre/IM\n02wWwYaJhEs9gvODM4Dvi9LmmicGhyXpEvZOIz4jd7bLkf2DyZmeqgojQ5Pifp4h\nskjNU8EHFUP7Cfae8nDQLlYgsrHSAcJh+RKRGJjGtJB8Sx/VQD+UnRRpE//hrgcU\nR5P+IfSi8lw2374gBDuV+RnwHbFqRRTa/jIATRheZsqHIjSTbhycRpyQgUDiYQAN\nVOiB2TTmYXfJ8jjLzwr7OW0CAwEAAQ==\n-----END PUBLIC KEY-----\n",
            "rsa_bits": 4096
          },
          "sensitive_attributes": [],
          "private": "bnVsbA=="
        }
      ]
    },
    {
      "module": "module.compute",
      "mode": "data",
      "type": "aws_ssm_parameter",
      "name": "linux_latest_ami",
      "provider": "provider[\"registry.terraform.io/hashicorp/aws\"]",
      "instances": [
        {
          "schema_version": 0,
          "attributes": {
            "arn": "arn:aws:ssm:ap-southeast-2::parameter/aws/service/ami-amazon-linux-latest/amzn2-ami-hvm-x86_64-gp2",
            "id": "/aws/service/ami-amazon-linux-latest/amzn2-ami-hvm-x86_64-gp2",
            "name": "/aws/service/ami-amazon-linux-latest/amzn2-ami-hvm-x86_64-gp2",
            "type": "String",
            "value": "ami-05c029a4b57edda9e",
            "version": 52,
            "with_decryption": true
          },
          "sensitive_attributes": []
        }
      ]
    },
    {
      "module": "module.compute",
      "mode": "managed",
      "type": "aws_instance",
      "name": "app_instance",
      "provider": "provider[\"registry.terraform.io/hashicorp/aws\"]",
      "instances": [
        {
          "schema_version": 1,
          "attributes": {
            "ami": "ami-05c029a4b57edda9e",
            "arn": "arn:aws:ec2:ap-southeast-2:915507324179:instance/i-073abac879abc94dd",
            "associate_public_ip_address": true,
            "availability_zone": "ap-southeast-2a",
            "capacity_reservation_specification": [
              {
                "capacity_reservation_preference": "open",
                "capacity_reservation_target": []
              }
            ],
            "cpu_core_count": 1,
            "cpu_threads_per_core": 1,
            "credit_specification": [
              {
                "cpu_credits": "standard"
              }
            ],
            "disable_api_termination": false,
            "ebs_block_device": [],
            "ebs_optimized": false,
            "enclave_options": [
              {
                "enabled": false
              }
            ],
            "ephemeral_block_device": [],
            "get_password_data": false,
            "hibernation": false,
            "host_id": null,
            "iam_instance_profile": "",
            "id": "i-073abac879abc94dd",
            "instance_initiated_shutdown_behavior": "stop",
            "instance_state": "running",
            "instance_type": "t2.micro",
            "ipv6_address_count": 0,
            "ipv6_addresses": [],
            "key_name": "p3_uat",
            "launch_template": [],
            "metadata_options": [
              {
                "http_endpoint": "enabled",
                "http_put_response_hop_limit": 1,
                "http_tokens": "optional"
              }
            ],
            "monitoring": false,
            "network_interface": [],
            "outpost_arn": "",
            "password_data": "",
            "placement_group": "",
            "placement_partition_number": null,
            "primary_network_interface_id": "eni-0b0e130458320ec17",
            "private_dns": "ip-172-16-1-60.ap-southeast-2.compute.internal",
            "private_ip": "172.16.1.60",
            "public_dns": "",
            "public_ip": "13.210.149.146",
            "root_block_device": [
              {
                "delete_on_termination": true,
                "device_name": "/dev/xvda",
                "encrypted": false,
                "iops": 100,
                "kms_key_id": "",
                "tags": {},
                "throughput": 0,
                "volume_id": "vol-0c893434174b4b3e0",
                "volume_size": 8,
                "volume_type": "gp2"
              }
            ],
            "secondary_private_ips": [],
            "security_groups": [],
            "source_dest_check": true,
            "subnet_id": "subnet-0359a07718098d8a8",
            "tags": {
              "Project": "Public UAT"
            },
            "tags_all": {
              "Project": "Public UAT"
            },
            "tenancy": "default",
            "timeouts": null,
            "user_data": null,
            "user_data_base64": null,
            "volume_tags": null,
            "vpc_security_group_ids": [
              "sg-00a3719af9676ddcd",
              "sg-02154808d86c842a2"
            ]
          },
          "sensitive_attributes": [
            [
              {
                "type": "get_attr",
                "value": "ami"
              }
            ]
          ],
          "private": "eyJlMmJmYjczMC1lY2FhLTExZTYtOGY4OC0zNDM2M2JjN2M0YzAiOnsiY3JlYXRlIjo2MDAwMDAwMDAwMDAsImRlbGV0ZSI6MTIwMDAwMDAwMDAwMCwidXBkYXRlIjo2MDAwMDAwMDAwMDB9LCJzY2hlbWFfdmVyc2lvbiI6IjEifQ==",
          "dependencies": [
            "aws_security_group.general_sg",
            "aws_subnet.pub_sub",
            "aws_vpc.main",
            "module.compute.data.aws_ssm_parameter.linux_latest_ami",
            "aws_security_group.app_sg"
          ]
        }
      ]
    },
    {
      "module": "module.compute",
      "mode": "managed",
      "type": "aws_instance",
      "name": "nginx",
      "provider": "provider[\"registry.terraform.io/hashicorp/aws\"]",
      "instances": [
        {
          "schema_version": 1,
          "attributes": {
            "ami": "ami-05c029a4b57edda9e",
            "arn": "arn:aws:ec2:ap-southeast-2:915507324179:instance/i-0a93edaeba706c286",
            "associate_public_ip_address": true,
            "availability_zone": "ap-southeast-2a",
            "capacity_reservation_specification": [
              {
                "capacity_reservation_preference": "open",
                "capacity_reservation_target": []
              }
            ],
            "cpu_core_count": 1,
            "cpu_threads_per_core": 1,
            "credit_specification": [
              {
                "cpu_credits": "standard"
              }
            ],
            "disable_api_termination": false,
            "ebs_block_device": [],
            "ebs_optimized": false,
            "enclave_options": [
              {
                "enabled": false
              }
            ],
            "ephemeral_block_device": [],
            "get_password_data": false,
            "hibernation": false,
            "host_id": null,
            "iam_instance_profile": "",
            "id": "i-0a93edaeba706c286",
            "instance_initiated_shutdown_behavior": "stop",
            "instance_state": "running",
            "instance_type": "t2.micro",
            "ipv6_address_count": 0,
            "ipv6_addresses": [],
            "key_name": "p3_uat",
            "launch_template": [],
            "metadata_options": [
              {
                "http_endpoint": "enabled",
                "http_put_response_hop_limit": 1,
                "http_tokens": "optional"
              }
            ],
            "monitoring": false,
            "network_interface": [],
            "outpost_arn": "",
            "password_data": "",
            "placement_group": "",
            "placement_partition_number": null,
            "primary_network_interface_id": "eni-03b795080547f7714",
            "private_dns": "ip-172-16-1-179.ap-southeast-2.compute.internal",
            "private_ip": "172.16.1.179",
            "public_dns": "",
            "public_ip": "3.25.244.54",
            "root_block_device": [
              {
                "delete_on_termination": true,
                "device_name": "/dev/xvda",
                "encrypted": false,
                "iops": 100,
                "kms_key_id": "",
                "tags": {},
                "throughput": 0,
                "volume_id": "vol-01e6cb63826ec7d78",
                "volume_size": 8,
                "volume_type": "gp2"
              }
            ],
            "secondary_private_ips": [],
            "security_groups": [],
            "source_dest_check": true,
            "subnet_id": "subnet-0359a07718098d8a8",
            "tags": {
              "Project": "Public UAT"
            },
            "tags_all": {
              "Project": "Public UAT"
            },
            "tenancy": "default",
            "timeouts": null,
            "user_data": null,
            "user_data_base64": null,
            "volume_tags": null,
            "vpc_security_group_ids": [
              "sg-00a3719af9676ddcd",
              "sg-01a185a18c320224b"
            ]
          },
          "sensitive_attributes": [
            [
              {
                "type": "get_attr",
                "value": "ami"
              }
            ]
          ],
          "private": "eyJlMmJmYjczMC1lY2FhLTExZTYtOGY4OC0zNDM2M2JjN2M0YzAiOnsiY3JlYXRlIjo2MDAwMDAwMDAwMDAsImRlbGV0ZSI6MTIwMDAwMDAwMDAwMCwidXBkYXRlIjo2MDAwMDAwMDAwMDB9LCJzY2hlbWFfdmVyc2lvbiI6IjEifQ==",
          "dependencies": [
            "aws_security_group.general_sg",
            "aws_security_group.nginx_sg",
            "aws_subnet.pub_sub",
            "aws_vpc.main",
            "module.compute.data.aws_ssm_parameter.linux_latest_ami"
          ]
        }
      ]
    }
  ]
}
