{
  "version": 4,
  "terraform_version": "1.0.8",
  "serial": 148,
  "lineage": "455840e5-acd1-d9d0-d425-e3c6f7e3174e",
  "outputs": {
    "app_instance_ip": {
      "value": "54.253.76.140",
      "type": "string"
    },
    "connection_strings": {
      "value": "mongodb+srv://p3-uat.7m7i9.mongodb.net",
      "type": "string"
    },
    "nginx_ip": {
      "value": "3.24.138.95",
      "type": "string"
    },
    "ssh_key_path": {
      "value": "/Users/henry/.ssh/p3_uat.pem",
      "type": "string"
    }
  },
  "resources": [
    {
      "mode": "managed",
      "type": "aws_internet_gateway",
      "name": "igw",
      "provider": "provider[\"registry.terraform.io/hashicorp/aws\"]",
      "instances": [
        {
          "schema_version": 0,
          "attributes": {
            "arn": "arn:aws:ec2:ap-southeast-2:505482475072:internet-gateway/igw-03179c1a6dad0bb4d",
            "id": "igw-03179c1a6dad0bb4d",
            "owner_id": "505482475072",
            "tags": {
              "Project": "Public UAT"
            },
            "tags_all": {
              "Project": "Public UAT"
            },
            "vpc_id": "vpc-056a2be0dec850567"
          },
          "sensitive_attributes": [],
          "private": "bnVsbA==",
          "dependencies": [
            "aws_vpc.main"
          ]
        }
      ]
    },
    {
      "mode": "managed",
      "type": "aws_key_pair",
      "name": "key_pair",
      "provider": "provider[\"registry.terraform.io/hashicorp/aws\"]",
      "instances": [
        {
          "schema_version": 1,
          "attributes": {
            "arn": "arn:aws:ec2:ap-southeast-2:505482475072:key-pair/p3_uat",
            "fingerprint": "5b:0a:c9:23:a7:29:e7:48:65:f4:7f:06:20:05:58:1e",
            "id": "p3_uat",
            "key_name": "p3_uat",
            "key_name_prefix": null,
            "key_pair_id": "key-0a1a76e763d6a330c",
            "public_key": "ssh-rsa AAAAB3NzaC1yc2EAAAADAQABAAACAQC3AZkstIifGYKyfKw4v/q/w6c/VNp6NSruA3xQ1Cfeg/EOzjFi9j2YcuiuZo+GEiHd9wHPMEFYw9WuqYafVIlNRVb0vYSN4UH/OG8raMfDu8YKGtOhgsta9ncsP8S7hPSsprLxUiQE5EBVhZWt7kZ6HQ8V3sVDTtIN1SktdS7wJYMDdjrJydDilLXyexyPhnQpX1iJs205dumJU6kxUTiRu5ZYkvN+5+GMPnV8aqyImGjT6GsKI5Fkrz1LUOTbqAUqXrS73nYe5Nr5BBW+WGB4pBgQug4/bKkalg2yaMAl09NaxU6uEtryKDKmBnrKJtM5Zn3uGqhUxnL2gbn0N2ozpMDu3IZg8FS27Ub3MGBrXg+YE8XPdvkSQSirizvQdt5iyOQ/UwqxLPtw2+/EQT/kBnluJBbS2gSWQCINlJ+HEn5gxvX0kv4O3ut1IveM8j+POQgZQ39O/Y1B/YImMMjPHrVEEsohmZm4TkkD3ux5veyUlHSOI+BCx2JQ7zxCbMiuQ6iOKS3RnV9m5mUC317sFHC/Jb2RKYRJ7CWkbKqkIU3yr6VFej9cl9ljIVQe/Zsw92uYN66lkcNqo6cGZNEApKSWkRdNQIe28Ov4bCg3DsBte9GsLcsz79vgypKaXpKlHI4npWJnLdesgEQ97XKbsEtbM9QWxpP7YBngN+kznQ==",
            "tags": {},
            "tags_all": {}
          },
          "sensitive_attributes": [],
          "private": "eyJzY2hlbWFfdmVyc2lvbiI6IjEifQ==",
          "dependencies": [
            "tls_private_key.rsa_key"
          ]
        }
      ]
    },
    {
      "mode": "managed",
      "type": "aws_route_table",
      "name": "pub_rt",
      "provider": "provider[\"registry.terraform.io/hashicorp/aws\"]",
      "instances": [
        {
          "schema_version": 0,
          "attributes": {
            "arn": "arn:aws:ec2:ap-southeast-2:505482475072:route-table/rtb-0b9080762a57e6281",
            "id": "rtb-0b9080762a57e6281",
            "owner_id": "505482475072",
            "propagating_vgws": [],
            "route": [
              {
                "carrier_gateway_id": "",
                "cidr_block": "0.0.0.0/0",
                "destination_prefix_list_id": "",
                "egress_only_gateway_id": "",
                "gateway_id": "igw-03179c1a6dad0bb4d",
                "instance_id": "",
                "ipv6_cidr_block": "",
                "local_gateway_id": "",
                "nat_gateway_id": "",
                "network_interface_id": "",
                "transit_gateway_id": "",
                "vpc_endpoint_id": "",
                "vpc_peering_connection_id": ""
              }
            ],
            "tags": {
              "Project": "Public UAT"
            },
            "tags_all": {
              "Project": "Public UAT"
            },
            "timeouts": null,
            "vpc_id": "vpc-056a2be0dec850567"
          },
          "sensitive_attributes": [],
          "private": "eyJlMmJmYjczMC1lY2FhLTExZTYtOGY4OC0zNDM2M2JjN2M0YzAiOnsiY3JlYXRlIjoxMjAwMDAwMDAwMDAsImRlbGV0ZSI6MzAwMDAwMDAwMDAwLCJ1cGRhdGUiOjEyMDAwMDAwMDAwMH19",
          "dependencies": [
            "aws_internet_gateway.igw",
            "aws_vpc.main"
          ]
        }
      ]
    },
    {
      "mode": "managed",
      "type": "aws_route_table_association",
      "name": "rt_assoc",
      "provider": "provider[\"registry.terraform.io/hashicorp/aws\"]",
      "instances": [
        {
          "schema_version": 0,
          "attributes": {
            "gateway_id": "",
            "id": "rtbassoc-0c05c3f495da87e5b",
            "route_table_id": "rtb-0b9080762a57e6281",
            "subnet_id": "subnet-0c221659639d3165d"
          },
          "sensitive_attributes": [],
          "private": "bnVsbA==",
          "dependencies": [
            "aws_internet_gateway.igw",
            "aws_route_table.pub_rt",
            "aws_subnet.pub_sub",
            "aws_vpc.main"
          ]
        }
      ]
    },
    {
      "mode": "managed",
      "type": "aws_security_group",
      "name": "app_sg",
      "provider": "provider[\"registry.terraform.io/hashicorp/aws\"]",
      "instances": [
        {
          "schema_version": 1,
          "attributes": {
            "arn": "arn:aws:ec2:ap-southeast-2:505482475072:security-group/sg-0af66da061c86ed92",
            "description": "Managed by Terraform",
            "egress": [
              {
                "cidr_blocks": [
                  "0.0.0.0/0"
                ],
                "description": "",
                "from_port": 80,
                "ipv6_cidr_blocks": [],
                "prefix_list_ids": [],
                "protocol": "tcp",
                "security_groups": [],
                "self": false,
                "to_port": 80
              }
            ],
            "id": "sg-0af66da061c86ed92",
            "ingress": [
              {
                "cidr_blocks": [
                  "0.0.0.0/0"
                ],
                "description": "",
                "from_port": 22,
                "ipv6_cidr_blocks": [],
                "prefix_list_ids": [],
                "protocol": "tcp",
                "security_groups": [],
                "self": false,
                "to_port": 22
              }
            ],
            "name": "terraform-20211027075929669200000002",
            "name_prefix": "terraform-",
            "owner_id": "505482475072",
            "revoke_rules_on_delete": false,
            "tags": {
              "Project": "Public UAT"
            },
            "tags_all": {
              "Project": "Public UAT"
            },
            "timeouts": null,
            "vpc_id": "vpc-056a2be0dec850567"
          },
          "sensitive_attributes": [],
          "private": "eyJlMmJmYjczMC1lY2FhLTExZTYtOGY4OC0zNDM2M2JjN2M0YzAiOnsiY3JlYXRlIjo2MDAwMDAwMDAwMDAsImRlbGV0ZSI6OTAwMDAwMDAwMDAwfSwic2NoZW1hX3ZlcnNpb24iOiIxIn0=",
          "dependencies": [
            "aws_vpc.main"
          ]
        }
      ]
    },
    {
      "mode": "managed",
      "type": "aws_security_group",
      "name": "general_sg",
      "provider": "provider[\"registry.terraform.io/hashicorp/aws\"]",
      "instances": [
        {
          "schema_version": 1,
          "attributes": {
            "arn": "arn:aws:ec2:ap-southeast-2:505482475072:security-group/sg-0c1d27019bdbf8d59",
            "description": "Managed by Terraform",
            "egress": [
              {
                "cidr_blocks": [
                  "0.0.0.0/0"
                ],
                "description": "",
                "from_port": 80,
                "ipv6_cidr_blocks": [],
                "prefix_list_ids": [],
                "protocol": "tcp",
                "security_groups": [],
                "self": false,
                "to_port": 80
              }
            ],
            "id": "sg-0c1d27019bdbf8d59",
            "ingress": [],
            "name": "terraform-20211027075929669300000003",
            "name_prefix": "terraform-",
            "owner_id": "505482475072",
            "revoke_rules_on_delete": false,
            "tags": {
              "Project": "Public UAT"
            },
            "tags_all": {
              "Project": "Public UAT"
            },
            "timeouts": null,
            "vpc_id": "vpc-056a2be0dec850567"
          },
          "sensitive_attributes": [],
          "private": "eyJlMmJmYjczMC1lY2FhLTExZTYtOGY4OC0zNDM2M2JjN2M0YzAiOnsiY3JlYXRlIjo2MDAwMDAwMDAwMDAsImRlbGV0ZSI6OTAwMDAwMDAwMDAwfSwic2NoZW1hX3ZlcnNpb24iOiIxIn0=",
          "dependencies": [
            "aws_vpc.main"
          ]
        }
      ]
    },
    {
      "mode": "managed",
      "type": "aws_security_group",
      "name": "nginx_sg",
      "provider": "provider[\"registry.terraform.io/hashicorp/aws\"]",
      "instances": [
        {
          "schema_version": 1,
          "attributes": {
            "arn": "arn:aws:ec2:ap-southeast-2:505482475072:security-group/sg-0a3420f1c0ed65485",
            "description": "Managed by Terraform",
            "egress": [
              {
                "cidr_blocks": [
                  "0.0.0.0/0"
                ],
                "description": "",
                "from_port": 22,
                "ipv6_cidr_blocks": [],
                "prefix_list_ids": [],
                "protocol": "tcp",
                "security_groups": [],
                "self": false,
                "to_port": 22
              }
            ],
            "id": "sg-0a3420f1c0ed65485",
            "ingress": [
              {
                "cidr_blocks": [
                  "0.0.0.0/0"
                ],
                "description": "",
                "from_port": 22,
                "ipv6_cidr_blocks": [],
                "prefix_list_ids": [],
                "protocol": "tcp",
                "security_groups": [],
                "self": false,
                "to_port": 22
              }
            ],
            "name": "terraform-20211027075929668800000001",
            "name_prefix": "terraform-",
            "owner_id": "505482475072",
            "revoke_rules_on_delete": false,
            "tags": {
              "Project": "Public UAT"
            },
            "tags_all": {
              "Project": "Public UAT"
            },
            "timeouts": null,
            "vpc_id": "vpc-056a2be0dec850567"
          },
          "sensitive_attributes": [],
          "private": "eyJlMmJmYjczMC1lY2FhLTExZTYtOGY4OC0zNDM2M2JjN2M0YzAiOnsiY3JlYXRlIjo2MDAwMDAwMDAwMDAsImRlbGV0ZSI6OTAwMDAwMDAwMDAwfSwic2NoZW1hX3ZlcnNpb24iOiIxIn0=",
          "dependencies": [
            "aws_vpc.main"
          ]
        }
      ]
    },
    {
      "mode": "managed",
      "type": "aws_security_group_rule",
      "name": "in_ssh_app_from_anywhere",
      "provider": "provider[\"registry.terraform.io/hashicorp/aws\"]",
      "instances": [
        {
          "schema_version": 2,
          "attributes": {
            "cidr_blocks": [
              "0.0.0.0/0"
            ],
            "description": "",
            "from_port": 22,
            "id": "sgrule-3044229796",
            "ipv6_cidr_blocks": [],
            "prefix_list_ids": [],
            "protocol": "tcp",
            "security_group_id": "sg-0af66da061c86ed92",
            "self": false,
            "source_security_group_id": null,
            "to_port": 22,
            "type": "ingress"
          },
          "sensitive_attributes": [],
          "private": "eyJzY2hlbWFfdmVyc2lvbiI6IjIifQ==",
          "dependencies": [
            "aws_security_group.app_sg",
            "aws_vpc.main"
          ]
        }
      ]
    },
    {
      "mode": "managed",
      "type": "aws_security_group_rule",
      "name": "in_ssh_bastion_from_anywhere",
      "provider": "provider[\"registry.terraform.io/hashicorp/aws\"]",
      "instances": [
        {
          "schema_version": 2,
          "attributes": {
            "cidr_blocks": [
              "0.0.0.0/0"
            ],
            "description": "",
            "from_port": 22,
            "id": "sgrule-4277556322",
            "ipv6_cidr_blocks": [],
            "prefix_list_ids": [],
            "protocol": "tcp",
            "security_group_id": "sg-0a3420f1c0ed65485",
            "self": false,
            "source_security_group_id": null,
            "to_port": 22,
            "type": "ingress"
          },
          "sensitive_attributes": [],
          "private": "eyJzY2hlbWFfdmVyc2lvbiI6IjIifQ==",
          "dependencies": [
            "aws_security_group.nginx_sg",
            "aws_vpc.main"
          ]
        }
      ]
    },
    {
      "mode": "managed",
      "type": "aws_security_group_rule",
      "name": "out_http",
      "provider": "provider[\"registry.terraform.io/hashicorp/aws\"]",
      "instances": [
        {
          "schema_version": 2,
          "attributes": {
            "cidr_blocks": [
              "0.0.0.0/0"
            ],
            "description": "",
            "from_port": 80,
            "id": "sgrule-3158891183",
            "ipv6_cidr_blocks": [],
            "prefix_list_ids": [],
            "protocol": "tcp",
            "security_group_id": "sg-0c1d27019bdbf8d59",
            "self": false,
            "source_security_group_id": null,
            "to_port": 80,
            "type": "egress"
          },
          "sensitive_attributes": [],
          "private": "eyJzY2hlbWFfdmVyc2lvbiI6IjIifQ==",
          "dependencies": [
            "aws_security_group.general_sg",
            "aws_vpc.main"
          ]
        }
      ]
    },
    {
      "mode": "managed",
      "type": "aws_security_group_rule",
      "name": "out_http_app_to_anywhere",
      "provider": "provider[\"registry.terraform.io/hashicorp/aws\"]",
      "instances": [
        {
          "schema_version": 2,
          "attributes": {
            "cidr_blocks": [
              "0.0.0.0/0"
            ],
            "description": "",
            "from_port": 80,
            "id": "sgrule-1160415444",
            "ipv6_cidr_blocks": [],
            "prefix_list_ids": [],
            "protocol": "tcp",
            "security_group_id": "sg-0af66da061c86ed92",
            "self": false,
            "source_security_group_id": null,
            "to_port": 80,
            "type": "egress"
          },
          "sensitive_attributes": [],
          "private": "eyJzY2hlbWFfdmVyc2lvbiI6IjIifQ==",
          "dependencies": [
            "aws_security_group.app_sg",
            "aws_vpc.main"
          ]
        }
      ]
    },
    {
      "mode": "managed",
      "type": "aws_security_group_rule",
      "name": "out_ssh_bastion_to_anywhere",
      "provider": "provider[\"registry.terraform.io/hashicorp/aws\"]",
      "instances": [
        {
          "schema_version": 2,
          "attributes": {
            "cidr_blocks": [
              "0.0.0.0/0"
            ],
            "description": "",
            "from_port": 22,
            "id": "sgrule-681083342",
            "ipv6_cidr_blocks": [],
            "prefix_list_ids": [],
            "protocol": "tcp",
            "security_group_id": "sg-0a3420f1c0ed65485",
            "self": false,
            "source_security_group_id": null,
            "to_port": 22,
            "type": "egress"
          },
          "sensitive_attributes": [],
          "private": "eyJzY2hlbWFfdmVyc2lvbiI6IjIifQ==",
          "dependencies": [
            "aws_security_group.nginx_sg",
            "aws_vpc.main"
          ]
        }
      ]
    },
    {
      "mode": "managed",
      "type": "aws_subnet",
      "name": "pub_sub",
      "provider": "provider[\"registry.terraform.io/hashicorp/aws\"]",
      "instances": [
        {
          "schema_version": 1,
          "attributes": {
            "arn": "arn:aws:ec2:ap-southeast-2:505482475072:subnet/subnet-0c221659639d3165d",
            "assign_ipv6_address_on_creation": false,
            "availability_zone": "ap-southeast-2a",
            "availability_zone_id": "apse2-az1",
            "cidr_block": "172.16.1.0/24",
            "customer_owned_ipv4_pool": "",
            "id": "subnet-0c221659639d3165d",
            "ipv6_cidr_block": "",
            "ipv6_cidr_block_association_id": "",
            "map_customer_owned_ip_on_launch": false,
            "map_public_ip_on_launch": true,
            "outpost_arn": "",
            "owner_id": "505482475072",
            "tags": {
              "Project": "Public UAT"
            },
            "tags_all": {
              "Project": "Public UAT"
            },
            "timeouts": null,
            "vpc_id": "vpc-056a2be0dec850567"
          },
          "sensitive_attributes": [],
          "private": "eyJlMmJmYjczMC1lY2FhLTExZTYtOGY4OC0zNDM2M2JjN2M0YzAiOnsiY3JlYXRlIjo2MDAwMDAwMDAwMDAsImRlbGV0ZSI6MTIwMDAwMDAwMDAwMH0sInNjaGVtYV92ZXJzaW9uIjoiMSJ9",
          "dependencies": [
            "aws_vpc.main"
          ]
        }
      ]
    },
    {
      "mode": "managed",
      "type": "aws_vpc",
      "name": "main",
      "provider": "provider[\"registry.terraform.io/hashicorp/aws\"]",
      "instances": [
        {
          "schema_version": 1,
          "attributes": {
            "arn": "arn:aws:ec2:ap-southeast-2:505482475072:vpc/vpc-056a2be0dec850567",
            "assign_generated_ipv6_cidr_block": false,
            "cidr_block": "172.16.0.0/16",
            "default_network_acl_id": "acl-0cfe7ba3658960064",
            "default_route_table_id": "rtb-0c46ee37a20e6e294",
            "default_security_group_id": "sg-0f827e363dbc0f93f",
            "dhcp_options_id": "dopt-06d7cf61",
            "enable_classiclink": false,
            "enable_classiclink_dns_support": false,
            "enable_dns_hostnames": false,
            "enable_dns_support": true,
            "id": "vpc-056a2be0dec850567",
            "instance_tenancy": "default",
            "ipv6_association_id": "",
            "ipv6_cidr_block": "",
            "main_route_table_id": "rtb-0c46ee37a20e6e294",
            "owner_id": "505482475072",
            "tags": {
              "Project": "Public UAT"
            },
            "tags_all": {
              "Project": "Public UAT"
            }
          },
          "sensitive_attributes": [],
          "private": "eyJzY2hlbWFfdmVyc2lvbiI6IjEifQ=="
        }
      ]
    },
    {
      "mode": "managed",
      "type": "local_file",
      "name": "my_key_file",
      "provider": "provider[\"registry.terraform.io/hashicorp/local\"]",
      "instances": [
        {
          "schema_version": 0,
          "attributes": {
            "content": "-----BEGIN RSA PRIVATE KEY-----\nMIIJKAIBAAKCAgEAtwGZLLSInxmCsnysOL/6v8OnP1TaejUq7gN8UNQn3oPxDs4x\nYvY9mHLormaPhhIh3fcBzzBBWMPVrqmGn1SJTUVW9L2EjeFB/zhvK2jHw7vGChrT\noYLLWvZ3LD/Eu4T0rKay8VIkBORAVYWVre5Geh0PFd7FQ07SDdUpLXUu8CWDA3Y6\nycnQ4pS18nscj4Z0KV9YibNtOXbpiVOpMVE4kbuWWJLzfufhjD51fGqsiJho0+hr\nCiORZK89S1Dk26gFKl60u952HuTa+QQVvlhgeKQYELoOP2ypGpYNsmjAJdPTWsVO\nrhLa8igypgZ6yibTOWZ97hqoVMZy9oG59DdqM6TA7tyGYPBUtu1G9zBga14PmBPF\nz3b5EkEoq4s70HbeYsjkP1MKsSz7cNvvxEE/5AZ5biQW0toElkAiDZSfhxJ+YMb1\n9JL+Dt7rdSL3jPI/jzkIGUN/Tv2NQf2CJjDIzx61RBLKIZmZuE5JA97seb3slJR0\njiPgQsdiUO88QmzIrkOojikt0Z1fZuZlAt9e7BRwvyW9kSmESewlpGyqpCFN8q+l\nRXo/XJfZYyFUHv2bMPdrmDeupZHDaqOnBmTRAKSklpEXTUCHtvDr+GwoNw7AbXvR\nrC3LM+/b4MqSml6SpRyOJ6ViZy3XrIBEPe1ym7BLWzPUFsaT+2AZ4DfpM50CAwEA\nAQKCAgB4aKTPtTju9Wn45e6qqCXjZmf0U3AsWC8Wy1RQGkbhMQ66HxB/fGSqmXBe\nzzw/ik6eLJcUKzvTm4ZMlV3uF0D/hk/gV5GPiFZUBl2ewiIttq5ml6AG9He4MdHX\nW12lw6T4s/WosdLhJQzvOCVzewMD9XqneRtxXbr3PvkI38EyYHwDGxczDYZSjmXo\nVPhFtsFXN1SZxWRoGsUthc4clMQTnskdHhL3vLm5/J5wbf93IFBYnONQmHZhOKur\nkl4B6Fr9tbJUqdouGYW5seZchulydwUefExDjsr0oyX/7MwAF49Ieel6vw0vpyMr\n+bdwqnrvmW/h6cg3fxrE9jXTaWKF2pYHSZxLxrVmesDh1X7C6fL9UHuLQocFYZmr\n7fPPAS3Stu9taQBSgV+wcPuE77YjOZsCGhIOWuC+ArhQW1xlFHpNIyutzlBPtHzO\nd8zLxFb4v6KNuKSFa9ApI/+jap0ezUq82ekMwydLBHyDUX/gNUMzSJB8NkkSYZ9X\nx6/iMCpMRiooWe2MevMoM49Nfuz4rTfdtrkJ6p2YXKvkaxV/uy+7B0kfSketJ4tS\nOWJZmW/vz6uXRcxV6UzfaMNKF7eusSX8tLxwJtGaVSJORPPNyGVQzbiDrwtooFcE\nnf1BDtbZJ5gla3hZ+7I5V4ta4yryn2PlM47tvYOuqk8cN0ScAQKCAQEA6QpdtVh6\naJMMjKLWMNcSbnzquB8HPNry/B7hc06+Rcymx+uhaRZt+/DNw3bdxMWAmIK5OTjq\nJKQzjTbcQZslC8sYF+4dcMn+ODdkwJPk1UGOiUEWIfU2FEHdAk/dT2p0hYuhIHhf\nTxWTCK51dRamY359RCoFN9Ca7sEKy929qaOBkTA4lgtbfhYoWoIXezZ7UXp8rXwa\nBOONwoF3FIIjHU3ZrBNTN7mSriRXGFyOrpdesC7jx0hjACRfv5XSrWD9zLQGq1Fu\nXNyQdWSearBMR69PEZ5qloZOMe9tWDfrhCXoq8fMAbQ8CUdTdYVAAGQyBxbGGLOV\n2Ul8yE1rTYlkMQKCAQEAyQlK9QC/eKVf/7T2Z4w+AHI+Ah4dopgLFJk9dkDe9kny\nHskYfzKys1sVXY30ANRTwfIsMhXO+/XA0GxcnkThBgoAOIZcueosjMqnfLrWRaHI\nsqeuVTN6LgjfHVdJfAKhx4502TTv6L8lTAS1qAkD9T6j1H7w/eNWqR/XPgQfsR4q\nmsd4aX5f2AuTnkUiNh7NIIZLsTXHGoOmcZ54oW6jTZ8TRdlXHqt0tftgjICFyilJ\nrxbbeNULcNU7BIm6cWs5OIR5s3fzAg4fsr0ASplWbLZZGeCzcJ0A1uiG49tmrveQ\nqLd2T2/SfhFQuEQnimvZZ1aP1lREDxloL+RbCklHLQKCAQA3V+rhQl3vr9xvGczc\nVHdgHfJwP44seaLzFTJde/ncAboqCF+Q4W7FQm7bWMNaE71yerkaSdXxVb2Yb8rn\nGb02i8jxBe+f9ZiWKTGYOodBzgvXtMlYzy9EqE+gWO8qCRIbFQny+CNKWMlOaoAi\ninqBbmy5X3FVzAi/YsD5oXOFcfs3S8hkedYEn6Z9uB9zd4DZ3Mj3Ol3Dg3cLFkv9\nZtqH/xEOuJgux7d5+89jTbfk5rXqCXi2vw4j3n+OtDoQStR7ZNWgofofu5HjDz5A\nABZdf9i7Sm/tx3+ShFXneYBJJeeXxB9C2FbZrUK4yihk72aiIFpzS1LvA3DK8Pfm\nthZBAoIBAFF4aZ8WeYHsCxZ2gLD//ZRyt7xl9f6RfVQQsf69VV4cI3nkZwANTKww\nylzKjUrUwUjE2rJFckdblZMhhvtA0KyA2wwNL4DMbNd1vSBoGzPG163HFHhEz0ve\nnoSmfgo6itNzYNkxgdQhunyvH+sEFE2L4BragtFxEwqg87qXMzy1C/EDy0F9TFwi\nfOVUAQRLwTdgFUawk4qkNYyv+xT44Ecxoz7YUF0GgNrLD5qA7zc5OjoxminCtMs6\nLputMRiLqnnD/goEH0AC90eZHogc0hBmaX96N1340oFFZHzsyhU4ELC/ALw6heQ/\nIiY6wIdxI36kbtAeACLaWgWmllp5zdUCggEBANKEtB9i1yvpyD4TpmPl0avqRohB\nPVU4/d60Vz+BiK5CPlzmLNO9aCqUImipwjnSbZsLrl1o4xO0cmqzTmVO7JvD7dt0\ns7xGjybK+KtaxLW5fFYV8vexVVbPFjJ8yLV/yNyeVhpYIi2/2cneEI0Ee6hHck+K\nm+SCq5Z6cNOh3+AJMCe4tINP0U4l9VUGXV+K76nU9bVAi5HZFn8qmOI3A37+zQFi\nK9dV1GSUVl8nIh/UzbpxmWrhcN4U6BRlXrnHPYqYfiyv3iACfKDa65wqpUsozzEO\n/XxN5ZOn+x3FQswyMCO5cmiWw8juQ8hpw/SECOCln3bhvAgRmCqR4Im5+LI=\n-----END RSA PRIVATE KEY-----\n",
            "content_base64": null,
            "directory_permission": "0777",
            "file_permission": "0777",
            "filename": "/Users/henry/.ssh/p3_uat.pem",
            "id": "c4d4121e46a55dc3b152a2c40cb1250f958ae16d",
            "sensitive_content": null,
            "source": null
          },
          "sensitive_attributes": [
            [
              {
                "type": "get_attr",
                "value": "content"
              }
            ]
          ],
          "private": "bnVsbA==",
          "dependencies": [
            "tls_private_key.rsa_key"
          ]
        }
      ]
    },
    {
      "mode": "managed",
      "type": "mongodbatlas_cluster",
      "name": "my_cluster",
      "provider": "provider[\"registry.terraform.io/mongodb/mongodbatlas\"]",
      "instances": [
        {
          "schema_version": 1,
          "attributes": {
            "advanced_configuration": [
              {
                "default_read_concern": "",
                "default_write_concern": "",
                "fail_index_key_too_long": false,
                "javascript_enabled": true,
                "minimum_enabled_tls_protocol": "TLS1_2",
                "no_table_scan": false,
                "oplog_size_mb": 0,
                "sample_refresh_interval_bi_connector": 0,
                "sample_size_bi_connector": 0
              }
            ],
            "auto_scaling_compute_enabled": false,
            "auto_scaling_compute_scale_down_enabled": false,
            "auto_scaling_disk_gb_enabled": false,
            "backing_provider_name": "AWS",
            "backup_enabled": false,
            "bi_connector": null,
            "bi_connector_config": [
              {
                "enabled": false,
                "read_preference": "secondary"
              }
            ],
            "cloud_backup": false,
            "cluster_id": "61790826e17d1a217806cfde",
            "cluster_type": "REPLICASET",
            "connection_strings": [
              {
                "aws_private_link": {},
                "aws_private_link_srv": {},
                "private": "",
                "private_endpoint": [],
                "private_srv": "",
                "standard": "mongodb://p3-uat-shard-00-00.7m7i9.mongodb.net:27017,p3-uat-shard-00-01.7m7i9.mongodb.net:27017,p3-uat-shard-00-02.7m7i9.mongodb.net:27017/?ssl=true\u0026authSource=admin\u0026replicaSet=atlas-8vqilx-shard-0",
                "standard_srv": "mongodb+srv://p3-uat.7m7i9.mongodb.net"
              }
            ],
            "container_id": null,
            "disk_size_gb": 0.5,
            "encryption_at_rest_provider": "NONE",
            "id": "Y2x1c3Rlcl9pZA==:NjE3OTA4MjZlMTdkMWEyMTc4MDZjZmRl-Y2x1c3Rlcl9uYW1l:cDMtdWF0-cHJvamVjdF9pZA==:NjE3OTA4MjIwZTBjN2YxNWYzNWIzMTA1-cHJvdmlkZXJfbmFtZQ==:VEVOQU5U",
            "labels": [],
            "mongo_db_major_version": "4.4",
            "mongo_db_version": "4.4.10",
            "mongo_uri": "mongodb://p3-uat-shard-00-00.7m7i9.mongodb.net:27017,p3-uat-shard-00-01.7m7i9.mongodb.net:27017,p3-uat-shard-00-02.7m7i9.mongodb.net:27017",
            "mongo_uri_updated": "2021-10-27T08:17:17Z",
            "mongo_uri_with_options": "mongodb://p3-uat-shard-00-00.7m7i9.mongodb.net:27017,p3-uat-shard-00-01.7m7i9.mongodb.net:27017,p3-uat-shard-00-02.7m7i9.mongodb.net:27017/?ssl=true\u0026authSource=admin\u0026replicaSet=atlas-8vqilx-shard-0",
            "name": "p3-uat",
            "num_shards": 1,
            "paused": false,
            "pit_enabled": false,
            "project_id": "617908220e0c7f15f35b3105",
            "provider_auto_scaling_compute_max_instance_size": "",
            "provider_auto_scaling_compute_min_instance_size": "",
            "provider_backup_enabled": false,
            "provider_disk_iops": null,
            "provider_disk_type_name": "",
            "provider_encrypt_ebs_volume": null,
            "provider_encrypt_ebs_volume_flag": null,
            "provider_instance_size_name": "M0",
            "provider_name": "TENANT",
            "provider_region_name": "AP_SOUTHEAST_1",
            "provider_volume_type": "",
            "replication_factor": 3,
            "replication_specs": [
              {
                "id": "61790826e17d1a217806cfd4",
                "num_shards": 1,
                "regions_config": [
                  {
                    "analytics_nodes": 0,
                    "electable_nodes": 3,
                    "priority": 7,
                    "read_only_nodes": 0,
                    "region_name": "AP_SOUTHEAST_1"
                  }
                ],
                "zone_name": "Zone 1"
              }
            ],
            "snapshot_backup_policy": [],
            "srv_address": "mongodb+srv://p3-uat.7m7i9.mongodb.net",
            "state_name": "IDLE"
          },
          "sensitive_attributes": [],
          "private": "eyJzY2hlbWFfdmVyc2lvbiI6IjEifQ==",
          "dependencies": [
            "mongodbatlas_project.my_project"
          ]
        }
      ]
    },
    {
      "mode": "managed",
      "type": "mongodbatlas_database_user",
      "name": "my_user",
      "provider": "provider[\"registry.terraform.io/mongodb/mongodbatlas\"]",
      "instances": [
        {
          "schema_version": 0,
          "attributes": {
            "auth_database_name": "admin",
            "aws_iam_type": "NONE",
            "database_name": null,
            "id": "YXV0aF9kYXRhYmFzZV9uYW1l:YWRtaW4=-cHJvamVjdF9pZA==:NjE3OTA4MjIwZTBjN2YxNWYzNWIzMTA1-dXNlcm5hbWU=:cDNfdWF0X2FkbWlu",
            "labels": [],
            "ldap_auth_type": "NONE",
            "password": "p3_uat_admin",
            "project_id": "617908220e0c7f15f35b3105",
            "roles": [
              {
                "collection_name": "",
                "database_name": "p3_uat_db",
                "role_name": "readWrite"
              }
            ],
            "scopes": [],
            "username": "p3_uat_admin",
            "x509_type": "NONE"
          },
          "sensitive_attributes": [],
          "private": "bnVsbA==",
          "dependencies": [
            "mongodbatlas_project.my_project"
          ]
        }
      ]
    },
    {
      "mode": "managed",
      "type": "mongodbatlas_project",
      "name": "my_project",
      "provider": "provider[\"registry.terraform.io/mongodb/mongodbatlas\"]",
      "instances": [
        {
          "schema_version": 0,
          "attributes": {
            "cluster_count": 0,
            "created": "2021-10-27T08:04:52Z",
            "id": "617908220e0c7f15f35b3105",
            "name": "p3-henry",
            "org_id": "6177d42f7208393fbdb86481",
            "project_owner_id": null,
            "teams": []
          },
          "sensitive_attributes": [],
          "private": "bnVsbA=="
        }
      ]
    },
    {
      "mode": "managed",
      "type": "mongodbatlas_project_ip_access_list",
      "name": "my_ipaddress",
      "provider": "provider[\"registry.terraform.io/mongodb/mongodbatlas\"]",
      "instances": [
        {
          "schema_version": 0,
          "attributes": {
            "aws_security_group": "",
            "cidr_block": "123.208.223.239/32",
            "comment": "Anywhere",
            "id": "ZW50cnk=:MTIzLjIwOC4yMjMuMjM5-cHJvamVjdF9pZA==:NjE3OTA4MjIwZTBjN2YxNWYzNWIzMTA1",
            "ip_address": "123.208.223.239",
            "project_id": "617908220e0c7f15f35b3105",
            "timeouts": null
          },
          "sensitive_attributes": [],
          "private": "eyJlMmJmYjczMC1lY2FhLTExZTYtOGY4OC0zNDM2M2JjN2M0YzAiOnsiZGVsZXRlIjoyNzAwMDAwMDAwMDAwLCJyZWFkIjoyNzAwMDAwMDAwMDAwfX0=",
          "dependencies": [
            "mongodbatlas_project.my_project"
          ]
        }
      ]
    },
    {
      "mode": "managed",
      "type": "tls_private_key",
      "name": "rsa_key",
      "provider": "provider[\"registry.terraform.io/hashicorp/tls\"]",
      "instances": [
        {
          "schema_version": 0,
          "attributes": {
            "algorithm": "RSA",
            "ecdsa_curve": "P224",
            "id": "e3b92b7908d000340e0060b6d0441f84090ab681",
            "private_key_pem": "-----BEGIN RSA PRIVATE KEY-----\nMIIJKAIBAAKCAgEAtwGZLLSInxmCsnysOL/6v8OnP1TaejUq7gN8UNQn3oPxDs4x\nYvY9mHLormaPhhIh3fcBzzBBWMPVrqmGn1SJTUVW9L2EjeFB/zhvK2jHw7vGChrT\noYLLWvZ3LD/Eu4T0rKay8VIkBORAVYWVre5Geh0PFd7FQ07SDdUpLXUu8CWDA3Y6\nycnQ4pS18nscj4Z0KV9YibNtOXbpiVOpMVE4kbuWWJLzfufhjD51fGqsiJho0+hr\nCiORZK89S1Dk26gFKl60u952HuTa+QQVvlhgeKQYELoOP2ypGpYNsmjAJdPTWsVO\nrhLa8igypgZ6yibTOWZ97hqoVMZy9oG59DdqM6TA7tyGYPBUtu1G9zBga14PmBPF\nz3b5EkEoq4s70HbeYsjkP1MKsSz7cNvvxEE/5AZ5biQW0toElkAiDZSfhxJ+YMb1\n9JL+Dt7rdSL3jPI/jzkIGUN/Tv2NQf2CJjDIzx61RBLKIZmZuE5JA97seb3slJR0\njiPgQsdiUO88QmzIrkOojikt0Z1fZuZlAt9e7BRwvyW9kSmESewlpGyqpCFN8q+l\nRXo/XJfZYyFUHv2bMPdrmDeupZHDaqOnBmTRAKSklpEXTUCHtvDr+GwoNw7AbXvR\nrC3LM+/b4MqSml6SpRyOJ6ViZy3XrIBEPe1ym7BLWzPUFsaT+2AZ4DfpM50CAwEA\nAQKCAgB4aKTPtTju9Wn45e6qqCXjZmf0U3AsWC8Wy1RQGkbhMQ66HxB/fGSqmXBe\nzzw/ik6eLJcUKzvTm4ZMlV3uF0D/hk/gV5GPiFZUBl2ewiIttq5ml6AG9He4MdHX\nW12lw6T4s/WosdLhJQzvOCVzewMD9XqneRtxXbr3PvkI38EyYHwDGxczDYZSjmXo\nVPhFtsFXN1SZxWRoGsUthc4clMQTnskdHhL3vLm5/J5wbf93IFBYnONQmHZhOKur\nkl4B6Fr9tbJUqdouGYW5seZchulydwUefExDjsr0oyX/7MwAF49Ieel6vw0vpyMr\n+bdwqnrvmW/h6cg3fxrE9jXTaWKF2pYHSZxLxrVmesDh1X7C6fL9UHuLQocFYZmr\n7fPPAS3Stu9taQBSgV+wcPuE77YjOZsCGhIOWuC+ArhQW1xlFHpNIyutzlBPtHzO\nd8zLxFb4v6KNuKSFa9ApI/+jap0ezUq82ekMwydLBHyDUX/gNUMzSJB8NkkSYZ9X\nx6/iMCpMRiooWe2MevMoM49Nfuz4rTfdtrkJ6p2YXKvkaxV/uy+7B0kfSketJ4tS\nOWJZmW/vz6uXRcxV6UzfaMNKF7eusSX8tLxwJtGaVSJORPPNyGVQzbiDrwtooFcE\nnf1BDtbZJ5gla3hZ+7I5V4ta4yryn2PlM47tvYOuqk8cN0ScAQKCAQEA6QpdtVh6\naJMMjKLWMNcSbnzquB8HPNry/B7hc06+Rcymx+uhaRZt+/DNw3bdxMWAmIK5OTjq\nJKQzjTbcQZslC8sYF+4dcMn+ODdkwJPk1UGOiUEWIfU2FEHdAk/dT2p0hYuhIHhf\nTxWTCK51dRamY359RCoFN9Ca7sEKy929qaOBkTA4lgtbfhYoWoIXezZ7UXp8rXwa\nBOONwoF3FIIjHU3ZrBNTN7mSriRXGFyOrpdesC7jx0hjACRfv5XSrWD9zLQGq1Fu\nXNyQdWSearBMR69PEZ5qloZOMe9tWDfrhCXoq8fMAbQ8CUdTdYVAAGQyBxbGGLOV\n2Ul8yE1rTYlkMQKCAQEAyQlK9QC/eKVf/7T2Z4w+AHI+Ah4dopgLFJk9dkDe9kny\nHskYfzKys1sVXY30ANRTwfIsMhXO+/XA0GxcnkThBgoAOIZcueosjMqnfLrWRaHI\nsqeuVTN6LgjfHVdJfAKhx4502TTv6L8lTAS1qAkD9T6j1H7w/eNWqR/XPgQfsR4q\nmsd4aX5f2AuTnkUiNh7NIIZLsTXHGoOmcZ54oW6jTZ8TRdlXHqt0tftgjICFyilJ\nrxbbeNULcNU7BIm6cWs5OIR5s3fzAg4fsr0ASplWbLZZGeCzcJ0A1uiG49tmrveQ\nqLd2T2/SfhFQuEQnimvZZ1aP1lREDxloL+RbCklHLQKCAQA3V+rhQl3vr9xvGczc\nVHdgHfJwP44seaLzFTJde/ncAboqCF+Q4W7FQm7bWMNaE71yerkaSdXxVb2Yb8rn\nGb02i8jxBe+f9ZiWKTGYOodBzgvXtMlYzy9EqE+gWO8qCRIbFQny+CNKWMlOaoAi\ninqBbmy5X3FVzAi/YsD5oXOFcfs3S8hkedYEn6Z9uB9zd4DZ3Mj3Ol3Dg3cLFkv9\nZtqH/xEOuJgux7d5+89jTbfk5rXqCXi2vw4j3n+OtDoQStR7ZNWgofofu5HjDz5A\nABZdf9i7Sm/tx3+ShFXneYBJJeeXxB9C2FbZrUK4yihk72aiIFpzS1LvA3DK8Pfm\nthZBAoIBAFF4aZ8WeYHsCxZ2gLD//ZRyt7xl9f6RfVQQsf69VV4cI3nkZwANTKww\nylzKjUrUwUjE2rJFckdblZMhhvtA0KyA2wwNL4DMbNd1vSBoGzPG163HFHhEz0ve\nnoSmfgo6itNzYNkxgdQhunyvH+sEFE2L4BragtFxEwqg87qXMzy1C/EDy0F9TFwi\nfOVUAQRLwTdgFUawk4qkNYyv+xT44Ecxoz7YUF0GgNrLD5qA7zc5OjoxminCtMs6\nLputMRiLqnnD/goEH0AC90eZHogc0hBmaX96N1340oFFZHzsyhU4ELC/ALw6heQ/\nIiY6wIdxI36kbtAeACLaWgWmllp5zdUCggEBANKEtB9i1yvpyD4TpmPl0avqRohB\nPVU4/d60Vz+BiK5CPlzmLNO9aCqUImipwjnSbZsLrl1o4xO0cmqzTmVO7JvD7dt0\ns7xGjybK+KtaxLW5fFYV8vexVVbPFjJ8yLV/yNyeVhpYIi2/2cneEI0Ee6hHck+K\nm+SCq5Z6cNOh3+AJMCe4tINP0U4l9VUGXV+K76nU9bVAi5HZFn8qmOI3A37+zQFi\nK9dV1GSUVl8nIh/UzbpxmWrhcN4U6BRlXrnHPYqYfiyv3iACfKDa65wqpUsozzEO\n/XxN5ZOn+x3FQswyMCO5cmiWw8juQ8hpw/SECOCln3bhvAgRmCqR4Im5+LI=\n-----END RSA PRIVATE KEY-----\n",
            "public_key_fingerprint_md5": "a2:d5:d3:19:af:40:e2:54:d9:0c:13:2c:6b:d8:4b:89",
            "public_key_openssh": "ssh-rsa AAAAB3NzaC1yc2EAAAADAQABAAACAQC3AZkstIifGYKyfKw4v/q/w6c/VNp6NSruA3xQ1Cfeg/EOzjFi9j2YcuiuZo+GEiHd9wHPMEFYw9WuqYafVIlNRVb0vYSN4UH/OG8raMfDu8YKGtOhgsta9ncsP8S7hPSsprLxUiQE5EBVhZWt7kZ6HQ8V3sVDTtIN1SktdS7wJYMDdjrJydDilLXyexyPhnQpX1iJs205dumJU6kxUTiRu5ZYkvN+5+GMPnV8aqyImGjT6GsKI5Fkrz1LUOTbqAUqXrS73nYe5Nr5BBW+WGB4pBgQug4/bKkalg2yaMAl09NaxU6uEtryKDKmBnrKJtM5Zn3uGqhUxnL2gbn0N2ozpMDu3IZg8FS27Ub3MGBrXg+YE8XPdvkSQSirizvQdt5iyOQ/UwqxLPtw2+/EQT/kBnluJBbS2gSWQCINlJ+HEn5gxvX0kv4O3ut1IveM8j+POQgZQ39O/Y1B/YImMMjPHrVEEsohmZm4TkkD3ux5veyUlHSOI+BCx2JQ7zxCbMiuQ6iOKS3RnV9m5mUC317sFHC/Jb2RKYRJ7CWkbKqkIU3yr6VFej9cl9ljIVQe/Zsw92uYN66lkcNqo6cGZNEApKSWkRdNQIe28Ov4bCg3DsBte9GsLcsz79vgypKaXpKlHI4npWJnLdesgEQ97XKbsEtbM9QWxpP7YBngN+kznQ==\n",
            "public_key_pem": "-----BEGIN PUBLIC KEY-----\nMIICIjANBgkqhkiG9w0BAQEFAAOCAg8AMIICCgKCAgEAtwGZLLSInxmCsnysOL/6\nv8OnP1TaejUq7gN8UNQn3oPxDs4xYvY9mHLormaPhhIh3fcBzzBBWMPVrqmGn1SJ\nTUVW9L2EjeFB/zhvK2jHw7vGChrToYLLWvZ3LD/Eu4T0rKay8VIkBORAVYWVre5G\neh0PFd7FQ07SDdUpLXUu8CWDA3Y6ycnQ4pS18nscj4Z0KV9YibNtOXbpiVOpMVE4\nkbuWWJLzfufhjD51fGqsiJho0+hrCiORZK89S1Dk26gFKl60u952HuTa+QQVvlhg\neKQYELoOP2ypGpYNsmjAJdPTWsVOrhLa8igypgZ6yibTOWZ97hqoVMZy9oG59Ddq\nM6TA7tyGYPBUtu1G9zBga14PmBPFz3b5EkEoq4s70HbeYsjkP1MKsSz7cNvvxEE/\n5AZ5biQW0toElkAiDZSfhxJ+YMb19JL+Dt7rdSL3jPI/jzkIGUN/Tv2NQf2CJjDI\nzx61RBLKIZmZuE5JA97seb3slJR0jiPgQsdiUO88QmzIrkOojikt0Z1fZuZlAt9e\n7BRwvyW9kSmESewlpGyqpCFN8q+lRXo/XJfZYyFUHv2bMPdrmDeupZHDaqOnBmTR\nAKSklpEXTUCHtvDr+GwoNw7AbXvRrC3LM+/b4MqSml6SpRyOJ6ViZy3XrIBEPe1y\nm7BLWzPUFsaT+2AZ4DfpM50CAwEAAQ==\n-----END PUBLIC KEY-----\n",
            "rsa_bits": 4096
          },
          "sensitive_attributes": [],
          "private": "bnVsbA=="
        }
      ]
    },
    {
      "module": "module.compute",
      "mode": "data",
      "type": "aws_ssm_parameter",
      "name": "linux_latest_ami",
      "provider": "provider[\"registry.terraform.io/hashicorp/aws\"]",
      "instances": [
        {
          "schema_version": 0,
          "attributes": {
            "arn": "arn:aws:ssm:ap-southeast-2::parameter/aws/service/ami-amazon-linux-latest/amzn2-ami-hvm-x86_64-gp2",
            "id": "/aws/service/ami-amazon-linux-latest/amzn2-ami-hvm-x86_64-gp2",
            "name": "/aws/service/ami-amazon-linux-latest/amzn2-ami-hvm-x86_64-gp2",
            "type": "String",
            "value": "ami-05c029a4b57edda9e",
            "version": 52,
            "with_decryption": true
          },
          "sensitive_attributes": []
        }
      ]
    },
    {
      "module": "module.compute",
      "mode": "managed",
      "type": "aws_instance",
      "name": "app_instance",
      "provider": "provider[\"registry.terraform.io/hashicorp/aws\"]",
      "instances": [
        {
          "schema_version": 1,
          "attributes": {
            "ami": "ami-05c029a4b57edda9e",
            "arn": "arn:aws:ec2:ap-southeast-2:505482475072:instance/i-0c7f633de63669fd4",
            "associate_public_ip_address": true,
            "availability_zone": "ap-southeast-2a",
            "capacity_reservation_specification": [
              {
                "capacity_reservation_preference": "open",
                "capacity_reservation_target": []
              }
            ],
            "cpu_core_count": 1,
            "cpu_threads_per_core": 1,
            "credit_specification": [
              {
                "cpu_credits": "standard"
              }
            ],
            "disable_api_termination": false,
            "ebs_block_device": [],
            "ebs_optimized": false,
            "enclave_options": [
              {
                "enabled": false
              }
            ],
            "ephemeral_block_device": [],
            "get_password_data": false,
            "hibernation": false,
            "host_id": null,
            "iam_instance_profile": "",
            "id": "i-0c7f633de63669fd4",
            "instance_initiated_shutdown_behavior": "stop",
            "instance_state": "running",
            "instance_type": "t2.micro",
            "ipv6_address_count": 0,
            "ipv6_addresses": [],
            "key_name": "p3_uat",
            "launch_template": [],
            "metadata_options": [
              {
                "http_endpoint": "enabled",
                "http_put_response_hop_limit": 1,
                "http_tokens": "optional"
              }
            ],
            "monitoring": false,
            "network_interface": [],
            "outpost_arn": "",
            "password_data": "",
            "placement_group": "",
            "placement_partition_number": null,
            "primary_network_interface_id": "eni-0fe1153e2f427c7f1",
            "private_dns": "ip-172-16-1-82.ap-southeast-2.compute.internal",
            "private_ip": "172.16.1.82",
            "public_dns": "",
            "public_ip": "54.253.76.140",
            "root_block_device": [
              {
                "delete_on_termination": true,
                "device_name": "/dev/xvda",
                "encrypted": false,
                "iops": 100,
                "kms_key_id": "",
                "tags": {},
                "throughput": 0,
                "volume_id": "vol-0c49a0cdd1123d501",
                "volume_size": 8,
                "volume_type": "gp2"
              }
            ],
            "secondary_private_ips": [],
            "security_groups": [],
            "source_dest_check": true,
            "subnet_id": "subnet-0c221659639d3165d",
            "tags": {
              "Project": "Public UAT"
            },
            "tags_all": {
              "Project": "Public UAT"
            },
            "tenancy": "default",
            "timeouts": null,
            "user_data": null,
            "user_data_base64": null,
            "volume_tags": null,
            "vpc_security_group_ids": [
              "sg-0af66da061c86ed92",
              "sg-0c1d27019bdbf8d59"
            ]
          },
          "sensitive_attributes": [
            [
              {
                "type": "get_attr",
                "value": "ami"
              }
            ]
          ],
          "private": "eyJlMmJmYjczMC1lY2FhLTExZTYtOGY4OC0zNDM2M2JjN2M0YzAiOnsiY3JlYXRlIjo2MDAwMDAwMDAwMDAsImRlbGV0ZSI6MTIwMDAwMDAwMDAwMCwidXBkYXRlIjo2MDAwMDAwMDAwMDB9LCJzY2hlbWFfdmVyc2lvbiI6IjEifQ==",
          "dependencies": [
            "module.compute.data.aws_ssm_parameter.linux_latest_ami",
            "aws_security_group.app_sg",
            "aws_security_group.general_sg",
            "aws_subnet.pub_sub",
            "aws_vpc.main"
          ]
        }
      ]
    },
    {
      "module": "module.compute",
      "mode": "managed",
      "type": "aws_instance",
      "name": "nginx",
      "provider": "provider[\"registry.terraform.io/hashicorp/aws\"]",
      "instances": [
        {
          "schema_version": 1,
          "attributes": {
            "ami": "ami-05c029a4b57edda9e",
            "arn": "arn:aws:ec2:ap-southeast-2:505482475072:instance/i-070a83b3c9de27be0",
            "associate_public_ip_address": true,
            "availability_zone": "ap-southeast-2a",
            "capacity_reservation_specification": [
              {
                "capacity_reservation_preference": "open",
                "capacity_reservation_target": []
              }
            ],
            "cpu_core_count": 1,
            "cpu_threads_per_core": 1,
            "credit_specification": [
              {
                "cpu_credits": "standard"
              }
            ],
            "disable_api_termination": false,
            "ebs_block_device": [],
            "ebs_optimized": false,
            "enclave_options": [
              {
                "enabled": false
              }
            ],
            "ephemeral_block_device": [],
            "get_password_data": false,
            "hibernation": false,
            "host_id": null,
            "iam_instance_profile": "",
            "id": "i-070a83b3c9de27be0",
            "instance_initiated_shutdown_behavior": "stop",
            "instance_state": "running",
            "instance_type": "t2.micro",
            "ipv6_address_count": 0,
            "ipv6_addresses": [],
            "key_name": "p3_uat",
            "launch_template": [],
            "metadata_options": [
              {
                "http_endpoint": "enabled",
                "http_put_response_hop_limit": 1,
                "http_tokens": "optional"
              }
            ],
            "monitoring": false,
            "network_interface": [],
            "outpost_arn": "",
            "password_data": "",
            "placement_group": "",
            "placement_partition_number": null,
            "primary_network_interface_id": "eni-07711f40dd4b7e32e",
            "private_dns": "ip-172-16-1-229.ap-southeast-2.compute.internal",
            "private_ip": "172.16.1.229",
            "public_dns": "",
            "public_ip": "3.24.138.95",
            "root_block_device": [
              {
                "delete_on_termination": true,
                "device_name": "/dev/xvda",
                "encrypted": false,
                "iops": 100,
                "kms_key_id": "",
                "tags": {},
                "throughput": 0,
                "volume_id": "vol-0955fb7a652c17fad",
                "volume_size": 8,
                "volume_type": "gp2"
              }
            ],
            "secondary_private_ips": [],
            "security_groups": [],
            "source_dest_check": true,
            "subnet_id": "subnet-0c221659639d3165d",
            "tags": {
              "Project": "Public UAT"
            },
            "tags_all": {
              "Project": "Public UAT"
            },
            "tenancy": "default",
            "timeouts": null,
            "user_data": null,
            "user_data_base64": null,
            "volume_tags": null,
            "vpc_security_group_ids": [
              "sg-0a3420f1c0ed65485",
              "sg-0c1d27019bdbf8d59"
            ]
          },
          "sensitive_attributes": [
            [
              {
                "type": "get_attr",
                "value": "ami"
              }
            ]
          ],
          "private": "eyJlMmJmYjczMC1lY2FhLTExZTYtOGY4OC0zNDM2M2JjN2M0YzAiOnsiY3JlYXRlIjo2MDAwMDAwMDAwMDAsImRlbGV0ZSI6MTIwMDAwMDAwMDAwMCwidXBkYXRlIjo2MDAwMDAwMDAwMDB9LCJzY2hlbWFfdmVyc2lvbiI6IjEifQ==",
          "dependencies": [
            "aws_security_group.general_sg",
            "aws_security_group.nginx_sg",
            "aws_subnet.pub_sub",
            "aws_vpc.main",
            "module.compute.data.aws_ssm_parameter.linux_latest_ami"
          ]
        }
      ]
    }
  ]
}
