{
  "version": 4,
  "terraform_version": "1.0.8",
  "serial": 180,
  "lineage": "455840e5-acd1-d9d0-d425-e3c6f7e3174e",
  "outputs": {
    "app_instance_ip": {
      "value": "52.62.14.93",
      "type": "string"
    },
    "mongodb_connection_strings": {
      "value": "mongodb+srv://p3-uat.n5mjw.mongodb.net",
      "type": "string"
    },
    "nginx_ip": {
      "value": "13.211.33.243",
      "type": "string"
    },
    "ssh_key_path": {
      "value": "C:\\Users\\Andy\\.ssh\\p3_uat.pem",
      "type": "string"
    }
  },
  "resources": [
    {
      "mode": "managed",
      "type": "aws_internet_gateway",
      "name": "igw",
      "provider": "provider[\"registry.terraform.io/hashicorp/aws\"]",
      "instances": [
        {
          "schema_version": 0,
          "attributes": {
            "arn": "arn:aws:ec2:ap-southeast-2:915507324179:internet-gateway/igw-0f1e69b772c3c4b37",
            "id": "igw-0f1e69b772c3c4b37",
            "owner_id": "915507324179",
            "tags": {
              "Project": "Public UAT"
            },
            "tags_all": {
              "Project": "Public UAT"
            },
            "vpc_id": "vpc-06f81dc8a49c22681"
          },
          "sensitive_attributes": [],
          "private": "bnVsbA==",
          "dependencies": [
            "aws_vpc.main"
          ]
        }
      ]
    },
    {
      "mode": "managed",
      "type": "aws_key_pair",
      "name": "key_pair",
      "provider": "provider[\"registry.terraform.io/hashicorp/aws\"]",
      "instances": [
        {
          "schema_version": 1,
          "attributes": {
            "arn": "arn:aws:ec2:ap-southeast-2:915507324179:key-pair/p3_uat",
            "fingerprint": "fe:a2:4e:3c:e4:b3:46:9e:fa:e4:3d:c3:c3:4b:91:75",
            "id": "p3_uat",
            "key_name": "p3_uat",
            "key_name_prefix": null,
            "key_pair_id": "key-02bbf3811d9859673",
            "public_key": "ssh-rsa AAAAB3NzaC1yc2EAAAADAQABAAACAQDku2fNuzq5CLEIedYPbJmdYO79b61scFthWZ6e3qYwb3iBCt4v6GHrAiUuay4qsiS96NhH2Zv9U1YcPWSCGsFJTejecECNtkuA2jNcNp0oX+eKOaEX6w06QY5B9EG3Oi69F2jYeBeDBXH76GDzHOAQ/dhXwXrRlqJf50sAcufoYJLqnaz9IrIAh4pvXQ9y485tpFj/PnDkUKeshUEixqs/ggBFAjgijzjw7YrzArytN4Sdk4DmlnG/jL5b8fiAbQ03pKWglxZWmpGwSFqKpOSZHMlitk41nyDGpkzyMyxt4UUyHEbTdSdIJG20XAVeX/uRVAJvXDTzAgNwhNzBP73maEackQK/woDjaqfXvpLU23Xnp5aIeUUKuzECMn7xWetVeymY7jgx9C0N0+ps6DqDkgD4bzoyXF26XmYx+aSERNFWtUX/JiAVt2hvWD3Aiv/SGJAj+yezD4Esr2tYztc9qxw9t9BmxeTRns6Ss/By+EtjZR4w7WWlqJGrApaDIeA0ZYNCKIx/4q8asZGLYnR/gsYGTdceCiyjkam1uURkxWDe+7FpYLQYabGeJGSsZY8ejrenAtJS3dURtWDpOX5nVHZvFZjXcwTIwyKNVIQKcwDIDjRZWBgcXaV7CpVikizZFE4pKJ5IzvS4xZVBVWHPsL3PQaphVKa+0uo5N7ACbw==",
            "tags": null,
            "tags_all": {}
          },
          "sensitive_attributes": [],
          "private": "eyJzY2hlbWFfdmVyc2lvbiI6IjEifQ==",
          "dependencies": [
            "tls_private_key.rsa_key"
          ]
        }
      ]
    },
    {
      "mode": "managed",
      "type": "aws_route_table",
      "name": "pub_rt",
      "provider": "provider[\"registry.terraform.io/hashicorp/aws\"]",
      "instances": [
        {
          "schema_version": 0,
          "attributes": {
            "arn": "arn:aws:ec2:ap-southeast-2:915507324179:route-table/rtb-0f114f98bd42eb715",
            "id": "rtb-0f114f98bd42eb715",
            "owner_id": "915507324179",
            "propagating_vgws": [],
            "route": [
              {
                "carrier_gateway_id": "",
                "cidr_block": "0.0.0.0/0",
                "destination_prefix_list_id": "",
                "egress_only_gateway_id": "",
                "gateway_id": "igw-0f1e69b772c3c4b37",
                "instance_id": "",
                "ipv6_cidr_block": "",
                "local_gateway_id": "",
                "nat_gateway_id": "",
                "network_interface_id": "",
                "transit_gateway_id": "",
                "vpc_endpoint_id": "",
                "vpc_peering_connection_id": ""
              }
            ],
            "tags": {
              "Project": "Public UAT"
            },
            "tags_all": {
              "Project": "Public UAT"
            },
            "timeouts": null,
            "vpc_id": "vpc-06f81dc8a49c22681"
          },
          "sensitive_attributes": [],
          "private": "eyJlMmJmYjczMC1lY2FhLTExZTYtOGY4OC0zNDM2M2JjN2M0YzAiOnsiY3JlYXRlIjoxMjAwMDAwMDAwMDAsImRlbGV0ZSI6MzAwMDAwMDAwMDAwLCJ1cGRhdGUiOjEyMDAwMDAwMDAwMH19",
          "dependencies": [
            "aws_internet_gateway.igw",
            "aws_vpc.main"
          ]
        }
      ]
    },
    {
      "mode": "managed",
      "type": "aws_route_table_association",
      "name": "rt_assoc",
      "provider": "provider[\"registry.terraform.io/hashicorp/aws\"]",
      "instances": [
        {
          "schema_version": 0,
          "attributes": {
            "gateway_id": "",
            "id": "rtbassoc-0caffda532f9831c8",
            "route_table_id": "rtb-0f114f98bd42eb715",
            "subnet_id": "subnet-0d044160d26aefff8"
          },
          "sensitive_attributes": [],
          "private": "bnVsbA==",
          "dependencies": [
            "aws_internet_gateway.igw",
            "aws_route_table.pub_rt",
            "aws_subnet.pub_sub",
            "aws_vpc.main"
          ]
        }
      ]
    },
    {
      "mode": "managed",
      "type": "aws_security_group",
      "name": "app_sg",
      "provider": "provider[\"registry.terraform.io/hashicorp/aws\"]",
      "instances": [
        {
          "schema_version": 1,
          "attributes": {
            "arn": "arn:aws:ec2:ap-southeast-2:915507324179:security-group/sg-0d6bc319f0e9e5450",
            "description": "Managed by Terraform",
            "egress": [],
            "id": "sg-0d6bc319f0e9e5450",
            "ingress": [],
            "name": "terraform-20211027092237076800000001",
            "name_prefix": "terraform-",
            "owner_id": "915507324179",
            "revoke_rules_on_delete": false,
            "tags": {
              "Project": "Public UAT"
            },
            "tags_all": {
              "Project": "Public UAT"
            },
            "timeouts": null,
            "vpc_id": "vpc-06f81dc8a49c22681"
          },
          "sensitive_attributes": [],
          "private": "eyJlMmJmYjczMC1lY2FhLTExZTYtOGY4OC0zNDM2M2JjN2M0YzAiOnsiY3JlYXRlIjo2MDAwMDAwMDAwMDAsImRlbGV0ZSI6OTAwMDAwMDAwMDAwfSwic2NoZW1hX3ZlcnNpb24iOiIxIn0=",
          "dependencies": [
            "aws_vpc.main"
          ]
        }
      ]
    },
    {
      "mode": "managed",
      "type": "aws_security_group",
      "name": "general_sg",
      "provider": "provider[\"registry.terraform.io/hashicorp/aws\"]",
      "instances": [
        {
          "schema_version": 1,
          "attributes": {
            "arn": "arn:aws:ec2:ap-southeast-2:915507324179:security-group/sg-006cc350eb1a4b09d",
            "description": "Managed by Terraform",
            "egress": [],
            "id": "sg-006cc350eb1a4b09d",
            "ingress": [],
            "name": "terraform-20211027092237076800000002",
            "name_prefix": "terraform-",
            "owner_id": "915507324179",
            "revoke_rules_on_delete": false,
            "tags": {
              "Project": "Public UAT"
            },
            "tags_all": {
              "Project": "Public UAT"
            },
            "timeouts": null,
            "vpc_id": "vpc-06f81dc8a49c22681"
          },
          "sensitive_attributes": [],
          "private": "eyJlMmJmYjczMC1lY2FhLTExZTYtOGY4OC0zNDM2M2JjN2M0YzAiOnsiY3JlYXRlIjo2MDAwMDAwMDAwMDAsImRlbGV0ZSI6OTAwMDAwMDAwMDAwfSwic2NoZW1hX3ZlcnNpb24iOiIxIn0=",
          "dependencies": [
            "aws_vpc.main"
          ]
        }
      ]
    },
    {
      "mode": "managed",
      "type": "aws_security_group",
      "name": "nginx_sg",
      "provider": "provider[\"registry.terraform.io/hashicorp/aws\"]",
      "instances": [
        {
          "schema_version": 1,
          "attributes": {
            "arn": "arn:aws:ec2:ap-southeast-2:915507324179:security-group/sg-0ce417ede543399d6",
            "description": "Managed by Terraform",
            "egress": [],
            "id": "sg-0ce417ede543399d6",
            "ingress": [],
            "name": "terraform-20211027092237077800000003",
            "name_prefix": "terraform-",
            "owner_id": "915507324179",
            "revoke_rules_on_delete": false,
            "tags": {
              "Project": "Public UAT"
            },
            "tags_all": {
              "Project": "Public UAT"
            },
            "timeouts": null,
            "vpc_id": "vpc-06f81dc8a49c22681"
          },
          "sensitive_attributes": [],
          "private": "eyJlMmJmYjczMC1lY2FhLTExZTYtOGY4OC0zNDM2M2JjN2M0YzAiOnsiY3JlYXRlIjo2MDAwMDAwMDAwMDAsImRlbGV0ZSI6OTAwMDAwMDAwMDAwfSwic2NoZW1hX3ZlcnNpb24iOiIxIn0=",
          "dependencies": [
            "aws_vpc.main"
          ]
        }
      ]
    },
    {
      "mode": "managed",
      "type": "aws_security_group_rule",
      "name": "in_ssh_app_from_anywhere",
      "provider": "provider[\"registry.terraform.io/hashicorp/aws\"]",
      "instances": [
        {
          "schema_version": 2,
          "attributes": {
            "cidr_blocks": [
              "0.0.0.0/0"
            ],
            "description": null,
            "from_port": 22,
            "id": "sgrule-3563234595",
            "ipv6_cidr_blocks": null,
            "prefix_list_ids": null,
            "protocol": "tcp",
            "security_group_id": "sg-0d6bc319f0e9e5450",
            "self": false,
            "source_security_group_id": null,
            "to_port": 22,
            "type": "ingress"
          },
          "sensitive_attributes": [],
          "private": "eyJzY2hlbWFfdmVyc2lvbiI6IjIifQ==",
          "dependencies": [
            "aws_security_group.app_sg",
            "aws_vpc.main"
          ]
        }
      ]
    },
    {
      "mode": "managed",
      "type": "aws_security_group_rule",
      "name": "in_ssh_bastion_from_anywhere",
      "provider": "provider[\"registry.terraform.io/hashicorp/aws\"]",
      "instances": [
        {
          "schema_version": 2,
          "attributes": {
            "cidr_blocks": [
              "0.0.0.0/0"
            ],
            "description": null,
            "from_port": 22,
            "id": "sgrule-2132809638",
            "ipv6_cidr_blocks": null,
            "prefix_list_ids": null,
            "protocol": "tcp",
            "security_group_id": "sg-0ce417ede543399d6",
            "self": false,
            "source_security_group_id": null,
            "to_port": 22,
            "type": "ingress"
          },
          "sensitive_attributes": [],
          "private": "eyJzY2hlbWFfdmVyc2lvbiI6IjIifQ==",
          "dependencies": [
            "aws_security_group.nginx_sg",
            "aws_vpc.main"
          ]
        }
      ]
    },
    {
      "mode": "managed",
      "type": "aws_security_group_rule",
      "name": "out_http",
      "provider": "provider[\"registry.terraform.io/hashicorp/aws\"]",
      "instances": [
        {
          "schema_version": 2,
          "attributes": {
            "cidr_blocks": [
              "0.0.0.0/0"
            ],
            "description": null,
            "from_port": 80,
            "id": "sgrule-86381658",
            "ipv6_cidr_blocks": null,
            "prefix_list_ids": null,
            "protocol": "tcp",
            "security_group_id": "sg-006cc350eb1a4b09d",
            "self": false,
            "source_security_group_id": null,
            "to_port": 80,
            "type": "egress"
          },
          "sensitive_attributes": [],
          "private": "eyJzY2hlbWFfdmVyc2lvbiI6IjIifQ==",
          "dependencies": [
            "aws_security_group.general_sg",
            "aws_vpc.main"
          ]
        }
      ]
    },
    {
      "mode": "managed",
      "type": "aws_security_group_rule",
      "name": "out_http_app_to_anywhere",
      "provider": "provider[\"registry.terraform.io/hashicorp/aws\"]",
      "instances": [
        {
          "schema_version": 2,
          "attributes": {
            "cidr_blocks": [
              "0.0.0.0/0"
            ],
            "description": null,
            "from_port": 80,
            "id": "sgrule-1060297738",
            "ipv6_cidr_blocks": null,
            "prefix_list_ids": null,
            "protocol": "tcp",
            "security_group_id": "sg-0d6bc319f0e9e5450",
            "self": false,
            "source_security_group_id": null,
            "to_port": 80,
            "type": "egress"
          },
          "sensitive_attributes": [],
          "private": "eyJzY2hlbWFfdmVyc2lvbiI6IjIifQ==",
          "dependencies": [
            "aws_security_group.app_sg",
            "aws_vpc.main"
          ]
        }
      ]
    },
    {
      "mode": "managed",
      "type": "aws_security_group_rule",
      "name": "out_ssh_bastion_to_anywhere",
      "provider": "provider[\"registry.terraform.io/hashicorp/aws\"]",
      "instances": [
        {
          "schema_version": 2,
          "attributes": {
            "cidr_blocks": [
              "0.0.0.0/0"
            ],
            "description": null,
            "from_port": 22,
            "id": "sgrule-1087211546",
            "ipv6_cidr_blocks": null,
            "prefix_list_ids": null,
            "protocol": "tcp",
            "security_group_id": "sg-0ce417ede543399d6",
            "self": false,
            "source_security_group_id": null,
            "to_port": 22,
            "type": "egress"
          },
          "sensitive_attributes": [],
          "private": "eyJzY2hlbWFfdmVyc2lvbiI6IjIifQ==",
          "dependencies": [
            "aws_security_group.nginx_sg",
            "aws_vpc.main"
          ]
        }
      ]
    },
    {
      "mode": "managed",
      "type": "aws_subnet",
      "name": "pub_sub",
      "provider": "provider[\"registry.terraform.io/hashicorp/aws\"]",
      "instances": [
        {
          "schema_version": 1,
          "attributes": {
            "arn": "arn:aws:ec2:ap-southeast-2:915507324179:subnet/subnet-0d044160d26aefff8",
            "assign_ipv6_address_on_creation": false,
            "availability_zone": "ap-southeast-2a",
            "availability_zone_id": "apse2-az3",
            "cidr_block": "172.16.1.0/24",
            "customer_owned_ipv4_pool": "",
            "id": "subnet-0d044160d26aefff8",
            "ipv6_cidr_block": "",
            "ipv6_cidr_block_association_id": "",
            "map_customer_owned_ip_on_launch": false,
            "map_public_ip_on_launch": true,
            "outpost_arn": "",
            "owner_id": "915507324179",
            "tags": {
              "Project": "Public UAT"
            },
            "tags_all": {
              "Project": "Public UAT"
            },
            "timeouts": null,
            "vpc_id": "vpc-06f81dc8a49c22681"
          },
          "sensitive_attributes": [],
          "private": "eyJlMmJmYjczMC1lY2FhLTExZTYtOGY4OC0zNDM2M2JjN2M0YzAiOnsiY3JlYXRlIjo2MDAwMDAwMDAwMDAsImRlbGV0ZSI6MTIwMDAwMDAwMDAwMH0sInNjaGVtYV92ZXJzaW9uIjoiMSJ9",
          "dependencies": [
            "aws_vpc.main"
          ]
        }
      ]
    },
    {
      "mode": "managed",
      "type": "aws_vpc",
      "name": "main",
      "provider": "provider[\"registry.terraform.io/hashicorp/aws\"]",
      "instances": [
        {
          "schema_version": 1,
          "attributes": {
            "arn": "arn:aws:ec2:ap-southeast-2:915507324179:vpc/vpc-06f81dc8a49c22681",
            "assign_generated_ipv6_cidr_block": false,
            "cidr_block": "172.16.0.0/16",
            "default_network_acl_id": "acl-07063718903688a83",
            "default_route_table_id": "rtb-032ea00a055d83cee",
            "default_security_group_id": "sg-059612a0bf3185e27",
            "dhcp_options_id": "dopt-71919c16",
            "enable_classiclink": false,
            "enable_classiclink_dns_support": false,
            "enable_dns_hostnames": false,
            "enable_dns_support": true,
            "id": "vpc-06f81dc8a49c22681",
            "instance_tenancy": "default",
            "ipv6_association_id": "",
            "ipv6_cidr_block": "",
            "main_route_table_id": "rtb-032ea00a055d83cee",
            "owner_id": "915507324179",
            "tags": {
              "Project": "Public UAT"
            },
            "tags_all": {
              "Project": "Public UAT"
            }
          },
          "sensitive_attributes": [],
          "private": "eyJzY2hlbWFfdmVyc2lvbiI6IjEifQ=="
        }
      ]
    },
    {
      "mode": "managed",
      "type": "local_file",
      "name": "my_key_file",
      "provider": "provider[\"registry.terraform.io/hashicorp/local\"]",
      "instances": [
        {
          "schema_version": 0,
          "attributes": {
            "content": "-----BEGIN RSA PRIVATE KEY-----\nMIIJKAIBAAKCAgEA5Ltnzbs6uQixCHnWD2yZnWDu/W+tbHBbYVment6mMG94gQre\nL+hh6wIlLmsuKrIkvejYR9mb/VNWHD1kghrBSU3o3nBAjbZLgNozXDadKF/nijmh\nF+sNOkGOQfRBtzouvRdo2HgXgwVx++hg8xzgEP3YV8F60ZaiX+dLAHLn6GCS6p2s\n/SKyAIeKb10PcuPObaRY/z5w5FCnrIVBIsarP4IARQI4Io848O2K8wK8rTeEnZOA\n5pZxv4y+W/H4gG0NN6SloJcWVpqRsEhaiqTkmRzJYrZONZ8gxqZM8jMsbeFFMhxG\n03UnSCRttFwFXl/7kVQCb1w08wIDcITcwT+95mhGnJECv8KA42qn176S1Nt156eW\niHlFCrsxAjJ+8VnrVXspmO44MfQtDdPqbOg6g5IA+G86Mlxdul5mMfmkhETRVrVF\n/yYgFbdob1g9wIr/0hiQI/snsw+BLK9rWM7XPascPbfQZsXk0Z7OkrPwcvhLY2Ue\nMO1lpaiRqwKWgyHgNGWDQiiMf+KvGrGRi2J0f4LGBk3XHgoso5GptblEZMVg3vux\naWC0GGmxniRkrGWPHo63pwLSUt3VEbVg6Tl+Z1R2bxWY13MEyMMijVSECnMAyA40\nWVgYHF2lewqVYpIs2RROKSieSM70uMWVQVVhz7C9z0GqYVSmvtLqOTewAm8CAwEA\nAQKCAgB38QXHzgxHBxW+OhVT1UDgU/o+j5dDK8/fRp109Y/0CiAImuhT+umN0Hwq\n0S1OWkgGBdmUI7o2psKa4F6aEumURPR94CMZrKP/F2yjSEg06cWCqCGfZzRyffnY\n//qN2Ea2BVaHXMIHhI126S4djeC5SENwERcUXIcc/y5HN/n/0tR3juMtgkoRGQIw\nz33QY0DWIb5Baj7MmrayMtYrJD6ceNEnXriM9smHHSklsSO7OUejUbvgLrfLGESh\n9kq3HXg223G2ukOOelM3O1mvJjRxTbUUvEBawezv/jiPMOJ1ZBFi640ASYilveSB\nFVgDWxWR6Zm1R4bEfyPKlwEjnQc4k164Aa8VgeQLOmKpwcBmXV8WZpmjMXT9c/C8\ng2Xwaz9VTPOO1r4RtYujK37DTEM/Ivm0JxQHWyZ2RxiwCVu+Xb6DD0/qdDGg0mK3\n8W3zkKhkU5irpBxpWmJGgo7FRPd2C3X4VIHCJQddyJ60QCUf+ujpZYIy7rwHMyIV\ny0tui6BB2V7AMIxEaeGj1rA+A61aYQfG1A8lMiQy6h8wc+oYynDdRdWYBnKkL8DJ\ndGzHs1n4RB56pDjjuDhfH5WPXNGwa8zcjV68bFKId9/10SI9wZXL1UuGWK6yDKyc\nCRGdBRyr5TF3q10AHlehJ3FVUdwc+dqiivdZRxxNrj9U4szu0QKCAQEA9BnyAoXW\nmJfsHqI68AeENeiTbwEWU4Mh7BMi+Bm20J0gxU8sk9d/GT6TE2yv/nNMasUgO7Ls\nisdmLNj+OpHvLmZ5T1bU6lU8UZptYPNs30Svh/W/2AHPQg7rQY+nU2MbkpwnB+Nf\nQADA0Jld+3eE8L7rhIrXn8v0Biny2BT3zONakHde3Xm8y8yLcSK+6wYKYsxLUwmf\nHGSJukgai5x158iZwfPUMNpCtruEEpaRVQm+MvjK2Xf80S1CtfO80gIwhF4Ioc7T\nPqkv8pFBG3XPw5lMFAortFUemSDdaoOQLv1vnKWK2Erg/jVEH0xS1RrrTWLXh4p+\n2eMcTZV7rb94fQKCAQEA7+GsDu8oeY96RBjFV6dHTpvbTrzLUkmc0e5bgouUIHO7\nIw1sFScc4BsvNVcV4Qsr9n6kCTcpGcGz2EmshxnLlwOoRYmp4fRCYw1LOHT5QzQt\ndKk8VnU2koaV1mfrM2Y5s++Lou8M/CDrdIfL44iWTqMvpX3JmcTa7JrQbOJmdyED\naqMj4hw+xnKo0KJfM7FlVGboQd5WLAgoCYOGkMlBcZVpe7CEkyiz0SsKuuLE2KOu\nxKt04VooZG+8WGFHBmJbJ2uinEnU7IKnnuhpSBZyUTg3QefSwfP8oAquelHPW487\nNXCYBTuOlgj0FTcQDvLb0l3XEpei9swAezFJ3cZGWwKCAQBm8upWlgvDn489/D3P\nLdxcwBIuJs87uXp9DjUZXf70TNCdZp7uW1yHURTGhHhVYFtCTJEjnHqWrTIyh/Hw\n0cuGTkGrbHuvuPMPl4m58fBg2Z8OQF8AwwKeYZxmsidny8y9MI5ljUeGvsqTL5ur\niuTOhDbgV45JHsN0NgzthSpdhyWS+EVSMx2k9kd5F6ZdiNaohHDgPJaWavCLWA2a\nBArWDoyKeENttx+b4cn57PauXsWQyc0Dms9NiUExa/Kev72mleIeHBSLwN8v9oL3\nCeDuJaEocoGsNJoLCwlW+tW8e7au4kKEpk/t5pksegwVRJ0orh8oUwjc7CPrtLfM\nt4whAoIBAG8RBiFECnF+RRYSggy7nwB+mWQzddB71Og+fJBNICCGdTcdl9WTboM1\nEv6Xe8He8lQG/txlddo/HY4fToqfHuyk/Nx1iPrdpX9HQHS7dE3xcrp5QT6mtsXR\nGr9TDkuWIVF2sCiYlmKGu34RAg4vx6hRVlZBj35q7xJt++LuUJMH7hUJxCuE+GvZ\n2t/+ziWZFVmm7BLTZwKsJB2DkGKpTGvSyixC5p9cUSWf0DAHnyzPXLQiztMoc1tN\ngN9K6x/BmoL+CyRh6vw24nVpFpYSDowcgzk4pRS4a1eOmop4JpI2Fyv/HeQOV06Q\nhrLr87t4Jt+YI2SwYPv0KKThhVnx29ECggEBANTQmG8pwInjvOIikLRaK7kpldFo\nuP/P3+W5VerosyRUlnNAmfh8T4H55cPppyG0QPXCVOkR2ADr1cSjBLuDMxO0oq0n\nokv8VT4WFM+Rg2Krz9Z5VLFh+zJSzEslFDstWtb6lbZE88TxFUMHMQak1yh2TIIs\n5EayM1+c2NDqjfIZojKs3wtMoLrW00nXciwyrg7woE/BDafJVQ0g/V4Lo5cF0wxu\nRbRd75yfxack37cU0C54jpmAYZm44efHwda1r4pMPtF3QjQq/JoY6j442DWQyECR\nLKwsChHZFnm6OXdwu/kRirVj25QGQA48PEmLDcpHtc5mtrkb2ZqvaoluQMM=\n-----END RSA PRIVATE KEY-----\n",
            "content_base64": null,
            "directory_permission": "0777",
            "file_permission": "0777",
            "filename": "C:\\Users\\Andy\\.ssh\\p3_uat.pem",
            "id": "3d33086ae8d50326bed2ad4d94d582fe24213320",
            "sensitive_content": null,
            "source": null
          },
          "sensitive_attributes": [
            [
              {
                "type": "get_attr",
                "value": "content"
              }
            ]
          ],
          "private": "bnVsbA==",
          "dependencies": [
            "tls_private_key.rsa_key"
          ]
        }
      ]
    },
    {
      "mode": "managed",
      "type": "mongodbatlas_cluster",
      "name": "my_cluster",
      "provider": "provider[\"registry.terraform.io/mongodb/mongodbatlas\"]",
      "instances": [
        {
          "schema_version": 1,
          "attributes": {
            "advanced_configuration": [
              {
                "default_read_concern": "",
                "default_write_concern": "",
                "fail_index_key_too_long": false,
                "javascript_enabled": true,
                "minimum_enabled_tls_protocol": "TLS1_2",
                "no_table_scan": false,
                "oplog_size_mb": 0,
                "sample_refresh_interval_bi_connector": 0,
                "sample_size_bi_connector": 0
              }
            ],
            "auto_scaling_compute_enabled": false,
            "auto_scaling_compute_scale_down_enabled": false,
            "auto_scaling_disk_gb_enabled": false,
            "backing_provider_name": "AWS",
            "backup_enabled": false,
            "bi_connector": null,
            "bi_connector_config": [
              {
                "enabled": false,
                "read_preference": "secondary"
              }
            ],
            "cloud_backup": false,
            "cluster_id": "61791a5d4bf9735b9b724040",
            "cluster_type": "REPLICASET",
            "connection_strings": [
              {
                "aws_private_link": {},
                "aws_private_link_srv": {},
                "private": "",
                "private_endpoint": [],
                "private_srv": "",
                "standard": "mongodb://p3-uat-shard-00-00.n5mjw.mongodb.net:27017,p3-uat-shard-00-01.n5mjw.mongodb.net:27017,p3-uat-shard-00-02.n5mjw.mongodb.net:27017/?ssl=true\u0026authSource=admin\u0026replicaSet=atlas-20j6fs-shard-0",
                "standard_srv": "mongodb+srv://p3-uat.n5mjw.mongodb.net"
              }
            ],
            "container_id": null,
            "disk_size_gb": 0.5,
            "encryption_at_rest_provider": "NONE",
            "id": "Y2x1c3Rlcl9pZA==:NjE3OTFhNWQ0YmY5NzM1YjliNzI0MDQw-Y2x1c3Rlcl9uYW1l:cDMtdWF0-cHJvamVjdF9pZA==:NjE3OTFhNTk3YTliOWQwNTA5ZDA5YjIz-cHJvdmlkZXJfbmFtZQ==:VEVOQU5U",
            "labels": [],
            "mongo_db_major_version": "4.4",
            "mongo_db_version": "4.4.10",
            "mongo_uri": "mongodb://p3-uat-shard-00-00.n5mjw.mongodb.net:27017,p3-uat-shard-00-01.n5mjw.mongodb.net:27017,p3-uat-shard-00-02.n5mjw.mongodb.net:27017",
            "mongo_uri_updated": "2021-10-27T09:27:01Z",
            "mongo_uri_with_options": "mongodb://p3-uat-shard-00-00.n5mjw.mongodb.net:27017,p3-uat-shard-00-01.n5mjw.mongodb.net:27017,p3-uat-shard-00-02.n5mjw.mongodb.net:27017/?ssl=true\u0026authSource=admin\u0026replicaSet=atlas-20j6fs-shard-0",
            "name": "p3-uat",
            "num_shards": 1,
            "paused": false,
            "pit_enabled": false,
            "project_id": "61791a597a9b9d0509d09b23",
            "provider_auto_scaling_compute_max_instance_size": "",
            "provider_auto_scaling_compute_min_instance_size": "",
            "provider_backup_enabled": false,
            "provider_disk_iops": null,
            "provider_disk_type_name": "",
            "provider_encrypt_ebs_volume": null,
            "provider_encrypt_ebs_volume_flag": null,
            "provider_instance_size_name": "M0",
            "provider_name": "TENANT",
            "provider_region_name": "AP_SOUTHEAST_1",
            "provider_volume_type": "",
            "replication_factor": 3,
            "replication_specs": [
              {
                "id": "61791a5d4bf9735b9b724039",
                "num_shards": 1,
                "regions_config": [
                  {
                    "analytics_nodes": 0,
                    "electable_nodes": 3,
                    "priority": 7,
                    "read_only_nodes": 0,
                    "region_name": "AP_SOUTHEAST_1"
                  }
                ],
                "zone_name": "Zone 1"
              }
            ],
            "snapshot_backup_policy": [],
            "srv_address": "mongodb+srv://p3-uat.n5mjw.mongodb.net",
            "state_name": "IDLE"
          },
          "sensitive_attributes": [],
          "private": "eyJzY2hlbWFfdmVyc2lvbiI6IjEifQ==",
          "dependencies": [
            "mongodbatlas_project.my_project"
          ]
        }
      ]
    },
    {
      "mode": "managed",
      "type": "mongodbatlas_database_user",
      "name": "my_user",
      "provider": "provider[\"registry.terraform.io/mongodb/mongodbatlas\"]",
      "instances": [
        {
          "schema_version": 0,
          "attributes": {
            "auth_database_name": "admin",
            "aws_iam_type": "NONE",
            "database_name": null,
            "id": "YXV0aF9kYXRhYmFzZV9uYW1l:YWRtaW4=-cHJvamVjdF9pZA==:NjE3OTFhNTk3YTliOWQwNTA5ZDA5YjIz-dXNlcm5hbWU=:cDNfdWF0X2FkbWlu",
            "labels": [],
            "ldap_auth_type": "NONE",
            "password": "p3_uat_admin",
            "project_id": "61791a597a9b9d0509d09b23",
            "roles": [
              {
                "collection_name": "",
                "database_name": "p3_uat_db",
                "role_name": "readWrite"
              }
            ],
            "scopes": [],
            "username": "p3_uat_admin",
            "x509_type": "NONE"
          },
          "sensitive_attributes": [],
          "private": "bnVsbA==",
          "dependencies": [
            "mongodbatlas_project.my_project"
          ]
        }
      ]
    },
    {
      "mode": "managed",
      "type": "mongodbatlas_project",
      "name": "my_project",
      "provider": "provider[\"registry.terraform.io/mongodb/mongodbatlas\"]",
      "instances": [
        {
          "schema_version": 0,
          "attributes": {
            "cluster_count": 0,
            "created": "2021-10-27T09:22:35Z",
            "id": "61791a597a9b9d0509d09b23",
            "name": "p3",
            "org_id": "6177d42f7208393fbdb86481",
            "project_owner_id": null,
            "teams": []
          },
          "sensitive_attributes": [],
          "private": "bnVsbA=="
        }
      ]
    },
    {
      "mode": "managed",
      "type": "mongodbatlas_project_ip_access_list",
      "name": "my_ipaddress",
      "provider": "provider[\"registry.terraform.io/mongodb/mongodbatlas\"]",
      "instances": [
        {
          "schema_version": 0,
          "attributes": {
            "aws_security_group": "",
            "cidr_block": "43.252.113.8/32",
            "comment": "Anywhere",
            "id": "ZW50cnk=:NDMuMjUyLjExMy44-cHJvamVjdF9pZA==:NjE3OTFhNTk3YTliOWQwNTA5ZDA5YjIz",
            "ip_address": "43.252.113.8",
            "project_id": "61791a597a9b9d0509d09b23",
            "timeouts": null
          },
          "sensitive_attributes": [],
          "private": "eyJlMmJmYjczMC1lY2FhLTExZTYtOGY4OC0zNDM2M2JjN2M0YzAiOnsiZGVsZXRlIjoyNzAwMDAwMDAwMDAwLCJyZWFkIjoyNzAwMDAwMDAwMDAwfX0=",
          "dependencies": [
            "mongodbatlas_project.my_project"
          ]
        }
      ]
    },
    {
      "mode": "managed",
      "type": "tls_private_key",
      "name": "rsa_key",
      "provider": "provider[\"registry.terraform.io/hashicorp/tls\"]",
      "instances": [
        {
          "schema_version": 0,
          "attributes": {
            "algorithm": "RSA",
            "ecdsa_curve": "P224",
            "id": "ae92b74ec961723fd3a2c6928a4e6408ec9c5873",
            "private_key_pem": "-----BEGIN RSA PRIVATE KEY-----\nMIIJKAIBAAKCAgEA5Ltnzbs6uQixCHnWD2yZnWDu/W+tbHBbYVment6mMG94gQre\nL+hh6wIlLmsuKrIkvejYR9mb/VNWHD1kghrBSU3o3nBAjbZLgNozXDadKF/nijmh\nF+sNOkGOQfRBtzouvRdo2HgXgwVx++hg8xzgEP3YV8F60ZaiX+dLAHLn6GCS6p2s\n/SKyAIeKb10PcuPObaRY/z5w5FCnrIVBIsarP4IARQI4Io848O2K8wK8rTeEnZOA\n5pZxv4y+W/H4gG0NN6SloJcWVpqRsEhaiqTkmRzJYrZONZ8gxqZM8jMsbeFFMhxG\n03UnSCRttFwFXl/7kVQCb1w08wIDcITcwT+95mhGnJECv8KA42qn176S1Nt156eW\niHlFCrsxAjJ+8VnrVXspmO44MfQtDdPqbOg6g5IA+G86Mlxdul5mMfmkhETRVrVF\n/yYgFbdob1g9wIr/0hiQI/snsw+BLK9rWM7XPascPbfQZsXk0Z7OkrPwcvhLY2Ue\nMO1lpaiRqwKWgyHgNGWDQiiMf+KvGrGRi2J0f4LGBk3XHgoso5GptblEZMVg3vux\naWC0GGmxniRkrGWPHo63pwLSUt3VEbVg6Tl+Z1R2bxWY13MEyMMijVSECnMAyA40\nWVgYHF2lewqVYpIs2RROKSieSM70uMWVQVVhz7C9z0GqYVSmvtLqOTewAm8CAwEA\nAQKCAgB38QXHzgxHBxW+OhVT1UDgU/o+j5dDK8/fRp109Y/0CiAImuhT+umN0Hwq\n0S1OWkgGBdmUI7o2psKa4F6aEumURPR94CMZrKP/F2yjSEg06cWCqCGfZzRyffnY\n//qN2Ea2BVaHXMIHhI126S4djeC5SENwERcUXIcc/y5HN/n/0tR3juMtgkoRGQIw\nz33QY0DWIb5Baj7MmrayMtYrJD6ceNEnXriM9smHHSklsSO7OUejUbvgLrfLGESh\n9kq3HXg223G2ukOOelM3O1mvJjRxTbUUvEBawezv/jiPMOJ1ZBFi640ASYilveSB\nFVgDWxWR6Zm1R4bEfyPKlwEjnQc4k164Aa8VgeQLOmKpwcBmXV8WZpmjMXT9c/C8\ng2Xwaz9VTPOO1r4RtYujK37DTEM/Ivm0JxQHWyZ2RxiwCVu+Xb6DD0/qdDGg0mK3\n8W3zkKhkU5irpBxpWmJGgo7FRPd2C3X4VIHCJQddyJ60QCUf+ujpZYIy7rwHMyIV\ny0tui6BB2V7AMIxEaeGj1rA+A61aYQfG1A8lMiQy6h8wc+oYynDdRdWYBnKkL8DJ\ndGzHs1n4RB56pDjjuDhfH5WPXNGwa8zcjV68bFKId9/10SI9wZXL1UuGWK6yDKyc\nCRGdBRyr5TF3q10AHlehJ3FVUdwc+dqiivdZRxxNrj9U4szu0QKCAQEA9BnyAoXW\nmJfsHqI68AeENeiTbwEWU4Mh7BMi+Bm20J0gxU8sk9d/GT6TE2yv/nNMasUgO7Ls\nisdmLNj+OpHvLmZ5T1bU6lU8UZptYPNs30Svh/W/2AHPQg7rQY+nU2MbkpwnB+Nf\nQADA0Jld+3eE8L7rhIrXn8v0Biny2BT3zONakHde3Xm8y8yLcSK+6wYKYsxLUwmf\nHGSJukgai5x158iZwfPUMNpCtruEEpaRVQm+MvjK2Xf80S1CtfO80gIwhF4Ioc7T\nPqkv8pFBG3XPw5lMFAortFUemSDdaoOQLv1vnKWK2Erg/jVEH0xS1RrrTWLXh4p+\n2eMcTZV7rb94fQKCAQEA7+GsDu8oeY96RBjFV6dHTpvbTrzLUkmc0e5bgouUIHO7\nIw1sFScc4BsvNVcV4Qsr9n6kCTcpGcGz2EmshxnLlwOoRYmp4fRCYw1LOHT5QzQt\ndKk8VnU2koaV1mfrM2Y5s++Lou8M/CDrdIfL44iWTqMvpX3JmcTa7JrQbOJmdyED\naqMj4hw+xnKo0KJfM7FlVGboQd5WLAgoCYOGkMlBcZVpe7CEkyiz0SsKuuLE2KOu\nxKt04VooZG+8WGFHBmJbJ2uinEnU7IKnnuhpSBZyUTg3QefSwfP8oAquelHPW487\nNXCYBTuOlgj0FTcQDvLb0l3XEpei9swAezFJ3cZGWwKCAQBm8upWlgvDn489/D3P\nLdxcwBIuJs87uXp9DjUZXf70TNCdZp7uW1yHURTGhHhVYFtCTJEjnHqWrTIyh/Hw\n0cuGTkGrbHuvuPMPl4m58fBg2Z8OQF8AwwKeYZxmsidny8y9MI5ljUeGvsqTL5ur\niuTOhDbgV45JHsN0NgzthSpdhyWS+EVSMx2k9kd5F6ZdiNaohHDgPJaWavCLWA2a\nBArWDoyKeENttx+b4cn57PauXsWQyc0Dms9NiUExa/Kev72mleIeHBSLwN8v9oL3\nCeDuJaEocoGsNJoLCwlW+tW8e7au4kKEpk/t5pksegwVRJ0orh8oUwjc7CPrtLfM\nt4whAoIBAG8RBiFECnF+RRYSggy7nwB+mWQzddB71Og+fJBNICCGdTcdl9WTboM1\nEv6Xe8He8lQG/txlddo/HY4fToqfHuyk/Nx1iPrdpX9HQHS7dE3xcrp5QT6mtsXR\nGr9TDkuWIVF2sCiYlmKGu34RAg4vx6hRVlZBj35q7xJt++LuUJMH7hUJxCuE+GvZ\n2t/+ziWZFVmm7BLTZwKsJB2DkGKpTGvSyixC5p9cUSWf0DAHnyzPXLQiztMoc1tN\ngN9K6x/BmoL+CyRh6vw24nVpFpYSDowcgzk4pRS4a1eOmop4JpI2Fyv/HeQOV06Q\nhrLr87t4Jt+YI2SwYPv0KKThhVnx29ECggEBANTQmG8pwInjvOIikLRaK7kpldFo\nuP/P3+W5VerosyRUlnNAmfh8T4H55cPppyG0QPXCVOkR2ADr1cSjBLuDMxO0oq0n\nokv8VT4WFM+Rg2Krz9Z5VLFh+zJSzEslFDstWtb6lbZE88TxFUMHMQak1yh2TIIs\n5EayM1+c2NDqjfIZojKs3wtMoLrW00nXciwyrg7woE/BDafJVQ0g/V4Lo5cF0wxu\nRbRd75yfxack37cU0C54jpmAYZm44efHwda1r4pMPtF3QjQq/JoY6j442DWQyECR\nLKwsChHZFnm6OXdwu/kRirVj25QGQA48PEmLDcpHtc5mtrkb2ZqvaoluQMM=\n-----END RSA PRIVATE KEY-----\n",
            "public_key_fingerprint_md5": "5a:0a:70:2c:fe:99:52:ee:8c:a2:1f:f9:78:99:5c:a5",
            "public_key_openssh": "ssh-rsa AAAAB3NzaC1yc2EAAAADAQABAAACAQDku2fNuzq5CLEIedYPbJmdYO79b61scFthWZ6e3qYwb3iBCt4v6GHrAiUuay4qsiS96NhH2Zv9U1YcPWSCGsFJTejecECNtkuA2jNcNp0oX+eKOaEX6w06QY5B9EG3Oi69F2jYeBeDBXH76GDzHOAQ/dhXwXrRlqJf50sAcufoYJLqnaz9IrIAh4pvXQ9y485tpFj/PnDkUKeshUEixqs/ggBFAjgijzjw7YrzArytN4Sdk4DmlnG/jL5b8fiAbQ03pKWglxZWmpGwSFqKpOSZHMlitk41nyDGpkzyMyxt4UUyHEbTdSdIJG20XAVeX/uRVAJvXDTzAgNwhNzBP73maEackQK/woDjaqfXvpLU23Xnp5aIeUUKuzECMn7xWetVeymY7jgx9C0N0+ps6DqDkgD4bzoyXF26XmYx+aSERNFWtUX/JiAVt2hvWD3Aiv/SGJAj+yezD4Esr2tYztc9qxw9t9BmxeTRns6Ss/By+EtjZR4w7WWlqJGrApaDIeA0ZYNCKIx/4q8asZGLYnR/gsYGTdceCiyjkam1uURkxWDe+7FpYLQYabGeJGSsZY8ejrenAtJS3dURtWDpOX5nVHZvFZjXcwTIwyKNVIQKcwDIDjRZWBgcXaV7CpVikizZFE4pKJ5IzvS4xZVBVWHPsL3PQaphVKa+0uo5N7ACbw==\n",
            "public_key_pem": "-----BEGIN PUBLIC KEY-----\nMIICIjANBgkqhkiG9w0BAQEFAAOCAg8AMIICCgKCAgEA5Ltnzbs6uQixCHnWD2yZ\nnWDu/W+tbHBbYVment6mMG94gQreL+hh6wIlLmsuKrIkvejYR9mb/VNWHD1kghrB\nSU3o3nBAjbZLgNozXDadKF/nijmhF+sNOkGOQfRBtzouvRdo2HgXgwVx++hg8xzg\nEP3YV8F60ZaiX+dLAHLn6GCS6p2s/SKyAIeKb10PcuPObaRY/z5w5FCnrIVBIsar\nP4IARQI4Io848O2K8wK8rTeEnZOA5pZxv4y+W/H4gG0NN6SloJcWVpqRsEhaiqTk\nmRzJYrZONZ8gxqZM8jMsbeFFMhxG03UnSCRttFwFXl/7kVQCb1w08wIDcITcwT+9\n5mhGnJECv8KA42qn176S1Nt156eWiHlFCrsxAjJ+8VnrVXspmO44MfQtDdPqbOg6\ng5IA+G86Mlxdul5mMfmkhETRVrVF/yYgFbdob1g9wIr/0hiQI/snsw+BLK9rWM7X\nPascPbfQZsXk0Z7OkrPwcvhLY2UeMO1lpaiRqwKWgyHgNGWDQiiMf+KvGrGRi2J0\nf4LGBk3XHgoso5GptblEZMVg3vuxaWC0GGmxniRkrGWPHo63pwLSUt3VEbVg6Tl+\nZ1R2bxWY13MEyMMijVSECnMAyA40WVgYHF2lewqVYpIs2RROKSieSM70uMWVQVVh\nz7C9z0GqYVSmvtLqOTewAm8CAwEAAQ==\n-----END PUBLIC KEY-----\n",
            "rsa_bits": 4096
          },
          "sensitive_attributes": [],
          "private": "bnVsbA=="
        }
      ]
    },
    {
      "module": "module.compute",
      "mode": "data",
      "type": "aws_ssm_parameter",
      "name": "linux_latest_ami",
      "provider": "provider[\"registry.terraform.io/hashicorp/aws\"]",
      "instances": [
        {
          "schema_version": 0,
          "attributes": {
            "arn": "arn:aws:ssm:ap-southeast-2::parameter/aws/service/ami-amazon-linux-latest/amzn2-ami-hvm-x86_64-gp2",
            "id": "/aws/service/ami-amazon-linux-latest/amzn2-ami-hvm-x86_64-gp2",
            "name": "/aws/service/ami-amazon-linux-latest/amzn2-ami-hvm-x86_64-gp2",
            "type": "String",
            "value": "ami-05c029a4b57edda9e",
            "version": 52,
            "with_decryption": true
          },
          "sensitive_attributes": []
        }
      ]
    },
    {
      "module": "module.compute",
      "mode": "managed",
      "type": "aws_instance",
      "name": "app_instance",
      "provider": "provider[\"registry.terraform.io/hashicorp/aws\"]",
      "instances": [
        {
          "schema_version": 1,
          "attributes": {
            "ami": "ami-05c029a4b57edda9e",
            "arn": "arn:aws:ec2:ap-southeast-2:915507324179:instance/i-05ef9a13a4ae63fd1",
            "associate_public_ip_address": true,
            "availability_zone": "ap-southeast-2a",
            "capacity_reservation_specification": [
              {
                "capacity_reservation_preference": "open",
                "capacity_reservation_target": []
              }
            ],
            "cpu_core_count": 1,
            "cpu_threads_per_core": 1,
            "credit_specification": [
              {
                "cpu_credits": "standard"
              }
            ],
            "disable_api_termination": false,
            "ebs_block_device": [],
            "ebs_optimized": false,
            "enclave_options": [
              {
                "enabled": false
              }
            ],
            "ephemeral_block_device": [],
            "get_password_data": false,
            "hibernation": false,
            "host_id": null,
            "iam_instance_profile": "",
            "id": "i-05ef9a13a4ae63fd1",
            "instance_initiated_shutdown_behavior": "stop",
            "instance_state": "running",
            "instance_type": "t2.micro",
            "ipv6_address_count": 0,
            "ipv6_addresses": [],
            "key_name": "p3_uat",
            "launch_template": [],
            "metadata_options": [
              {
                "http_endpoint": "enabled",
                "http_put_response_hop_limit": 1,
                "http_tokens": "optional"
              }
            ],
            "monitoring": false,
            "network_interface": [],
            "outpost_arn": "",
            "password_data": "",
            "placement_group": "",
            "placement_partition_number": null,
            "primary_network_interface_id": "eni-0af37a40d180b422a",
            "private_dns": "ip-172-16-1-93.ap-southeast-2.compute.internal",
            "private_ip": "172.16.1.93",
            "public_dns": "",
            "public_ip": "52.62.14.93",
            "root_block_device": [
              {
                "delete_on_termination": true,
                "device_name": "/dev/xvda",
                "encrypted": false,
                "iops": 100,
                "kms_key_id": "",
                "tags": {},
                "throughput": 0,
                "volume_id": "vol-05f5f44467e2b2e67",
                "volume_size": 8,
                "volume_type": "gp2"
              }
            ],
            "secondary_private_ips": [],
            "security_groups": [],
            "source_dest_check": true,
            "subnet_id": "subnet-0d044160d26aefff8",
            "tags": {
              "Project": "Public UAT"
            },
            "tags_all": {
              "Project": "Public UAT"
            },
            "tenancy": "default",
            "timeouts": null,
            "user_data": null,
            "user_data_base64": null,
            "volume_tags": null,
            "vpc_security_group_ids": [
              "sg-006cc350eb1a4b09d",
              "sg-0d6bc319f0e9e5450"
            ]
          },
          "sensitive_attributes": [
            [
              {
                "type": "get_attr",
                "value": "ami"
              }
            ]
          ],
          "private": "eyJlMmJmYjczMC1lY2FhLTExZTYtOGY4OC0zNDM2M2JjN2M0YzAiOnsiY3JlYXRlIjo2MDAwMDAwMDAwMDAsImRlbGV0ZSI6MTIwMDAwMDAwMDAwMCwidXBkYXRlIjo2MDAwMDAwMDAwMDB9LCJzY2hlbWFfdmVyc2lvbiI6IjEifQ==",
          "dependencies": [
            "aws_security_group.app_sg",
            "aws_security_group.general_sg",
            "aws_subnet.pub_sub",
            "aws_vpc.main",
            "module.compute.data.aws_ssm_parameter.linux_latest_ami"
          ]
        }
      ]
    },
    {
      "module": "module.compute",
      "mode": "managed",
      "type": "aws_instance",
      "name": "nginx",
      "provider": "provider[\"registry.terraform.io/hashicorp/aws\"]",
      "instances": [
        {
          "schema_version": 1,
          "attributes": {
            "ami": "ami-05c029a4b57edda9e",
            "arn": "arn:aws:ec2:ap-southeast-2:915507324179:instance/i-083d959995065fbf2",
            "associate_public_ip_address": true,
            "availability_zone": "ap-southeast-2a",
            "capacity_reservation_specification": [
              {
                "capacity_reservation_preference": "open",
                "capacity_reservation_target": []
              }
            ],
            "cpu_core_count": 1,
            "cpu_threads_per_core": 1,
            "credit_specification": [
              {
                "cpu_credits": "standard"
              }
            ],
            "disable_api_termination": false,
            "ebs_block_device": [],
            "ebs_optimized": false,
            "enclave_options": [
              {
                "enabled": false
              }
            ],
            "ephemeral_block_device": [],
            "get_password_data": false,
            "hibernation": false,
            "host_id": null,
            "iam_instance_profile": "",
            "id": "i-083d959995065fbf2",
            "instance_initiated_shutdown_behavior": "stop",
            "instance_state": "running",
            "instance_type": "t2.micro",
            "ipv6_address_count": 0,
            "ipv6_addresses": [],
            "key_name": "p3_uat",
            "launch_template": [],
            "metadata_options": [
              {
                "http_endpoint": "enabled",
                "http_put_response_hop_limit": 1,
                "http_tokens": "optional"
              }
            ],
            "monitoring": false,
            "network_interface": [],
            "outpost_arn": "",
            "password_data": "",
            "placement_group": "",
            "placement_partition_number": null,
            "primary_network_interface_id": "eni-0795288e4c132abb5",
            "private_dns": "ip-172-16-1-122.ap-southeast-2.compute.internal",
            "private_ip": "172.16.1.122",
            "public_dns": "",
            "public_ip": "13.211.33.243",
            "root_block_device": [
              {
                "delete_on_termination": true,
                "device_name": "/dev/xvda",
                "encrypted": false,
                "iops": 100,
                "kms_key_id": "",
                "tags": {},
                "throughput": 0,
                "volume_id": "vol-0f4ad5738aa382773",
                "volume_size": 8,
                "volume_type": "gp2"
              }
            ],
            "secondary_private_ips": [],
            "security_groups": [],
            "source_dest_check": true,
            "subnet_id": "subnet-0d044160d26aefff8",
            "tags": {
              "Project": "Public UAT"
            },
            "tags_all": {
              "Project": "Public UAT"
            },
            "tenancy": "default",
            "timeouts": null,
            "user_data": null,
            "user_data_base64": null,
            "volume_tags": null,
            "vpc_security_group_ids": [
              "sg-006cc350eb1a4b09d",
              "sg-0ce417ede543399d6"
            ]
          },
          "sensitive_attributes": [
            [
              {
                "type": "get_attr",
                "value": "ami"
              }
            ]
          ],
          "private": "eyJlMmJmYjczMC1lY2FhLTExZTYtOGY4OC0zNDM2M2JjN2M0YzAiOnsiY3JlYXRlIjo2MDAwMDAwMDAwMDAsImRlbGV0ZSI6MTIwMDAwMDAwMDAwMCwidXBkYXRlIjo2MDAwMDAwMDAwMDB9LCJzY2hlbWFfdmVyc2lvbiI6IjEifQ==",
          "dependencies": [
            "aws_security_group.general_sg",
            "aws_security_group.nginx_sg",
            "aws_subnet.pub_sub",
            "aws_vpc.main",
            "module.compute.data.aws_ssm_parameter.linux_latest_ami"
          ]
        }
      ]
    }
  ]
}
